{
  "version": 4,
  "terraform_version": "1.9.8",
  "serial": 166,
  "lineage": "d7d58906-a71f-2f0f-6d18-f4c11e18c381",
  "outputs": {
    "subnet_ipv4_cidr": {
      "value": "10.0.0.0/24",
      "type": "string"
    }
  },
  "resources": [
    {
      "mode": "data",
      "type": "huaweicloud_availability_zones",
      "name": "myaz",
      "provider": "provider[\"registry.terraform.io/huaweicloud/huaweicloud\"]",
      "instances": [
        {
          "schema_version": 0,
          "attributes": {
            "id": "221423761",
            "names": [
              "ap-southeast-3a",
              "ap-southeast-3b",
              "ap-southeast-3c",
              "ap-southeast-3e"
            ],
            "region": "ap-southeast-3",
            "state": "available"
          },
          "sensitive_attributes": []
        }
      ]
    },
    {
      "mode": "data",
      "type": "huaweicloud_compute_flavors",
      "name": "myflavor",
      "provider": "provider[\"registry.terraform.io/huaweicloud/huaweicloud\"]",
      "instances": [
        {
          "schema_version": 0,
          "attributes": {
            "availability_zone": "ap-southeast-3a",
            "cpu_core_count": 2,
            "flavors": [
              {
                "cpu_core_count": 2,
                "generation": "s3",
                "id": "s3.large.2",
                "memory_size": 4,
                "performance_type": "normal",
                "storage_type": ""
              },
              {
                "cpu_core_count": 2,
                "generation": "s6",
                "id": "s6.large.2",
                "memory_size": 4,
                "performance_type": "normal",
                "storage_type": ""
              }
            ],
            "generation": null,
            "id": "2797063393",
            "ids": [
              "s3.large.2",
              "s6.large.2"
            ],
            "memory_size": 4,
            "performance_type": "normal",
            "region": "ap-southeast-3",
            "storage_type": null
          },
          "sensitive_attributes": []
        }
      ]
    },
    {
      "mode": "data",
      "type": "huaweicloud_images_image",
      "name": "myimage",
      "provider": "provider[\"registry.terraform.io/huaweicloud/huaweicloud\"]",
      "instances": [
        {
          "schema_version": 0,
          "attributes": {
            "active_at": "",
            "architecture": "x86",
            "backup_id": "",
            "checksum": null,
            "container_format": "bare",
            "created_at": "2019-01-27T07:37:26Z",
            "data_origin": "",
            "description": "",
            "disk_format": "zvhd2",
            "enterprise_project_id": "",
            "file": "/v2/images/b0c2b3e0-6a1f-499b-9df0-4d1b2e374a54/file",
            "flavor_id": null,
            "id": "b0c2b3e0-6a1f-499b-9df0-4d1b2e374a54",
            "image_id": "b0c2b3e0-6a1f-499b-9df0-4d1b2e374a54",
            "image_type": "FusionCompute",
            "is_whole_image": null,
            "max_ram_mb": 4194304,
            "metadata": null,
            "min_disk_gb": 40,
            "min_ram_mb": 1024,
            "most_recent": true,
            "name": "Ubuntu 18.04 server 64bit",
            "name_regex": null,
            "os": "Ubuntu",
            "os_version": "Ubuntu 18.04 server 64bit",
            "owner": "c9fd059ecac04ceb89e708a2d61fd966",
            "protected": true,
            "region": "ap-southeast-3",
            "schema": "/v2/schemas/image",
            "size_bytes": 2365378560,
            "size_max": null,
            "size_min": null,
            "sort_direction": "asc",
            "sort_key": "name",
            "status": "active",
            "tag": null,
            "updated_at": "2024-03-18T08:12:25Z",
            "visibility": "public"
          },
          "sensitive_attributes": []
        }
      ]
    },
    {
      "mode": "data",
      "type": "huaweicloud_networking_secgroup",
      "name": "default_security_group",
      "provider": "provider[\"registry.terraform.io/huaweicloud/huaweicloud\"]",
      "instances": [
        {
          "schema_version": 0,
          "attributes": {
            "created_at": "2023-03-23T12:26:46Z",
            "description": "Default security group",
            "enterprise_project_id": null,
            "id": "230a1d26-47a6-4b0b-9c70-9b04d4e5b132",
            "name": "default",
            "region": "ap-southeast-3",
            "rules": [
              {
                "action": "allow",
                "description": "",
                "direction": "ingress",
                "ethertype": "IPv4",
                "id": "3a3c18a4-50d1-4c42-af57-69846f11f3ad",
                "port_range_max": 0,
                "port_range_min": 0,
                "ports": "",
                "priority": 1,
                "protocol": "",
                "remote_address_group_id": "",
                "remote_group_id": "",
                "remote_ip_prefix": "172.16.0.0/12"
              },
              {
                "action": "allow",
                "description": "",
                "direction": "ingress",
                "ethertype": "IPv4",
                "id": "505807b8-cec1-4802-83c2-1c595f7e97fc",
                "port_range_max": 5432,
                "port_range_min": 5432,
                "ports": "5432",
                "priority": 1,
                "protocol": "tcp",
                "remote_address_group_id": "",
                "remote_group_id": "",
                "remote_ip_prefix": "192.168.10.0/24"
              },
              {
                "action": "allow",
                "description": "",
                "direction": "ingress",
                "ethertype": "IPv4",
                "id": "509e7323-36de-41e8-b1cd-0d19b94aa4c5",
                "port_range_max": 0,
                "port_range_min": 0,
                "ports": "",
                "priority": 1,
                "protocol": "",
                "remote_address_group_id": "",
                "remote_group_id": "",
                "remote_ip_prefix": "172.17.0.0/24"
              },
              {
                "action": "allow",
                "description": "",
                "direction": "ingress",
                "ethertype": "IPv4",
                "id": "56063075-f9f8-45c2-808f-c72b2165e30e",
                "port_range_max": 80,
                "port_range_min": 80,
                "ports": "80",
                "priority": 1,
                "protocol": "tcp",
                "remote_address_group_id": "",
                "remote_group_id": "",
                "remote_ip_prefix": "0.0.0.0/0"
              },
              {
                "action": "allow",
                "description": "Permit default Linux SSH port.",
                "direction": "ingress",
                "ethertype": "IPv4",
                "id": "5b32e8f4-873d-41e7-917e-22d25d6c37e4",
                "port_range_max": 22,
                "port_range_min": 22,
                "ports": "22",
                "priority": 1,
                "protocol": "tcp",
                "remote_address_group_id": "",
                "remote_group_id": "",
                "remote_ip_prefix": "0.0.0.0/0"
              },
              {
                "action": "allow",
                "description": "",
                "direction": "ingress",
                "ethertype": "IPv4",
                "id": "6b3b5735-fa29-420f-8a4e-3827891bb3ba",
                "port_range_max": 0,
                "port_range_min": 0,
                "ports": "",
                "priority": 1,
                "protocol": "",
                "remote_address_group_id": "",
                "remote_group_id": "",
                "remote_ip_prefix": "192.168.0.0/16"
              },
              {
                "action": "allow",
                "description": "",
                "direction": "ingress",
                "ethertype": "IPv4",
                "id": "82a1f010-d398-451f-8c5e-5f9befbfd1da",
                "port_range_max": 0,
                "port_range_min": 0,
                "ports": "",
                "priority": 1,
                "protocol": "",
                "remote_address_group_id": "",
                "remote_group_id": "",
                "remote_ip_prefix": "0.0.0.0/0"
              },
              {
                "action": "allow",
                "description": "",
                "direction": "ingress",
                "ethertype": "IPv4",
                "id": "b1716558-3044-43da-9dd8-8c549eecdcf8",
                "port_range_max": 8080,
                "port_range_min": 8080,
                "ports": "8080",
                "priority": 1,
                "protocol": "tcp",
                "remote_address_group_id": "",
                "remote_group_id": "",
                "remote_ip_prefix": "0.0.0.0/0"
              },
              {
                "action": "allow",
                "description": "gecici",
                "direction": "ingress",
                "ethertype": "IPv4",
                "id": "b1e9f08f-5c85-4c06-9e9e-2909c2cb0cd5",
                "port_range_max": 5000,
                "port_range_min": 5000,
                "ports": "5000",
                "priority": 1,
                "protocol": "tcp",
                "remote_address_group_id": "",
                "remote_group_id": "",
                "remote_ip_prefix": "0.0.0.0/0"
              },
              {
                "action": "allow",
                "description": "",
                "direction": "egress",
                "ethertype": "IPv6",
                "id": "bedfd0c2-61b1-4e88-baf8-b73b7ee062d7",
                "port_range_max": 0,
                "port_range_min": 0,
                "ports": "",
                "priority": 100,
                "protocol": "",
                "remote_address_group_id": "",
                "remote_group_id": "",
                "remote_ip_prefix": ""
              },
              {
                "action": "allow",
                "description": "",
                "direction": "ingress",
                "ethertype": "IPv4",
                "id": "c33d8e9b-7b4b-439a-9c03-a103255aa563",
                "port_range_max": 3306,
                "port_range_min": 3306,
                "ports": "3306",
                "priority": 1,
                "protocol": "tcp",
                "remote_address_group_id": "",
                "remote_group_id": "",
                "remote_ip_prefix": "0.0.0.0/0"
              },
              {
                "action": "allow",
                "description": "gecici",
                "direction": "ingress",
                "ethertype": "IPv4",
                "id": "cd2e347b-5882-4f72-b672-b88b66f1ccae",
                "port_range_max": 5001,
                "port_range_min": 5001,
                "ports": "5001",
                "priority": 1,
                "protocol": "tcp",
                "remote_address_group_id": "",
                "remote_group_id": "",
                "remote_ip_prefix": "0.0.0.0/0"
              },
              {
                "action": "allow",
                "description": "",
                "direction": "ingress",
                "ethertype": "IPv4",
                "id": "d3d13031-b42c-493b-b096-5390aba39d6b",
                "port_range_max": 0,
                "port_range_min": 0,
                "ports": "",
                "priority": 1,
                "protocol": "tcp",
                "remote_address_group_id": "",
                "remote_group_id": "230a1d26-47a6-4b0b-9c70-9b04d4e5b132",
                "remote_ip_prefix": ""
              },
              {
                "action": "allow",
                "description": "",
                "direction": "ingress",
                "ethertype": "IPv6",
                "id": "e1bb0470-cea9-49f6-92fd-3319b03dbabc",
                "port_range_max": 0,
                "port_range_min": 0,
                "ports": "",
                "priority": 100,
                "protocol": "",
                "remote_address_group_id": "",
                "remote_group_id": "230a1d26-47a6-4b0b-9c70-9b04d4e5b132",
                "remote_ip_prefix": ""
              },
              {
                "action": "allow",
                "description": "",
                "direction": "ingress",
                "ethertype": "IPv4",
                "id": "e5dbeca6-e10a-4bd5-9f20-49cc0b9fd2b2",
                "port_range_max": 8080,
                "port_range_min": 8080,
                "ports": "8080",
                "priority": 1,
                "protocol": "tcp",
                "remote_address_group_id": "",
                "remote_group_id": "230a1d26-47a6-4b0b-9c70-9b04d4e5b132",
                "remote_ip_prefix": ""
              },
              {
                "action": "allow",
                "description": "Permit default Windows remote desktop port.",
                "direction": "ingress",
                "ethertype": "IPv4",
                "id": "e99dc27c-94da-40b0-bfc5-2fb79482ba01",
                "port_range_max": 3389,
                "port_range_min": 3389,
                "ports": "3389",
                "priority": 1,
                "protocol": "tcp",
                "remote_address_group_id": "",
                "remote_group_id": "",
                "remote_ip_prefix": "0.0.0.0/0"
              },
              {
                "action": "allow",
                "description": "",
                "direction": "egress",
                "ethertype": "IPv4",
                "id": "f97e5cd6-ca81-44c2-92f6-aec0d6557a8b",
                "port_range_max": 0,
                "port_range_min": 0,
                "ports": "",
                "priority": 100,
                "protocol": "",
                "remote_address_group_id": "",
                "remote_group_id": "",
                "remote_ip_prefix": ""
              }
            ],
            "secgroup_id": null,
            "updated_at": "2023-03-23T12:26:46Z"
          },
          "sensitive_attributes": []
        }
      ]
    },
    {
      "mode": "managed",
      "type": "huaweicloud_as_configuration",
      "name": "my_as_config",
      "provider": "provider[\"registry.terraform.io/huaweicloud/huaweicloud\"]",
      "instances": [
        {
          "schema_version": 0,
          "attributes": {
            "id": "c3466f2f-d702-456b-94d7-2d1fdc8ea50f",
            "instance_config": [
              {
                "admin_pass": "",
                "charging_mode": "postPaid",
                "dedicated_host_id": "",
                "disk": [
                  {
                    "data_disk_image_id": "",
                    "dedicated_storage_id": "",
                    "disk_type": "SYS",
                    "iops": 0,
                    "kms_id": "",
                    "size": 40,
                    "snapshot_id": "",
                    "throughput": 0,
                    "volume_type": "SSD"
                  }
                ],
                "ecs_group_id": "",
                "flavor": "s3.large.2",
                "flavor_priority_policy": "PICK_FIRST",
                "image": "b0c2b3e0-6a1f-499b-9df0-4d1b2e374a54",
                "instance_id": "",
                "key_name": "my_keypair",
                "metadata": null,
                "personality": [],
                "public_ip": [],
                "security_group_ids": [],
                "tenancy": "",
                "user_data": ""
              }
            ],
            "region": "ap-southeast-3",
            "scaling_configuration_name": "my_as_config",
            "status": "Unbound"
          },
          "sensitive_attributes": [
            [
              {
                "type": "get_attr",
                "value": "instance_config"
              },
              {
                "type": "index",
                "value": {
                  "value": 0,
                  "type": "number"
                }
              },
              {
                "type": "get_attr",
                "value": "admin_pass"
              }
            ]
          ],
          "private": "bnVsbA==",
          "dependencies": [
            "data.huaweicloud_availability_zones.myaz",
            "data.huaweicloud_compute_flavors.myflavor",
            "data.huaweicloud_images_image.myimage",
            "huaweicloud_compute_keypair.my_keypair"
          ]
        }
      ]
    },
    {
      "mode": "managed",
      "type": "huaweicloud_as_group",
      "name": "my_as_group",
      "provider": "provider[\"registry.terraform.io/huaweicloud/huaweicloud\"]",
      "instances": [
        {
          "schema_version": 0,
          "attributes": {
            "agency_name": "",
            "availability_zones": [
              "ap-southeast-3e",
              "ap-southeast-3b",
              "ap-southeast-3a",
              "ap-southeast-3c"
            ],
            "available_zones": null,
            "cool_down_time": 300,
            "current_instance_number": 2,
            "delete_instances": "yes",
            "delete_publicip": true,
            "delete_volume": true,
            "description": "",
            "desire_instance_number": 2,
            "enable": true,
            "enterprise_project_id": "0",
            "force_delete": null,
            "health_periodic_audit_grace_period": 600,
            "health_periodic_audit_method": "NOVA_AUDIT",
            "health_periodic_audit_time": 5,
            "id": "79dc4e2c-e9dc-42a2-812e-f76d7510654a",
            "instance_terminate_policy": "OLD_CONFIG_OLD_INSTANCE",
            "instances": [
              "a4989502-a281-4bc1-b975-afc4f0a7a5db",
              "1faba386-8788-411f-a2ed-ab01adcb7cc0"
            ],
            "lb_listener_id": "",
            "lbaas_listeners": [],
            "max_instance_number": 10,
            "min_instance_number": 0,
            "multi_az_scaling_policy": "EQUILIBRIUM_DISTRIBUTE",
            "networks": [
              {
                "id": "de7c9afb-feb8-4f64-a408-742e02226d63",
                "ipv6_bandwidth_id": "",
                "ipv6_enable": false,
                "source_dest_check": true
              }
            ],
            "notifications": null,
            "region": "ap-southeast-3",
            "scaling_configuration_id": "c3466f2f-d702-456b-94d7-2d1fdc8ea50f",
            "scaling_group_name": "my_as_group",
            "security_groups": [
              {
                "id": "230a1d26-47a6-4b0b-9c70-9b04d4e5b132"
              }
            ],
            "status": "INSERVICE",
            "tags": {
              "owner": "AutoScaling"
            },
            "timeouts": null,
            "vpc_id": "5d6d8369-b657-48d9-951d-46c69fb82dfb"
          },
          "sensitive_attributes": [],
          "private": "eyJlMmJmYjczMC1lY2FhLTExZTYtOGY4OC0zNDM2M2JjN2M0YzAiOnsiY3JlYXRlIjo2MDAwMDAwMDAwMDAsImRlbGV0ZSI6NjAwMDAwMDAwMDAwfX0=",
          "dependencies": [
            "data.huaweicloud_availability_zones.myaz",
            "data.huaweicloud_compute_flavors.myflavor",
            "data.huaweicloud_images_image.myimage",
            "data.huaweicloud_networking_secgroup.default_security_group",
            "huaweicloud_as_configuration.my_as_config",
            "huaweicloud_compute_keypair.my_keypair",
            "huaweicloud_vpc.vpc_5d",
            "huaweicloud_vpc_subnet.subnet_5d"
          ]
        }
      ]
    },
    {
      "mode": "managed",
      "type": "huaweicloud_as_policy",
      "name": "scaling_down_policy",
      "provider": "provider[\"registry.terraform.io/huaweicloud/huaweicloud\"]",
      "instances": [
        {
          "schema_version": 0,
          "attributes": {
            "action": "resume",
            "alarm_id": "al1732823317422EX1Vgl6k7",
            "cool_down_time": 300,
            "id": "479bf896-9bb9-4807-8b75-b5cc5ab9c5e8",
            "region": "ap-southeast-3",
            "scaling_group_id": "79dc4e2c-e9dc-42a2-812e-f76d7510654a",
            "scaling_policy_action": [
              {
                "instance_number": 1,
                "instance_percentage": 0,
                "operation": "REMOVE"
              }
            ],
            "scaling_policy_name": "scaling_down_policy",
            "scaling_policy_type": "ALARM",
            "scheduled_policy": [],
            "status": "INSERVICE"
          },
          "sensitive_attributes": [],
          "private": "bnVsbA==",
          "dependencies": [
            "data.huaweicloud_availability_zones.myaz",
            "data.huaweicloud_compute_flavors.myflavor",
            "data.huaweicloud_images_image.myimage",
            "data.huaweicloud_networking_secgroup.default_security_group",
            "huaweicloud_as_configuration.my_as_config",
            "huaweicloud_as_group.my_as_group",
            "huaweicloud_ces_alarmrule.scaling_down_rule",
            "huaweicloud_compute_keypair.my_keypair",
            "huaweicloud_vpc.vpc_5d",
            "huaweicloud_vpc_subnet.subnet_5d"
          ]
        }
      ]
    },
    {
      "mode": "managed",
      "type": "huaweicloud_as_policy",
      "name": "scaling_up_policy",
      "provider": "provider[\"registry.terraform.io/huaweicloud/huaweicloud\"]",
      "instances": [
        {
          "schema_version": 0,
          "attributes": {
            "action": "resume",
            "alarm_id": "al1732823317385rAzlPMgZ0",
            "cool_down_time": 300,
            "id": "544140b6-5f61-4402-87de-ade8ea5606ec",
            "region": "ap-southeast-3",
            "scaling_group_id": "79dc4e2c-e9dc-42a2-812e-f76d7510654a",
            "scaling_policy_action": [
              {
                "instance_number": 1,
                "instance_percentage": 0,
                "operation": "ADD"
              }
            ],
            "scaling_policy_name": "scaling_up_policy",
            "scaling_policy_type": "ALARM",
            "scheduled_policy": [],
            "status": "INSERVICE"
          },
          "sensitive_attributes": [],
          "private": "bnVsbA==",
          "dependencies": [
            "data.huaweicloud_availability_zones.myaz",
            "data.huaweicloud_compute_flavors.myflavor",
            "data.huaweicloud_images_image.myimage",
            "data.huaweicloud_networking_secgroup.default_security_group",
            "huaweicloud_as_configuration.my_as_config",
            "huaweicloud_as_group.my_as_group",
            "huaweicloud_ces_alarmrule.scaling_up_rule",
            "huaweicloud_compute_keypair.my_keypair",
            "huaweicloud_vpc.vpc_5d",
            "huaweicloud_vpc_subnet.subnet_5d"
          ]
        }
      ]
    },
    {
      "mode": "managed",
      "type": "huaweicloud_ces_alarmrule",
      "name": "scaling_down_rule",
      "provider": "provider[\"registry.terraform.io/huaweicloud/huaweicloud\"]",
      "instances": [
        {
          "schema_version": 0,
          "attributes": {
            "alarm_action_enabled": true,
            "alarm_actions": [
              {
                "notification_list": [],
                "type": "autoscaling"
              }
            ],
            "alarm_description": "",
            "alarm_enabled": true,
            "alarm_level": 2,
            "alarm_name": "scaling_down_rule",
            "alarm_state": "ok",
            "alarm_type": "MULTI_INSTANCE",
            "condition": [
              {
                "alarm_level": 2,
                "comparison_operator": "\u003c=",
                "count": 1,
                "filter": "average",
                "metric_name": "cpu_util",
                "period": 300,
                "suppress_duration": 0,
                "unit": "%",
                "value": 20
              }
            ],
            "enterprise_project_id": "0",
            "id": "al1732823317422EX1Vgl6k7",
            "insufficientdata_actions": [],
            "metric": [
              {
                "dimensions": [
                  {
                    "name": "AutoScalingGroup",
                    "value": "79dc4e2c-e9dc-42a2-812e-f76d7510654a"
                  }
                ],
                "metric_name": "cpu_util",
                "namespace": "SYS.AS"
              }
            ],
            "notification_begin_time": "",
            "notification_end_time": "",
            "ok_actions": [],
            "region": null,
            "resource_group_id": "",
            "resources": [
              {
                "dimensions": [
                  {
                    "name": "AutoScalingGroup",
                    "value": "79dc4e2c-e9dc-42a2-812e-f76d7510654a"
                  }
                ]
              }
            ],
            "timeouts": null,
            "update_time": 1732823317000
          },
          "sensitive_attributes": [],
          "private": "eyJlMmJmYjczMC1lY2FhLTExZTYtOGY4OC0zNDM2M2JjN2M0YzAiOnsiY3JlYXRlIjo2MDAwMDAwMDAwMDAsImRlbGV0ZSI6MzAwMDAwMDAwMDAwLCJ1cGRhdGUiOjYwMDAwMDAwMDAwMH19",
          "dependencies": [
            "data.huaweicloud_availability_zones.myaz",
            "data.huaweicloud_compute_flavors.myflavor",
            "data.huaweicloud_images_image.myimage",
            "data.huaweicloud_networking_secgroup.default_security_group",
            "huaweicloud_as_configuration.my_as_config",
            "huaweicloud_as_group.my_as_group",
            "huaweicloud_compute_keypair.my_keypair",
            "huaweicloud_vpc.vpc_5d",
            "huaweicloud_vpc_subnet.subnet_5d"
          ]
        }
      ]
    },
    {
      "mode": "managed",
      "type": "huaweicloud_ces_alarmrule",
      "name": "scaling_up_rule",
      "provider": "provider[\"registry.terraform.io/huaweicloud/huaweicloud\"]",
      "instances": [
        {
          "schema_version": 0,
          "attributes": {
            "alarm_action_enabled": true,
            "alarm_actions": [
              {
                "notification_list": [],
                "type": "autoscaling"
              }
            ],
            "alarm_description": "",
            "alarm_enabled": true,
            "alarm_level": 2,
            "alarm_name": "scaling_up_rule",
            "alarm_state": "ok",
            "alarm_type": "MULTI_INSTANCE",
            "condition": [
              {
                "alarm_level": 2,
                "comparison_operator": "\u003e=",
                "count": 1,
                "filter": "average",
                "metric_name": "cpu_util",
                "period": 300,
                "suppress_duration": 0,
                "unit": "%",
                "value": 80
              }
            ],
            "enterprise_project_id": "0",
            "id": "al1732823317385rAzlPMgZ0",
            "insufficientdata_actions": [],
            "metric": [
              {
                "dimensions": [
                  {
                    "name": "AutoScalingGroup",
                    "value": "79dc4e2c-e9dc-42a2-812e-f76d7510654a"
                  }
                ],
                "metric_name": "cpu_util",
                "namespace": "SYS.AS"
              }
            ],
            "notification_begin_time": "",
            "notification_end_time": "",
            "ok_actions": [],
            "region": null,
            "resource_group_id": "",
            "resources": [
              {
                "dimensions": [
                  {
                    "name": "AutoScalingGroup",
                    "value": "79dc4e2c-e9dc-42a2-812e-f76d7510654a"
                  }
                ]
              }
            ],
            "timeouts": null,
            "update_time": 1732823317000
          },
          "sensitive_attributes": [],
          "private": "eyJlMmJmYjczMC1lY2FhLTExZTYtOGY4OC0zNDM2M2JjN2M0YzAiOnsiY3JlYXRlIjo2MDAwMDAwMDAwMDAsImRlbGV0ZSI6MzAwMDAwMDAwMDAwLCJ1cGRhdGUiOjYwMDAwMDAwMDAwMH19",
          "dependencies": [
            "data.huaweicloud_availability_zones.myaz",
            "data.huaweicloud_compute_flavors.myflavor",
            "data.huaweicloud_images_image.myimage",
            "data.huaweicloud_networking_secgroup.default_security_group",
            "huaweicloud_as_configuration.my_as_config",
            "huaweicloud_as_group.my_as_group",
            "huaweicloud_compute_keypair.my_keypair",
            "huaweicloud_vpc.vpc_5d",
            "huaweicloud_vpc_subnet.subnet_5d"
          ]
        }
      ]
    },
    {
      "mode": "managed",
      "type": "huaweicloud_compute_instance",
      "name": "web_app_ecs",
      "provider": "provider[\"registry.terraform.io/huaweicloud/huaweicloud\"]",
      "instances": [
        {
          "index_key": 0,
          "schema_version": 0,
          "attributes": {
            "access_ip_v4": "10.0.0.48",
            "access_ip_v6": "",
            "admin_pass": null,
            "agency_name": "",
            "agent_list": "",
            "auto_pay": null,
            "auto_renew": null,
            "auto_terminate_time": "",
            "availability_zone": "ap-southeast-3a",
            "bandwidth": [],
            "charging_mode": "postPaid",
            "created_at": "2024-11-28T19:39:31Z",
            "data_disks": [],
            "delete_disks_on_termination": null,
            "delete_eip_on_termination": true,
            "description": "",
            "eip_id": null,
            "eip_type": null,
            "enterprise_project_id": "0",
            "expired_time": null,
            "flavor_id": "s3.large.2",
            "flavor_name": "s3.large.2",
            "hostname": "web-app-ecs-0",
            "id": "c46b3f90-ab7d-4f0c-bb5c-96848b18ec63",
            "image_id": "b0c2b3e0-6a1f-499b-9df0-4d1b2e374a54",
            "image_name": "Ubuntu 18.04 server 64bit",
            "key_pair": null,
            "metadata": null,
            "name": "web_app_ecs_0",
            "network": [
              {
                "access_network": false,
                "fixed_ip_v4": "10.0.0.48",
                "fixed_ip_v6": "",
                "ipv6_enable": false,
                "mac": "fa:16:3e:fb:fb:2b",
                "port": "072f13a9-f1b1-4d4f-bf09-467d9ccd6592",
                "source_dest_check": true,
                "uuid": "de7c9afb-feb8-4f64-a408-742e02226d63"
              }
            ],
            "period": null,
            "period_unit": null,
            "power_action": null,
            "private_key": null,
            "public_ip": null,
            "region": "ap-southeast-3",
            "scheduler_hints": [],
            "security_group_ids": [
              "230a1d26-47a6-4b0b-9c70-9b04d4e5b132"
            ],
            "security_groups": [
              "default"
            ],
            "spot_duration": null,
            "spot_duration_count": null,
            "spot_maximum_price": null,
            "status": "ACTIVE",
            "stop_before_destroy": false,
            "system_disk_dss_pool_id": null,
            "system_disk_id": "2d134a55-0125-497e-8ecf-8250b33dc660",
            "system_disk_iops": 0,
            "system_disk_kms_key_id": "",
            "system_disk_size": 40,
            "system_disk_throughput": 0,
            "system_disk_type": "GPSSD",
            "tags": {},
            "timeouts": null,
            "updated_at": "2024-11-28T19:40:26Z",
            "user_data": null,
            "user_id": null,
            "volume_attached": [
              {
                "boot_index": 0,
                "kms_key_id": "",
                "pci_address": "0000:02:01.0",
                "size": 40,
                "type": "GPSSD",
                "volume_id": "2d134a55-0125-497e-8ecf-8250b33dc660"
              }
            ]
          },
          "sensitive_attributes": [
            [
              {
                "type": "get_attr",
                "value": "admin_pass"
              }
            ],
            [
              {
                "type": "get_attr",
                "value": "private_key"
              }
            ]
          ],
          "private": "eyJlMmJmYjczMC1lY2FhLTExZTYtOGY4OC0zNDM2M2JjN2M0YzAiOnsiY3JlYXRlIjoxODAwMDAwMDAwMDAwLCJkZWxldGUiOjE4MDAwMDAwMDAwMDAsInVwZGF0ZSI6MTgwMDAwMDAwMDAwMH19",
          "dependencies": [
            "data.huaweicloud_availability_zones.myaz",
            "data.huaweicloud_compute_flavors.myflavor",
            "data.huaweicloud_images_image.myimage",
            "data.huaweicloud_networking_secgroup.default_security_group",
            "huaweicloud_vpc.vpc_5d",
            "huaweicloud_vpc_subnet.subnet_5d"
          ]
        },
        {
          "index_key": 1,
          "schema_version": 0,
          "attributes": {
            "access_ip_v4": "10.0.0.169",
            "access_ip_v6": "",
            "admin_pass": null,
            "agency_name": "",
            "agent_list": "",
            "auto_pay": null,
            "auto_renew": null,
            "auto_terminate_time": "",
            "availability_zone": "ap-southeast-3a",
            "bandwidth": [],
            "charging_mode": "postPaid",
            "created_at": "2024-11-28T19:39:30Z",
            "data_disks": [],
            "delete_disks_on_termination": null,
            "delete_eip_on_termination": true,
            "description": "",
            "eip_id": null,
            "eip_type": null,
            "enterprise_project_id": "0",
            "expired_time": null,
            "flavor_id": "s3.large.2",
            "flavor_name": "s3.large.2",
            "hostname": "web-app-ecs-1",
            "id": "72b524f1-53f5-4515-9868-ee040fc4c6f0",
            "image_id": "b0c2b3e0-6a1f-499b-9df0-4d1b2e374a54",
            "image_name": "Ubuntu 18.04 server 64bit",
            "key_pair": null,
            "metadata": null,
            "name": "web_app_ecs_1",
            "network": [
              {
                "access_network": false,
                "fixed_ip_v4": "10.0.0.169",
                "fixed_ip_v6": "",
                "ipv6_enable": false,
                "mac": "fa:16:3e:fb:fb:a4",
                "port": "8469fdfd-48d3-4f7b-93a2-9ec8e584a2f2",
                "source_dest_check": true,
                "uuid": "de7c9afb-feb8-4f64-a408-742e02226d63"
              }
            ],
            "period": null,
            "period_unit": null,
            "power_action": null,
            "private_key": null,
            "public_ip": null,
            "region": "ap-southeast-3",
            "scheduler_hints": [],
            "security_group_ids": [
              "230a1d26-47a6-4b0b-9c70-9b04d4e5b132"
            ],
            "security_groups": [
              "default"
            ],
            "spot_duration": null,
            "spot_duration_count": null,
            "spot_maximum_price": null,
            "status": "ACTIVE",
            "stop_before_destroy": false,
            "system_disk_dss_pool_id": null,
            "system_disk_id": "554f5a05-6834-4a90-a2de-eec709496a22",
            "system_disk_iops": 0,
            "system_disk_kms_key_id": "",
            "system_disk_size": 40,
            "system_disk_throughput": 0,
            "system_disk_type": "GPSSD",
            "tags": {},
            "timeouts": null,
            "updated_at": "2024-11-28T19:40:50Z",
            "user_data": null,
            "user_id": null,
            "volume_attached": [
              {
                "boot_index": 0,
                "kms_key_id": "",
                "pci_address": "0000:02:01.0",
                "size": 40,
                "type": "GPSSD",
                "volume_id": "554f5a05-6834-4a90-a2de-eec709496a22"
              }
            ]
          },
          "sensitive_attributes": [
            [
              {
                "type": "get_attr",
                "value": "admin_pass"
              }
            ],
            [
              {
                "type": "get_attr",
                "value": "private_key"
              }
            ]
          ],
          "private": "eyJlMmJmYjczMC1lY2FhLTExZTYtOGY4OC0zNDM2M2JjN2M0YzAiOnsiY3JlYXRlIjoxODAwMDAwMDAwMDAwLCJkZWxldGUiOjE4MDAwMDAwMDAwMDAsInVwZGF0ZSI6MTgwMDAwMDAwMDAwMH19",
          "dependencies": [
            "data.huaweicloud_availability_zones.myaz",
            "data.huaweicloud_compute_flavors.myflavor",
            "data.huaweicloud_images_image.myimage",
            "data.huaweicloud_networking_secgroup.default_security_group",
            "huaweicloud_vpc.vpc_5d",
            "huaweicloud_vpc_subnet.subnet_5d"
          ]
        }
      ]
    },
    {
      "mode": "managed",
      "type": "huaweicloud_compute_keypair",
      "name": "my_keypair",
      "provider": "provider[\"registry.terraform.io/huaweicloud/huaweicloud\"]",
      "instances": [
        {
          "schema_version": 0,
          "attributes": {
            "id": "my_keypair",
            "key_file": null,
            "name": "my_keypair",
            "public_key": "ssh-rsa AAAAB3NzaC1yc2EAAAADAQABAAABAQDAjpC1hwiOCCmKEWxJ4qzTTsJbKzndLo1BCz5PcwtUnflmU+gHJtWMZKpuEGVi29h0A/+ydKek1O18k10Ff+4tyFjiHDQAT9+OfgWf7+b1yK+qDip3X1C0UPMbwHlTfSGWLGZquwhvEFx9k3h/M+VtMvwR1lJ9LUyTAImnNjWG7TAIPmui30HvM2UiFEmqkr4ijq45MyX2+fLIePLRIFuu1p4whjHAQYufqyno3BS48icQb4p6iVEZPo4AE2o9oIyQvj2mx4dk5Y8CgSETOZTYDOR3rU2fZTRDRgPJDH9FWvQjF5tA0p3d9CoWWd2s6GKKbfoUIi8R/Db1BSPJwkqB",
            "region": "ap-southeast-3"
          },
          "sensitive_attributes": [],
          "private": "bnVsbA=="
        }
      ]
    },
    {
      "mode": "managed",
      "type": "huaweicloud_elb_listener",
      "name": "application_listener",
      "provider": "provider[\"registry.terraform.io/huaweicloud/huaweicloud\"]",
      "instances": [
        {
          "schema_version": 0,
          "attributes": {
            "access_policy": "",
            "advanced_forwarding_enabled": false,
            "ca_certificate": "",
            "created_at": "2024-11-28T19:39:42Z",
            "default_pool_id": "",
            "description": "",
            "enable_member_retry": false,
            "force_delete": null,
            "forward_eip": false,
            "forward_elb": false,
            "forward_host": true,
            "forward_port": false,
            "forward_proto": false,
            "forward_request_port": false,
            "forward_tls_certificate": false,
            "forward_tls_cipher": false,
            "forward_tls_protocol": false,
            "gzip_enable": false,
            "http2_enable": false,
            "id": "0d87a169-5489-48f1-9022-c4faeda187d2",
            "idle_timeout": 60,
            "ip_group": "",
            "loadbalancer_id": "0c2bf8ba-4445-4374-9c02-475af4ecce77",
            "name": "",
            "port_ranges": [],
            "protection_reason": "",
            "protection_status": "nonProtection",
            "protocol": "HTTP",
            "protocol_port": 80,
            "proxy_protocol_enable": false,
            "quic_listener_id": "",
            "real_ip": false,
            "region": "ap-southeast-3",
            "request_timeout": 60,
            "response_timeout": 60,
            "security_policy_id": "",
            "server_certificate": "",
            "sni_certificate": [],
            "sni_match_algo": "",
            "ssl_early_data_enable": false,
            "tags": {},
            "timeouts": null,
            "tls_ciphers_policy": "",
            "updated_at": "2024-11-28T19:39:42Z"
          },
          "sensitive_attributes": [],
          "private": "eyJlMmJmYjczMC1lY2FhLTExZTYtOGY4OC0zNDM2M2JjN2M0YzAiOnsiY3JlYXRlIjo2MDAwMDAwMDAwMDAsImRlbGV0ZSI6NjAwMDAwMDAwMDAwLCJ1cGRhdGUiOjYwMDAwMDAwMDAwMH19",
          "dependencies": [
            "huaweicloud_elb_loadbalancer.application_elb",
            "huaweicloud_vpc.vpc_5d",
            "huaweicloud_vpc_subnet.subnet_5d"
          ]
        }
      ]
    },
    {
      "mode": "managed",
      "type": "huaweicloud_elb_loadbalancer",
      "name": "application_elb",
      "provider": "provider[\"registry.terraform.io/huaweicloud/huaweicloud\"]",
      "instances": [
        {
          "schema_version": 0,
          "attributes": {
            "auto_pay": null,
            "auto_renew": null,
            "autoscaling_enabled": false,
            "availability_zone": [
              "ap-southeast-3a"
            ],
            "backend_subnets": [
              "de7c9afb-feb8-4f64-a408-742e02226d63"
            ],
            "bandwidth_charge_mode": null,
            "bandwidth_id": null,
            "bandwidth_size": null,
            "charge_mode": "flavor",
            "charging_mode": "postPaid",
            "created_at": "2024-11-28T19:39:27Z",
            "cross_vpc_backend": false,
            "deletion_protection_enable": null,
            "description": "",
            "enterprise_project_id": "0",
            "force_delete": null,
            "guaranteed": true,
            "gw_flavor_id": "",
            "id": "0c2bf8ba-4445-4374-9c02-475af4ecce77",
            "iptype": null,
            "ipv4_address": "",
            "ipv4_eip": null,
            "ipv4_eip_id": null,
            "ipv4_port_id": "",
            "ipv4_subnet_id": "",
            "ipv6_address": "",
            "ipv6_bandwidth_id": null,
            "ipv6_eip": null,
            "ipv6_eip_id": null,
            "ipv6_network_id": "",
            "l4_flavor_id": "44c1102a-9d38-4a7e-8566-a8d0b2e5eaa6",
            "l7_flavor_id": "3673f959-bf9b-4b29-8a1c-e88bb87bc502",
            "loadbalancer_type": "",
            "min_l7_flavor_id": "",
            "name": "application-elb",
            "period": null,
            "period_unit": null,
            "protection_reason": "",
            "protection_status": "nonProtection",
            "region": "ap-southeast-3",
            "sharetype": null,
            "tags": {
              "environment": "production"
            },
            "timeouts": null,
            "updated_at": "2024-11-28T19:39:30Z",
            "vpc_id": "5d6d8369-b657-48d9-951d-46c69fb82dfb",
            "waf_failure_action": "forward"
          },
          "sensitive_attributes": [],
          "private": "eyJlMmJmYjczMC1lY2FhLTExZTYtOGY4OC0zNDM2M2JjN2M0YzAiOnsiY3JlYXRlIjo2MDAwMDAwMDAwMDAsImRlbGV0ZSI6MzAwMDAwMDAwMDAwLCJ1cGRhdGUiOjYwMDAwMDAwMDAwMH19",
          "dependencies": [
            "huaweicloud_vpc.vpc_5d",
            "huaweicloud_vpc_subnet.subnet_5d"
          ]
        }
      ]
    },
    {
      "mode": "managed",
      "type": "huaweicloud_nat_gateway",
      "name": "nat_gateway_5",
      "provider": "provider[\"registry.terraform.io/huaweicloud/huaweicloud\"]",
      "instances": [
        {
          "schema_version": 0,
          "attributes": {
            "auto_renew": null,
            "charging_mode": null,
            "description": "test for terraform examples",
            "enterprise_project_id": "0",
            "id": "4f53bed9-6bbd-4222-90b2-e9a2cc796d75",
            "name": "nat-gateway-basic",
            "ngport_ip_address": "10.0.0.127",
            "period": null,
            "period_unit": null,
            "region": "ap-southeast-3",
            "spec": "1",
            "status": "ACTIVE",
            "subnet_id": "de7c9afb-feb8-4f64-a408-742e02226d63",
            "tags": {},
            "timeouts": null,
            "vpc_id": "5d6d8369-b657-48d9-951d-46c69fb82dfb"
          },
          "sensitive_attributes": [],
          "private": "eyJlMmJmYjczMC1lY2FhLTExZTYtOGY4OC0zNDM2M2JjN2M0YzAiOnsiY3JlYXRlIjozMDAwMDAwMDAwMDAsImRlbGV0ZSI6MzAwMDAwMDAwMDAwLCJ1cGRhdGUiOjMwMDAwMDAwMDAwMH19",
          "dependencies": [
            "huaweicloud_vpc.vpc_5d",
            "huaweicloud_vpc_subnet.subnet_5d"
          ]
        }
      ]
    },
    {
      "mode": "managed",
      "type": "huaweicloud_nat_snat_rule",
      "name": "snat_rule_5",
      "provider": "provider[\"registry.terraform.io/huaweicloud/huaweicloud\"]",
      "instances": [
        {
          "schema_version": 0,
          "attributes": {
            "cidr": "",
            "description": "",
            "floating_ip_address": "111.119.193.97",
            "floating_ip_id": "f3ac642e-2510-450f-b4bf-e077daf630c0",
            "global_eip_address": "",
            "global_eip_id": "",
            "id": "8466c23f-9ec7-4138-816b-84065743d830",
            "nat_gateway_id": "4f53bed9-6bbd-4222-90b2-e9a2cc796d75",
            "network_id": null,
            "region": "ap-southeast-3",
            "source_type": 0,
            "status": "ACTIVE",
            "subnet_id": "de7c9afb-feb8-4f64-a408-742e02226d63",
            "timeouts": null
          },
          "sensitive_attributes": [],
          "private": "eyJlMmJmYjczMC1lY2FhLTExZTYtOGY4OC0zNDM2M2JjN2M0YzAiOnsiY3JlYXRlIjozMDAwMDAwMDAwMDAsImRlbGV0ZSI6MzAwMDAwMDAwMDAwLCJ1cGRhdGUiOjMwMDAwMDAwMDAwMH19",
          "dependencies": [
            "huaweicloud_nat_gateway.nat_gateway_5",
            "huaweicloud_vpc.vpc_5d",
            "huaweicloud_vpc_eip.eip_5",
            "huaweicloud_vpc_subnet.subnet_5d"
          ]
        }
      ]
    },
    {
      "mode": "managed",
      "type": "huaweicloud_vpc",
      "name": "vpc_5d",
      "provider": "provider[\"registry.terraform.io/huaweicloud/huaweicloud\"]",
      "instances": [
        {
          "schema_version": 0,
          "attributes": {
            "cidr": "10.0.0.0/16",
            "description": "",
            "enterprise_project_id": "0",
            "id": "5d6d8369-b657-48d9-951d-46c69fb82dfb",
            "name": "my_custom_vpc",
            "region": "ap-southeast-3",
            "routes": [
              {
                "destination": "0.0.0.0/0",
                "nexthop": "10.0.0.127"
              }
            ],
            "secondary_cidr": null,
            "secondary_cidrs": [],
            "status": "OK",
            "tags": {},
            "timeouts": null
          },
          "sensitive_attributes": [],
          "private": "eyJlMmJmYjczMC1lY2FhLTExZTYtOGY4OC0zNDM2M2JjN2M0YzAiOnsiY3JlYXRlIjo2MDAwMDAwMDAwMDAsImRlbGV0ZSI6MTgwMDAwMDAwMDAwfX0="
        }
      ]
    },
    {
      "mode": "managed",
      "type": "huaweicloud_vpc_eip",
      "name": "eip_5",
      "provider": "provider[\"registry.terraform.io/huaweicloud/huaweicloud\"]",
      "instances": [
        {
          "schema_version": 0,
          "attributes": {
            "address": "111.119.193.97",
            "associate_id": "4f53bed9-6bbd-4222-90b2-e9a2cc796d75",
            "associate_type": "NATGW",
            "auto_pay": null,
            "auto_renew": null,
            "bandwidth": [
              {
                "charge_mode": "traffic",
                "id": "9ff9e481-8652-4da6-843c-649750070ffc",
                "name": "test",
                "share_type": "PER",
                "size": 5
              }
            ],
            "charging_mode": "postPaid",
            "created_at": "2024-11-28 19:39:10",
            "enterprise_project_id": "0",
            "id": "f3ac642e-2510-450f-b4bf-e077daf630c0",
            "instance_id": "",
            "instance_type": "",
            "ipv6_address": "",
            "name": "",
            "period": null,
            "period_unit": null,
            "port_id": "e44217d8-5af9-4e52-896e-f8335beb76b5",
            "private_ip": "10.0.0.127",
            "publicip": [
              {
                "ip_address": "111.119.193.97",
                "ip_version": 4,
                "port_id": "e44217d8-5af9-4e52-896e-f8335beb76b5",
                "type": "5_bgp"
              }
            ],
            "region": "ap-southeast-3",
            "status": "BOUND",
            "tags": {},
            "timeouts": null,
            "updated_at": "2024-11-28T19:39:34Z"
          },
          "sensitive_attributes": [],
          "private": "eyJlMmJmYjczMC1lY2FhLTExZTYtOGY4OC0zNDM2M2JjN2M0YzAiOnsiY3JlYXRlIjo2MDAwMDAwMDAwMDAsImRlbGV0ZSI6MzAwMDAwMDAwMDAwLCJ1cGRhdGUiOjMwMDAwMDAwMDAwMH19"
        }
      ]
    },
    {
      "mode": "managed",
      "type": "huaweicloud_vpc_subnet",
      "name": "subnet_5d",
      "provider": "provider[\"registry.terraform.io/huaweicloud/huaweicloud\"]",
      "instances": [
        {
          "schema_version": 0,
          "attributes": {
            "availability_zone": "",
            "cidr": "10.0.0.0/24",
            "description": "",
            "dhcp_enable": true,
            "dhcp_lease_time": "87600h",
            "dns_list": [
              "100.125.1.250",
              "100.125.128.250"
            ],
            "gateway_ip": "10.0.0.1",
            "id": "de7c9afb-feb8-4f64-a408-742e02226d63",
            "ipv4_subnet_id": "09e3c54e-0512-4ae1-a296-6badc76c61f0",
            "ipv6_cidr": "",
            "ipv6_enable": false,
            "ipv6_gateway": "",
            "ipv6_subnet_id": "",
            "name": "subnet-web",
            "ntp_server_address": null,
            "primary_dns": "100.125.1.250",
            "region": "ap-southeast-3",
            "secondary_dns": "100.125.128.250",
            "subnet_id": "09e3c54e-0512-4ae1-a296-6badc76c61f0",
            "tags": {},
            "timeouts": null,
            "vpc_id": "5d6d8369-b657-48d9-951d-46c69fb82dfb"
          },
          "sensitive_attributes": [],
          "private": "eyJlMmJmYjczMC1lY2FhLTExZTYtOGY4OC0zNDM2M2JjN2M0YzAiOnsiY3JlYXRlIjozMDAwMDAwMDAwMDAsImRlbGV0ZSI6NjAwMDAwMDAwMDAwfX0=",
          "dependencies": [
            "huaweicloud_vpc.vpc_5d"
          ]
        }
      ]
    }
  ],
  "check_results": null
}
