{
  "version": 4,
  "terraform_version": "1.9.8",
  "serial": 146,
  "lineage": "e666794f-6766-85ef-e59b-af4162f8f42d",
  "outputs": {
    "availability_zone": {
      "value": "ap-southeast-3a",
      "type": "string"
    },
    "ecs_instance_id": {
      "value": "f54f17db-124c-4e4b-b840-2f586b734ab5",
      "type": "string"
    },
    "ecs_instance_ip": {
      "value": "192.168.10.92",
      "type": "string"
    },
    "ecs_instance_name": {
      "value": "high_perf_high_cost",
      "type": "string"
    },
    "rds_db_type": {
      "value": "PostgreSQL",
      "type": "string"
    },
    "rds_db_version": {
      "value": "16",
      "type": "string"
    },
    "rds_instance_id": {
      "value": "39bc70df8bf841528eb2832d4a8dc9e7in03",
      "type": "string"
    },
    "rds_instance_name": {
      "value": "high_perf_high_cost_rds",
      "type": "string"
    },
    "rds_instance_password": {
      "value": "SecureP@ssw0rd!",
      "type": "string"
    },
    "rds_volume_size": {
      "value": 200,
      "type": "number"
    },
    "secgroup_id": {
      "value": "45cdad25-c626-4d46-8289-f4a86567e0e2",
      "type": "string"
    },
    "secgroup_name": {
      "value": "mysecgroup",
      "type": "string"
    },
    "secgroup_rules": {
      "value": {
        "http": "f41f2fb9-7fa5-4c9c-a677-40f881d8ea17",
        "https": "ec0380d1-c42a-4825-9db4-845aec0fb926",
        "postgresql": "eef41afe-7f76-4748-b8c1-d42382a048d1",
        "ssh": "000a5630-6304-43f0-b723-5308162de0e5"
      },
      "type": [
        "object",
        {
          "http": "string",
          "https": "string",
          "postgresql": "string",
          "ssh": "string"
        }
      ]
    },
    "subnet_ids": {
      "value": [
        "ba20153e-2238-4b8a-9945-dc528d77a41b",
        "0daa6cae-28b9-4413-a495-277ab77eeffc",
        "fae2d956-fa11-444a-b9b7-3a0f174f7de2"
      ],
      "type": [
        "tuple",
        [
          "string",
          "string",
          "string"
        ]
      ]
    },
    "vpc_cidr": {
      "value": "192.168.0.0/16",
      "type": "string"
    },
    "vpc_id": {
      "value": "01a307b0-d8fa-4888-8082-d899abf03d1c",
      "type": "string"
    }
  },
  "resources": [
    {
      "mode": "data",
      "type": "huaweicloud_availability_zones",
      "name": "myaz",
      "provider": "provider[\"registry.terraform.io/huaweicloud/huaweicloud\"]",
      "instances": [
        {
          "schema_version": 0,
          "attributes": {
            "id": "221423761",
            "names": [
              "ap-southeast-3a",
              "ap-southeast-3b",
              "ap-southeast-3c",
              "ap-southeast-3e"
            ],
            "region": "ap-southeast-3",
            "state": "available"
          },
          "sensitive_attributes": []
        }
      ]
    },
    {
      "mode": "data",
      "type": "huaweicloud_compute_flavors",
      "name": "myflavor",
      "provider": "provider[\"registry.terraform.io/huaweicloud/huaweicloud\"]",
      "instances": [
        {
          "schema_version": 0,
          "attributes": {
            "availability_zone": "ap-southeast-3a",
            "cpu_core_count": 8,
            "flavors": [
              {
                "cpu_core_count": 8,
                "generation": "s3",
                "id": "s3.2xlarge.4",
                "memory_size": 32,
                "performance_type": "normal",
                "storage_type": ""
              }
            ],
            "generation": null,
            "id": "2680755022",
            "ids": [
              "s3.2xlarge.4"
            ],
            "memory_size": 32,
            "performance_type": "normal",
            "region": "ap-southeast-3",
            "storage_type": null
          },
          "sensitive_attributes": []
        }
      ]
    },
    {
      "mode": "data",
      "type": "huaweicloud_images_image",
      "name": "myimage",
      "provider": "provider[\"registry.terraform.io/huaweicloud/huaweicloud\"]",
      "instances": [
        {
          "schema_version": 0,
          "attributes": {
            "active_at": "",
            "architecture": "x86",
            "backup_id": "",
            "checksum": null,
            "container_format": "bare",
            "created_at": "2019-01-27T07:37:26Z",
            "data_origin": "",
            "description": "",
            "disk_format": "zvhd2",
            "enterprise_project_id": "",
            "file": "/v2/images/b0c2b3e0-6a1f-499b-9df0-4d1b2e374a54/file",
            "flavor_id": null,
            "id": "b0c2b3e0-6a1f-499b-9df0-4d1b2e374a54",
            "image_id": "b0c2b3e0-6a1f-499b-9df0-4d1b2e374a54",
            "image_type": "FusionCompute",
            "is_whole_image": null,
            "max_ram_mb": 4194304,
            "metadata": null,
            "min_disk_gb": 40,
            "min_ram_mb": 1024,
            "most_recent": true,
            "name": "Ubuntu 18.04 server 64bit",
            "name_regex": null,
            "os": "Ubuntu",
            "os_version": "Ubuntu 18.04 server 64bit",
            "owner": "c9fd059ecac04ceb89e708a2d61fd966",
            "protected": true,
            "region": "ap-southeast-3",
            "schema": "/v2/schemas/image",
            "size_bytes": 2365378560,
            "size_max": null,
            "size_min": null,
            "sort_direction": "asc",
            "sort_key": "name",
            "status": "active",
            "tag": null,
            "updated_at": "2024-03-18T08:12:25Z",
            "visibility": "public"
          },
          "sensitive_attributes": []
        }
      ]
    },
    {
      "mode": "managed",
      "type": "huaweicloud_compute_instance",
      "name": "mycompute",
      "provider": "provider[\"registry.terraform.io/huaweicloud/huaweicloud\"]",
      "instances": [
        {
          "schema_version": 0,
          "attributes": {
            "access_ip_v4": "192.168.10.92",
            "access_ip_v6": "",
            "admin_pass": null,
            "agency_name": "",
            "agent_list": "",
            "auto_pay": null,
            "auto_renew": null,
            "auto_terminate_time": "",
            "availability_zone": "ap-southeast-3a",
            "bandwidth": [],
            "charging_mode": "postPaid",
            "created_at": "2024-12-05T20:49:14Z",
            "data_disks": [],
            "delete_disks_on_termination": null,
            "delete_eip_on_termination": true,
            "description": "",
            "eip_id": null,
            "eip_type": null,
            "enterprise_project_id": "0",
            "expired_time": null,
            "flavor_id": "s3.2xlarge.4",
            "flavor_name": "s3.2xlarge.4",
            "hostname": "high-perf-high-cost",
            "id": "f54f17db-124c-4e4b-b840-2f586b734ab5",
            "image_id": "b0c2b3e0-6a1f-499b-9df0-4d1b2e374a54",
            "image_name": "Ubuntu 18.04 server 64bit",
            "key_pair": null,
            "metadata": null,
            "name": "high_perf_high_cost",
            "network": [
              {
                "access_network": false,
                "fixed_ip_v4": "192.168.10.92",
                "fixed_ip_v6": "",
                "ipv6_enable": false,
                "mac": "fa:16:3e:c4:26:78",
                "port": "60fc79a6-821f-42cf-8ea7-c6f2b16c8c35",
                "source_dest_check": true,
                "uuid": "ba20153e-2238-4b8a-9945-dc528d77a41b"
              }
            ],
            "period": null,
            "period_unit": null,
            "power_action": null,
            "private_key": null,
            "public_ip": null,
            "region": "ap-southeast-3",
            "scheduler_hints": [],
            "security_group_ids": [
              "45cdad25-c626-4d46-8289-f4a86567e0e2"
            ],
            "security_groups": [
              "mysecgroup"
            ],
            "spot_duration": null,
            "spot_duration_count": null,
            "spot_maximum_price": null,
            "status": "ACTIVE",
            "stop_before_destroy": false,
            "system_disk_dss_pool_id": null,
            "system_disk_id": "14d4e050-c0e0-4887-a00a-d5feb8c0cb58",
            "system_disk_iops": 0,
            "system_disk_kms_key_id": "",
            "system_disk_size": 40,
            "system_disk_throughput": 0,
            "system_disk_type": "GPSSD",
            "tags": null,
            "timeouts": null,
            "updated_at": "2024-12-05T20:49:31Z",
            "user_data": null,
            "user_id": null,
            "volume_attached": [
              {
                "boot_index": 0,
                "kms_key_id": "",
                "pci_address": "0000:02:01.0",
                "size": 40,
                "type": "GPSSD",
                "volume_id": "14d4e050-c0e0-4887-a00a-d5feb8c0cb58"
              }
            ]
          },
          "sensitive_attributes": [
            [
              {
                "type": "get_attr",
                "value": "admin_pass"
              }
            ],
            [
              {
                "type": "get_attr",
                "value": "private_key"
              }
            ]
          ],
          "private": "eyJlMmJmYjczMC1lY2FhLTExZTYtOGY4OC0zNDM2M2JjN2M0YzAiOnsiY3JlYXRlIjoxODAwMDAwMDAwMDAwLCJkZWxldGUiOjE4MDAwMDAwMDAwMDAsInVwZGF0ZSI6MTgwMDAwMDAwMDAwMH19",
          "dependencies": [
            "data.huaweicloud_availability_zones.myaz",
            "data.huaweicloud_compute_flavors.myflavor",
            "data.huaweicloud_images_image.myimage",
            "huaweicloud_networking_secgroup.mysecgroup",
            "huaweicloud_vpc.vpc_1",
            "huaweicloud_vpc_subnet.subnet1"
          ]
        }
      ]
    },
    {
      "mode": "managed",
      "type": "huaweicloud_networking_secgroup",
      "name": "mysecgroup",
      "provider": "provider[\"registry.terraform.io/huaweicloud/huaweicloud\"]",
      "instances": [
        {
          "schema_version": 0,
          "attributes": {
            "created_at": "2024-11-16T12:44:03Z",
            "delete_default_rules": null,
            "description": "Security group with high security rules",
            "enterprise_project_id": "0",
            "id": "45cdad25-c626-4d46-8289-f4a86567e0e2",
            "name": "mysecgroup",
            "region": "ap-southeast-3",
            "rules": [
              {
                "action": "allow",
                "description": "",
                "direction": "ingress",
                "ethertype": "IPv4",
                "id": "000a5630-6304-43f0-b723-5308162de0e5",
                "port_range_max": 22,
                "port_range_min": 22,
                "ports": "22",
                "priority": 1,
                "protocol": "tcp",
                "remote_address_group_id": "",
                "remote_group_id": "",
                "remote_ip_prefix": "203.0.113.0/24"
              },
              {
                "action": "allow",
                "description": "",
                "direction": "ingress",
                "ethertype": "IPv4",
                "id": "ec0380d1-c42a-4825-9db4-845aec0fb926",
                "port_range_max": 443,
                "port_range_min": 443,
                "ports": "443",
                "priority": 1,
                "protocol": "tcp",
                "remote_address_group_id": "",
                "remote_group_id": "",
                "remote_ip_prefix": "192.168.1.0/24"
              },
              {
                "action": "allow",
                "description": "",
                "direction": "ingress",
                "ethertype": "IPv4",
                "id": "eef41afe-7f76-4748-b8c1-d42382a048d1",
                "port_range_max": 5432,
                "port_range_min": 5432,
                "ports": "5432",
                "priority": 1,
                "protocol": "tcp",
                "remote_address_group_id": "",
                "remote_group_id": "",
                "remote_ip_prefix": "192.168.2.0/24"
              },
              {
                "action": "allow",
                "description": "",
                "direction": "ingress",
                "ethertype": "IPv4",
                "id": "f41f2fb9-7fa5-4c9c-a677-40f881d8ea17",
                "port_range_max": 80,
                "port_range_min": 80,
                "ports": "80",
                "priority": 1,
                "protocol": "tcp",
                "remote_address_group_id": "",
                "remote_group_id": "",
                "remote_ip_prefix": "192.168.1.0/24"
              },
              {
                "action": "allow",
                "description": "",
                "direction": "egress",
                "ethertype": "IPv4",
                "id": "c9eaffb7-559a-4bdf-980b-d276cd734763",
                "port_range_max": 0,
                "port_range_min": 0,
                "ports": "",
                "priority": 100,
                "protocol": "",
                "remote_address_group_id": "",
                "remote_group_id": "",
                "remote_ip_prefix": ""
              },
              {
                "action": "allow",
                "description": "",
                "direction": "egress",
                "ethertype": "IPv6",
                "id": "20ba8d17-b70d-43a5-98a6-07cec9dee120",
                "port_range_max": 0,
                "port_range_min": 0,
                "ports": "",
                "priority": 100,
                "protocol": "",
                "remote_address_group_id": "",
                "remote_group_id": "",
                "remote_ip_prefix": ""
              },
              {
                "action": "allow",
                "description": "",
                "direction": "ingress",
                "ethertype": "IPv6",
                "id": "9f2b07bf-43ec-4214-8653-6b09ad87c840",
                "port_range_max": 0,
                "port_range_min": 0,
                "ports": "",
                "priority": 100,
                "protocol": "",
                "remote_address_group_id": "",
                "remote_group_id": "45cdad25-c626-4d46-8289-f4a86567e0e2",
                "remote_ip_prefix": ""
              },
              {
                "action": "allow",
                "description": "",
                "direction": "ingress",
                "ethertype": "IPv4",
                "id": "acd21280-06f6-482d-ace8-55d7d9458f9c",
                "port_range_max": 0,
                "port_range_min": 0,
                "ports": "",
                "priority": 100,
                "protocol": "",
                "remote_address_group_id": "",
                "remote_group_id": "45cdad25-c626-4d46-8289-f4a86567e0e2",
                "remote_ip_prefix": ""
              }
            ],
            "tags": {},
            "timeouts": null,
            "updated_at": "2024-11-16T12:44:03Z"
          },
          "sensitive_attributes": [],
          "private": "eyJlMmJmYjczMC1lY2FhLTExZTYtOGY4OC0zNDM2M2JjN2M0YzAiOnsiZGVsZXRlIjo2MDAwMDAwMDAwMDB9fQ=="
        }
      ]
    },
    {
      "mode": "managed",
      "type": "huaweicloud_networking_secgroup_rule",
      "name": "http",
      "provider": "provider[\"registry.terraform.io/huaweicloud/huaweicloud\"]",
      "instances": [
        {
          "schema_version": 0,
          "attributes": {
            "action": "allow",
            "description": "",
            "direction": "ingress",
            "ethertype": "IPv4",
            "id": "f41f2fb9-7fa5-4c9c-a677-40f881d8ea17",
            "port_range_max": 80,
            "port_range_min": 80,
            "ports": "80",
            "priority": 1,
            "protocol": "tcp",
            "region": "ap-southeast-3",
            "remote_address_group_id": "",
            "remote_group_id": "",
            "remote_ip_prefix": "192.168.1.0/24",
            "security_group_id": "45cdad25-c626-4d46-8289-f4a86567e0e2",
            "timeouts": null
          },
          "sensitive_attributes": [],
          "private": "eyJlMmJmYjczMC1lY2FhLTExZTYtOGY4OC0zNDM2M2JjN2M0YzAiOnsiZGVsZXRlIjo2MDAwMDAwMDAwMDB9fQ==",
          "dependencies": [
            "huaweicloud_networking_secgroup.mysecgroup"
          ]
        }
      ]
    },
    {
      "mode": "managed",
      "type": "huaweicloud_networking_secgroup_rule",
      "name": "https",
      "provider": "provider[\"registry.terraform.io/huaweicloud/huaweicloud\"]",
      "instances": [
        {
          "schema_version": 0,
          "attributes": {
            "action": "allow",
            "description": "",
            "direction": "ingress",
            "ethertype": "IPv4",
            "id": "ec0380d1-c42a-4825-9db4-845aec0fb926",
            "port_range_max": 443,
            "port_range_min": 443,
            "ports": "443",
            "priority": 1,
            "protocol": "tcp",
            "region": "ap-southeast-3",
            "remote_address_group_id": "",
            "remote_group_id": "",
            "remote_ip_prefix": "192.168.1.0/24",
            "security_group_id": "45cdad25-c626-4d46-8289-f4a86567e0e2",
            "timeouts": null
          },
          "sensitive_attributes": [],
          "private": "eyJlMmJmYjczMC1lY2FhLTExZTYtOGY4OC0zNDM2M2JjN2M0YzAiOnsiZGVsZXRlIjo2MDAwMDAwMDAwMDB9fQ==",
          "dependencies": [
            "huaweicloud_networking_secgroup.mysecgroup"
          ]
        }
      ]
    },
    {
      "mode": "managed",
      "type": "huaweicloud_networking_secgroup_rule",
      "name": "postgresql",
      "provider": "provider[\"registry.terraform.io/huaweicloud/huaweicloud\"]",
      "instances": [
        {
          "schema_version": 0,
          "attributes": {
            "action": "allow",
            "description": "",
            "direction": "ingress",
            "ethertype": "IPv4",
            "id": "eef41afe-7f76-4748-b8c1-d42382a048d1",
            "port_range_max": 5432,
            "port_range_min": 5432,
            "ports": "5432",
            "priority": 1,
            "protocol": "tcp",
            "region": "ap-southeast-3",
            "remote_address_group_id": "",
            "remote_group_id": "",
            "remote_ip_prefix": "192.168.2.0/24",
            "security_group_id": "45cdad25-c626-4d46-8289-f4a86567e0e2",
            "timeouts": null
          },
          "sensitive_attributes": [],
          "private": "eyJlMmJmYjczMC1lY2FhLTExZTYtOGY4OC0zNDM2M2JjN2M0YzAiOnsiZGVsZXRlIjo2MDAwMDAwMDAwMDB9fQ==",
          "dependencies": [
            "huaweicloud_networking_secgroup.mysecgroup"
          ]
        }
      ]
    },
    {
      "mode": "managed",
      "type": "huaweicloud_networking_secgroup_rule",
      "name": "ssh",
      "provider": "provider[\"registry.terraform.io/huaweicloud/huaweicloud\"]",
      "instances": [
        {
          "schema_version": 0,
          "attributes": {
            "action": "allow",
            "description": "",
            "direction": "ingress",
            "ethertype": "IPv4",
            "id": "000a5630-6304-43f0-b723-5308162de0e5",
            "port_range_max": 22,
            "port_range_min": 22,
            "ports": "22",
            "priority": 1,
            "protocol": "tcp",
            "region": "ap-southeast-3",
            "remote_address_group_id": "",
            "remote_group_id": "",
            "remote_ip_prefix": "203.0.113.0/24",
            "security_group_id": "45cdad25-c626-4d46-8289-f4a86567e0e2",
            "timeouts": null
          },
          "sensitive_attributes": [],
          "private": "eyJlMmJmYjczMC1lY2FhLTExZTYtOGY4OC0zNDM2M2JjN2M0YzAiOnsiZGVsZXRlIjo2MDAwMDAwMDAwMDB9fQ==",
          "dependencies": [
            "huaweicloud_networking_secgroup.mysecgroup"
          ]
        }
      ]
    },
    {
      "mode": "managed",
      "type": "huaweicloud_rds_instance",
      "name": "instance",
      "provider": "provider[\"registry.terraform.io/huaweicloud/huaweicloud\"]",
      "instances": [
        {
          "schema_version": 0,
          "attributes": {
            "auto_pay": null,
            "auto_renew": null,
            "availability_zone": [
              "ap-southeast-3a"
            ],
            "backup_strategy": [
              {
                "keep_days": 7,
                "period": "1,2,3,4,5,6,7",
                "start_time": "08:00-09:00"
              }
            ],
            "binlog_retention_hours": null,
            "charging_mode": "postPaid",
            "collation": "",
            "created": "2024-12-05T20:54:09+0000",
            "db": [
              {
                "password": "SecureP@ssw0rd!",
                "port": 5432,
                "type": "PostgreSQL",
                "user_name": "root",
                "version": "16"
              }
            ],
            "description": "",
            "dss_pool_id": null,
            "enterprise_project_id": "0",
            "fixed_ip": "192.168.10.217",
            "flavor": "rds.pg.n1.large.4",
            "ha_replication_mode": "",
            "id": "39bc70df8bf841528eb2832d4a8dc9e7in03",
            "lower_case_table_names": null,
            "maintain_begin": "18:00",
            "maintain_end": "22:00",
            "msdtc_hosts": [],
            "name": "high_perf_high_cost_rds",
            "nodes": [
              {
                "availability_zone": "ap-southeast-3a",
                "id": "939bf96553ff49e8b953ea376e47397ano03",
                "name": "high_perf_high_cost_rds_node0",
                "role": "master",
                "status": "ACTIVE"
              }
            ],
            "param_group_id": null,
            "parameters": [],
            "period": null,
            "period_unit": null,
            "power_action": null,
            "private_dns_name_prefix": "39bc70df8bf841528eb2832d4a8dc9e7in03",
            "private_dns_names": [
              "39bc70df8bf841528eb2832d4a8dc9e7in03.internal.ap-southeast-3.postgresql.rds.myhuaweicloud.com"
            ],
            "private_ips": [
              "192.168.10.217"
            ],
            "public_ips": [],
            "read_write_permissions": null,
            "region": "ap-southeast-3",
            "restore": [],
            "rotate_day": null,
            "seconds_level_monitoring_enabled": null,
            "seconds_level_monitoring_interval": null,
            "secret_id": null,
            "secret_name": null,
            "secret_version": null,
            "security_group_id": "45cdad25-c626-4d46-8289-f4a86567e0e2",
            "slow_log_show_original_status": null,
            "ssl_enable": true,
            "status": "BACKING UP",
            "subnet_id": "ba20153e-2238-4b8a-9945-dc528d77a41b",
            "switch_strategy": "",
            "tags": null,
            "tde_enabled": null,
            "time_zone": "UTC",
            "timeouts": null,
            "volume": [
              {
                "disk_encryption_id": "",
                "limit_size": 0,
                "size": 200,
                "trigger_threshold": 0,
                "type": "CLOUDSSD"
              }
            ],
            "vpc_id": "01a307b0-d8fa-4888-8082-d899abf03d1c"
          },
          "sensitive_attributes": [
            [
              {
                "type": "get_attr",
                "value": "db"
              },
              {
                "type": "index",
                "value": {
                  "value": 0,
                  "type": "number"
                }
              },
              {
                "type": "get_attr",
                "value": "password"
              }
            ]
          ],
          "private": "eyJlMmJmYjczMC1lY2FhLTExZTYtOGY4OC0zNDM2M2JjN2M0YzAiOnsiY3JlYXRlIjoxODAwMDAwMDAwMDAwLCJkZWZhdWx0Ijo5MDAwMDAwMDAwMDAsImRlbGV0ZSI6MTgwMDAwMDAwMDAwMCwicmVhZCI6OTAwMDAwMDAwMDAwLCJ1cGRhdGUiOjE4MDAwMDAwMDAwMDB9fQ==",
          "dependencies": [
            "data.huaweicloud_availability_zones.myaz",
            "huaweicloud_networking_secgroup.mysecgroup"
          ]
        }
      ]
    },
    {
      "mode": "managed",
      "type": "huaweicloud_vpc",
      "name": "vpc_1",
      "provider": "provider[\"registry.terraform.io/huaweicloud/huaweicloud\"]",
      "instances": [
        {
          "schema_version": 0,
          "attributes": {
            "cidr": "192.168.0.0/16",
            "description": "",
            "enterprise_project_id": "0",
            "id": "01a307b0-d8fa-4888-8082-d899abf03d1c",
            "name": "sefa_vpc",
            "region": "ap-southeast-3",
            "routes": [],
            "secondary_cidr": null,
            "secondary_cidrs": [],
            "status": "OK",
            "tags": {},
            "timeouts": null
          },
          "sensitive_attributes": [],
          "private": "eyJlMmJmYjczMC1lY2FhLTExZTYtOGY4OC0zNDM2M2JjN2M0YzAiOnsiY3JlYXRlIjo2MDAwMDAwMDAwMDAsImRlbGV0ZSI6MTgwMDAwMDAwMDAwfX0="
        }
      ]
    },
    {
      "mode": "managed",
      "type": "huaweicloud_vpc_subnet",
      "name": "private_subnet",
      "provider": "provider[\"registry.terraform.io/huaweicloud/huaweicloud\"]",
      "instances": [
        {
          "schema_version": 0,
          "attributes": {
            "availability_zone": "",
            "cidr": "192.168.30.0/24",
            "description": "",
            "dhcp_enable": true,
            "dhcp_lease_time": "87600h",
            "dns_list": [
              "100.125.1.250",
              "100.125.128.250"
            ],
            "gateway_ip": "192.168.30.1",
            "id": "0daa6cae-28b9-4413-a495-277ab77eeffc",
            "ipv4_subnet_id": "23817375-c7ca-4efc-a2b8-d2a1220a6235",
            "ipv6_cidr": "",
            "ipv6_enable": false,
            "ipv6_gateway": "",
            "ipv6_subnet_id": "",
            "name": "private-subnet",
            "ntp_server_address": null,
            "primary_dns": "100.125.1.250",
            "region": "ap-southeast-3",
            "secondary_dns": "100.125.128.250",
            "subnet_id": "23817375-c7ca-4efc-a2b8-d2a1220a6235",
            "tags": {},
            "timeouts": null,
            "vpc_id": "01a307b0-d8fa-4888-8082-d899abf03d1c"
          },
          "sensitive_attributes": [],
          "private": "eyJlMmJmYjczMC1lY2FhLTExZTYtOGY4OC0zNDM2M2JjN2M0YzAiOnsiY3JlYXRlIjozMDAwMDAwMDAwMDAsImRlbGV0ZSI6NjAwMDAwMDAwMDAwfX0=",
          "dependencies": [
            "huaweicloud_vpc.vpc_1"
          ]
        }
      ]
    },
    {
      "mode": "managed",
      "type": "huaweicloud_vpc_subnet",
      "name": "public_subnet",
      "provider": "provider[\"registry.terraform.io/huaweicloud/huaweicloud\"]",
      "instances": [
        {
          "schema_version": 0,
          "attributes": {
            "availability_zone": "",
            "cidr": "192.168.40.0/24",
            "description": "",
            "dhcp_enable": true,
            "dhcp_lease_time": "87600h",
            "dns_list": [
              "100.125.1.250",
              "100.125.128.250"
            ],
            "gateway_ip": "192.168.40.1",
            "id": "fae2d956-fa11-444a-b9b7-3a0f174f7de2",
            "ipv4_subnet_id": "7f1dd622-b55e-4b80-9ec9-0aa681172bde",
            "ipv6_cidr": "",
            "ipv6_enable": false,
            "ipv6_gateway": "",
            "ipv6_subnet_id": "",
            "name": "public-subnet",
            "ntp_server_address": null,
            "primary_dns": "100.125.1.250",
            "region": "ap-southeast-3",
            "secondary_dns": "100.125.128.250",
            "subnet_id": "7f1dd622-b55e-4b80-9ec9-0aa681172bde",
            "tags": {},
            "timeouts": null,
            "vpc_id": "01a307b0-d8fa-4888-8082-d899abf03d1c"
          },
          "sensitive_attributes": [],
          "private": "eyJlMmJmYjczMC1lY2FhLTExZTYtOGY4OC0zNDM2M2JjN2M0YzAiOnsiY3JlYXRlIjozMDAwMDAwMDAwMDAsImRlbGV0ZSI6NjAwMDAwMDAwMDAwfX0=",
          "dependencies": [
            "huaweicloud_vpc.vpc_1"
          ]
        }
      ]
    },
    {
      "mode": "managed",
      "type": "huaweicloud_vpc_subnet",
      "name": "subnet1",
      "provider": "provider[\"registry.terraform.io/huaweicloud/huaweicloud\"]",
      "instances": [
        {
          "schema_version": 0,
          "attributes": {
            "availability_zone": "",
            "cidr": "192.168.10.0/24",
            "description": "",
            "dhcp_enable": true,
            "dhcp_lease_time": "87600h",
            "dns_list": [
              "100.125.1.250",
              "100.125.128.250"
            ],
            "gateway_ip": "192.168.10.1",
            "id": "ba20153e-2238-4b8a-9945-dc528d77a41b",
            "ipv4_subnet_id": "ab05c3a3-1576-43ae-8462-79bf800ae339",
            "ipv6_cidr": "",
            "ipv6_enable": false,
            "ipv6_gateway": "",
            "ipv6_subnet_id": "",
            "name": "subnet-web",
            "ntp_server_address": null,
            "primary_dns": "100.125.1.250",
            "region": "ap-southeast-3",
            "secondary_dns": "100.125.128.250",
            "subnet_id": "ab05c3a3-1576-43ae-8462-79bf800ae339",
            "tags": {},
            "timeouts": null,
            "vpc_id": "01a307b0-d8fa-4888-8082-d899abf03d1c"
          },
          "sensitive_attributes": [],
          "private": "eyJlMmJmYjczMC1lY2FhLTExZTYtOGY4OC0zNDM2M2JjN2M0YzAiOnsiY3JlYXRlIjozMDAwMDAwMDAwMDAsImRlbGV0ZSI6NjAwMDAwMDAwMDAwfX0=",
          "dependencies": [
            "huaweicloud_vpc.vpc_1"
          ]
        }
      ]
    }
  ],
  "check_results": null
}
