{
  "version": 4,
  "terraform_version": "1.9.8",
  "serial": 245,
  "lineage": "e666794f-6766-85ef-e59b-af4162f8f42d",
  "outputs": {
    "existing_security_group_rules": {
      "value": [
        {
          "action": "allow",
          "created_at": "2024-10-23T11:20:00Z",
          "description": "",
          "direction": "ingress",
          "ethertype": "IPv4",
          "id": "3a3c18a4-50d1-4c42-af57-69846f11f3ad",
          "ports": "",
          "priority": 1,
          "protocol": "",
          "remote_address_group_id": "",
          "remote_group_id": "",
          "remote_ip_prefix": "172.16.0.0/12",
          "security_group_id": "230a1d26-47a6-4b0b-9c70-9b04d4e5b132",
          "updated_at": "2024-10-23T11:20:00Z"
        },
        {
          "action": "allow",
          "created_at": "2024-11-16T15:28:22Z",
          "description": "",
          "direction": "ingress",
          "ethertype": "IPv4",
          "id": "505807b8-cec1-4802-83c2-1c595f7e97fc",
          "ports": "5432",
          "priority": 1,
          "protocol": "tcp",
          "remote_address_group_id": "",
          "remote_group_id": "",
          "remote_ip_prefix": "192.168.10.0/24",
          "security_group_id": "230a1d26-47a6-4b0b-9c70-9b04d4e5b132",
          "updated_at": "2024-11-16T15:28:22Z"
        },
        {
          "action": "allow",
          "created_at": "2024-10-23T13:46:01Z",
          "description": "",
          "direction": "ingress",
          "ethertype": "IPv4",
          "id": "509e7323-36de-41e8-b1cd-0d19b94aa4c5",
          "ports": "",
          "priority": 1,
          "protocol": "",
          "remote_address_group_id": "",
          "remote_group_id": "",
          "remote_ip_prefix": "172.17.0.0/24",
          "security_group_id": "230a1d26-47a6-4b0b-9c70-9b04d4e5b132",
          "updated_at": "2024-10-23T13:46:01Z"
        },
        {
          "action": "allow",
          "created_at": "2023-05-22T21:39:11Z",
          "description": "",
          "direction": "ingress",
          "ethertype": "IPv4",
          "id": "56063075-f9f8-45c2-808f-c72b2165e30e",
          "ports": "80",
          "priority": 1,
          "protocol": "tcp",
          "remote_address_group_id": "",
          "remote_group_id": "",
          "remote_ip_prefix": "0.0.0.0/0",
          "security_group_id": "230a1d26-47a6-4b0b-9c70-9b04d4e5b132",
          "updated_at": "2023-05-22T21:39:11Z"
        },
        {
          "action": "allow",
          "created_at": "2023-05-09T05:30:22Z",
          "description": "Permit default Linux SSH port.",
          "direction": "ingress",
          "ethertype": "IPv4",
          "id": "5b32e8f4-873d-41e7-917e-22d25d6c37e4",
          "ports": "22",
          "priority": 1,
          "protocol": "tcp",
          "remote_address_group_id": "",
          "remote_group_id": "",
          "remote_ip_prefix": "0.0.0.0/0",
          "security_group_id": "230a1d26-47a6-4b0b-9c70-9b04d4e5b132",
          "updated_at": "2023-05-09T05:30:22Z"
        },
        {
          "action": "allow",
          "created_at": "2024-10-23T11:09:55Z",
          "description": "",
          "direction": "ingress",
          "ethertype": "IPv4",
          "id": "6b3b5735-fa29-420f-8a4e-3827891bb3ba",
          "ports": "",
          "priority": 1,
          "protocol": "",
          "remote_address_group_id": "",
          "remote_group_id": "",
          "remote_ip_prefix": "192.168.0.0/16",
          "security_group_id": "230a1d26-47a6-4b0b-9c70-9b04d4e5b132",
          "updated_at": "2024-10-23T11:09:55Z"
        },
        {
          "action": "allow",
          "created_at": "2023-08-02T12:56:28Z",
          "description": "",
          "direction": "ingress",
          "ethertype": "IPv4",
          "id": "82a1f010-d398-451f-8c5e-5f9befbfd1da",
          "ports": "",
          "priority": 1,
          "protocol": "",
          "remote_address_group_id": "",
          "remote_group_id": "",
          "remote_ip_prefix": "0.0.0.0/0",
          "security_group_id": "230a1d26-47a6-4b0b-9c70-9b04d4e5b132",
          "updated_at": "2023-08-02T12:56:28Z"
        },
        {
          "action": "allow",
          "created_at": "2024-06-27T13:28:05Z",
          "description": "",
          "direction": "ingress",
          "ethertype": "IPv4",
          "id": "b1716558-3044-43da-9dd8-8c549eecdcf8",
          "ports": "8080",
          "priority": 1,
          "protocol": "tcp",
          "remote_address_group_id": "",
          "remote_group_id": "",
          "remote_ip_prefix": "0.0.0.0/0",
          "security_group_id": "230a1d26-47a6-4b0b-9c70-9b04d4e5b132",
          "updated_at": "2024-06-27T13:28:05Z"
        },
        {
          "action": "allow",
          "created_at": "2024-06-27T18:59:18Z",
          "description": "gecici",
          "direction": "ingress",
          "ethertype": "IPv4",
          "id": "b1e9f08f-5c85-4c06-9e9e-2909c2cb0cd5",
          "ports": "5000",
          "priority": 1,
          "protocol": "tcp",
          "remote_address_group_id": "",
          "remote_group_id": "",
          "remote_ip_prefix": "0.0.0.0/0",
          "security_group_id": "230a1d26-47a6-4b0b-9c70-9b04d4e5b132",
          "updated_at": "2024-06-27T18:59:18Z"
        },
        {
          "action": "allow",
          "created_at": "2023-03-23T12:26:46Z",
          "description": "",
          "direction": "egress",
          "ethertype": "IPv6",
          "id": "bedfd0c2-61b1-4e88-baf8-b73b7ee062d7",
          "ports": "",
          "priority": 100,
          "protocol": "",
          "remote_address_group_id": "",
          "remote_group_id": "",
          "remote_ip_prefix": "",
          "security_group_id": "230a1d26-47a6-4b0b-9c70-9b04d4e5b132",
          "updated_at": "2023-03-23T12:26:46Z"
        },
        {
          "action": "allow",
          "created_at": "2023-07-20T12:12:31Z",
          "description": "",
          "direction": "ingress",
          "ethertype": "IPv4",
          "id": "c33d8e9b-7b4b-439a-9c03-a103255aa563",
          "ports": "3306",
          "priority": 1,
          "protocol": "tcp",
          "remote_address_group_id": "",
          "remote_group_id": "",
          "remote_ip_prefix": "0.0.0.0/0",
          "security_group_id": "230a1d26-47a6-4b0b-9c70-9b04d4e5b132",
          "updated_at": "2023-07-20T12:12:31Z"
        },
        {
          "action": "allow",
          "created_at": "2024-06-27T18:59:18Z",
          "description": "gecici",
          "direction": "ingress",
          "ethertype": "IPv4",
          "id": "cd2e347b-5882-4f72-b672-b88b66f1ccae",
          "ports": "5001",
          "priority": 1,
          "protocol": "tcp",
          "remote_address_group_id": "",
          "remote_group_id": "",
          "remote_ip_prefix": "0.0.0.0/0",
          "security_group_id": "230a1d26-47a6-4b0b-9c70-9b04d4e5b132",
          "updated_at": "2024-06-27T18:59:18Z"
        },
        {
          "action": "allow",
          "created_at": "2023-05-05T12:24:35Z",
          "description": "",
          "direction": "ingress",
          "ethertype": "IPv4",
          "id": "d3d13031-b42c-493b-b096-5390aba39d6b",
          "ports": "",
          "priority": 1,
          "protocol": "tcp",
          "remote_address_group_id": "",
          "remote_group_id": "230a1d26-47a6-4b0b-9c70-9b04d4e5b132",
          "remote_ip_prefix": "",
          "security_group_id": "230a1d26-47a6-4b0b-9c70-9b04d4e5b132",
          "updated_at": "2023-05-05T12:24:35Z"
        },
        {
          "action": "allow",
          "created_at": "2023-03-23T12:26:46Z",
          "description": "",
          "direction": "ingress",
          "ethertype": "IPv6",
          "id": "e1bb0470-cea9-49f6-92fd-3319b03dbabc",
          "ports": "",
          "priority": 100,
          "protocol": "",
          "remote_address_group_id": "",
          "remote_group_id": "230a1d26-47a6-4b0b-9c70-9b04d4e5b132",
          "remote_ip_prefix": "",
          "security_group_id": "230a1d26-47a6-4b0b-9c70-9b04d4e5b132",
          "updated_at": "2023-03-23T12:26:46Z"
        },
        {
          "action": "allow",
          "created_at": "2024-07-01T07:52:12Z",
          "description": "",
          "direction": "ingress",
          "ethertype": "IPv4",
          "id": "e5dbeca6-e10a-4bd5-9f20-49cc0b9fd2b2",
          "ports": "8080",
          "priority": 1,
          "protocol": "tcp",
          "remote_address_group_id": "",
          "remote_group_id": "230a1d26-47a6-4b0b-9c70-9b04d4e5b132",
          "remote_ip_prefix": "",
          "security_group_id": "230a1d26-47a6-4b0b-9c70-9b04d4e5b132",
          "updated_at": "2024-07-01T07:52:12Z"
        },
        {
          "action": "allow",
          "created_at": "2023-03-23T12:26:47Z",
          "description": "Permit default Windows remote desktop port.",
          "direction": "ingress",
          "ethertype": "IPv4",
          "id": "e99dc27c-94da-40b0-bfc5-2fb79482ba01",
          "ports": "3389",
          "priority": 1,
          "protocol": "tcp",
          "remote_address_group_id": "",
          "remote_group_id": "",
          "remote_ip_prefix": "0.0.0.0/0",
          "security_group_id": "230a1d26-47a6-4b0b-9c70-9b04d4e5b132",
          "updated_at": "2023-03-23T12:26:47Z"
        },
        {
          "action": "allow",
          "created_at": "2023-03-23T12:26:46Z",
          "description": "",
          "direction": "egress",
          "ethertype": "IPv4",
          "id": "f97e5cd6-ca81-44c2-92f6-aec0d6557a8b",
          "ports": "",
          "priority": 100,
          "protocol": "",
          "remote_address_group_id": "",
          "remote_group_id": "",
          "remote_ip_prefix": "",
          "security_group_id": "230a1d26-47a6-4b0b-9c70-9b04d4e5b132",
          "updated_at": "2023-03-23T12:26:46Z"
        }
      ],
      "type": [
        "list",
        [
          "object",
          {
            "action": "string",
            "created_at": "string",
            "description": "string",
            "direction": "string",
            "ethertype": "string",
            "id": "string",
            "ports": "string",
            "priority": "number",
            "protocol": "string",
            "remote_address_group_id": "string",
            "remote_group_id": "string",
            "remote_ip_prefix": "string",
            "security_group_id": "string",
            "updated_at": "string"
          }
        ]
      ]
    },
    "my_as_config_id": {
      "value": "6b3126cf-0fbe-425a-9ba6-007a7183c0ee",
      "type": "string"
    },
    "my_as_group_id": {
      "value": "3249c23f-78d4-42db-a74f-043c8b69de36",
      "type": "string"
    },
    "mycompute_instance_id": {
      "value": "420b517a-3ebd-47cb-9633-720a77275a76",
      "type": "string"
    },
    "mycompute_instance_ip": {
      "value": "192.168.10.95",
      "type": "string"
    },
    "rds_instance_endpoint": {
      "value": "75e7fae593cd40d2a341227983308f70in03",
      "type": "string"
    },
    "rds_instance_id": {
      "value": "75e7fae593cd40d2a341227983308f70in03",
      "type": "string"
    },
    "rds_instance_volume_size": {
      "value": 200,
      "type": "number"
    },
    "scaling_down_alarm_id": {
      "value": "al17318230262296NLw8dw6j",
      "type": "string"
    },
    "scaling_down_policy_id": {
      "value": "6e00af89-5bed-47b8-a68e-58af2e607d64",
      "type": "string"
    },
    "scaling_up_alarm_id": {
      "value": "al1731823026351pePk4zaEq",
      "type": "string"
    },
    "scaling_up_policy_id": {
      "value": "b4107e26-9e9a-4b52-93fc-b2de95ada11f",
      "type": "string"
    },
    "secgroup_id": {
      "value": "230a1d26-47a6-4b0b-9c70-9b04d4e5b132",
      "type": "string"
    },
    "secgroup_name": {
      "value": "default",
      "type": "string"
    },
    "subnet_cidr": {
      "value": "192.168.10.0/24",
      "type": "string"
    },
    "subnet_gateway_ip": {
      "value": "192.168.10.1",
      "type": "string"
    },
    "subnet_id": {
      "value": "ba20153e-2238-4b8a-9945-dc528d77a41b",
      "type": "string"
    },
    "vpc_id": {
      "value": "01a307b0-d8fa-4888-8082-d899abf03d1c",
      "type": "string"
    }
  },
  "resources": [
    {
      "mode": "data",
      "type": "huaweicloud_availability_zones",
      "name": "myaz",
      "provider": "provider[\"registry.terraform.io/huaweicloud/huaweicloud\"]",
      "instances": [
        {
          "schema_version": 0,
          "attributes": {
            "id": "221423761",
            "names": [
              "ap-southeast-3a",
              "ap-southeast-3b",
              "ap-southeast-3c",
              "ap-southeast-3e"
            ],
            "region": "ap-southeast-3",
            "state": "available"
          },
          "sensitive_attributes": []
        }
      ]
    },
    {
      "mode": "data",
      "type": "huaweicloud_compute_flavors",
      "name": "myflavor",
      "provider": "provider[\"registry.terraform.io/huaweicloud/huaweicloud\"]",
      "instances": [
        {
          "schema_version": 0,
          "attributes": {
            "availability_zone": "ap-southeast-3a",
            "cpu_core_count": 2,
            "flavors": [
              {
                "cpu_core_count": 2,
                "generation": "s3",
                "id": "s3.large.2",
                "memory_size": 4,
                "performance_type": "normal",
                "storage_type": ""
              },
              {
                "cpu_core_count": 2,
                "generation": "s6",
                "id": "s6.large.2",
                "memory_size": 4,
                "performance_type": "normal",
                "storage_type": ""
              }
            ],
            "generation": null,
            "id": "2797063393",
            "ids": [
              "s3.large.2",
              "s6.large.2"
            ],
            "memory_size": 4,
            "performance_type": "normal",
            "region": "ap-southeast-3",
            "storage_type": null
          },
          "sensitive_attributes": []
        }
      ]
    },
    {
      "mode": "data",
      "type": "huaweicloud_images_image",
      "name": "myimage",
      "provider": "provider[\"registry.terraform.io/huaweicloud/huaweicloud\"]",
      "instances": [
        {
          "schema_version": 0,
          "attributes": {
            "active_at": "",
            "architecture": "x86",
            "backup_id": "",
            "checksum": null,
            "container_format": "bare",
            "created_at": "2019-01-27T07:37:26Z",
            "data_origin": "",
            "description": "",
            "disk_format": "zvhd2",
            "enterprise_project_id": "",
            "file": "/v2/images/b0c2b3e0-6a1f-499b-9df0-4d1b2e374a54/file",
            "flavor_id": null,
            "id": "b0c2b3e0-6a1f-499b-9df0-4d1b2e374a54",
            "image_id": "b0c2b3e0-6a1f-499b-9df0-4d1b2e374a54",
            "image_type": "FusionCompute",
            "is_whole_image": null,
            "max_ram_mb": 4194304,
            "metadata": null,
            "min_disk_gb": 40,
            "min_ram_mb": 1024,
            "most_recent": true,
            "name": "Ubuntu 18.04 server 64bit",
            "name_regex": null,
            "os": "Ubuntu",
            "os_version": "Ubuntu 18.04 server 64bit",
            "owner": "c9fd059ecac04ceb89e708a2d61fd966",
            "protected": true,
            "region": "ap-southeast-3",
            "schema": "/v2/schemas/image",
            "size_bytes": 2365378560,
            "size_max": null,
            "size_min": null,
            "sort_direction": "asc",
            "sort_key": "name",
            "status": "active",
            "tag": null,
            "updated_at": "2024-03-18T08:12:25Z",
            "visibility": "public"
          },
          "sensitive_attributes": []
        }
      ]
    },
    {
      "mode": "data",
      "type": "huaweicloud_networking_secgroup",
      "name": "mysecgroup",
      "provider": "provider[\"registry.terraform.io/huaweicloud/huaweicloud\"]",
      "instances": [
        {
          "schema_version": 0,
          "attributes": {
            "created_at": "2023-03-23T12:26:46Z",
            "description": "Default security group",
            "enterprise_project_id": null,
            "id": "230a1d26-47a6-4b0b-9c70-9b04d4e5b132",
            "name": "default",
            "region": "ap-southeast-3",
            "rules": [
              {
                "action": "allow",
                "description": "",
                "direction": "ingress",
                "ethertype": "IPv4",
                "id": "3a3c18a4-50d1-4c42-af57-69846f11f3ad",
                "port_range_max": 0,
                "port_range_min": 0,
                "ports": "",
                "priority": 1,
                "protocol": "",
                "remote_address_group_id": "",
                "remote_group_id": "",
                "remote_ip_prefix": "172.16.0.0/12"
              },
              {
                "action": "allow",
                "description": "",
                "direction": "ingress",
                "ethertype": "IPv4",
                "id": "505807b8-cec1-4802-83c2-1c595f7e97fc",
                "port_range_max": 5432,
                "port_range_min": 5432,
                "ports": "5432",
                "priority": 1,
                "protocol": "tcp",
                "remote_address_group_id": "",
                "remote_group_id": "",
                "remote_ip_prefix": "192.168.10.0/24"
              },
              {
                "action": "allow",
                "description": "",
                "direction": "ingress",
                "ethertype": "IPv4",
                "id": "509e7323-36de-41e8-b1cd-0d19b94aa4c5",
                "port_range_max": 0,
                "port_range_min": 0,
                "ports": "",
                "priority": 1,
                "protocol": "",
                "remote_address_group_id": "",
                "remote_group_id": "",
                "remote_ip_prefix": "172.17.0.0/24"
              },
              {
                "action": "allow",
                "description": "",
                "direction": "ingress",
                "ethertype": "IPv4",
                "id": "56063075-f9f8-45c2-808f-c72b2165e30e",
                "port_range_max": 80,
                "port_range_min": 80,
                "ports": "80",
                "priority": 1,
                "protocol": "tcp",
                "remote_address_group_id": "",
                "remote_group_id": "",
                "remote_ip_prefix": "0.0.0.0/0"
              },
              {
                "action": "allow",
                "description": "Permit default Linux SSH port.",
                "direction": "ingress",
                "ethertype": "IPv4",
                "id": "5b32e8f4-873d-41e7-917e-22d25d6c37e4",
                "port_range_max": 22,
                "port_range_min": 22,
                "ports": "22",
                "priority": 1,
                "protocol": "tcp",
                "remote_address_group_id": "",
                "remote_group_id": "",
                "remote_ip_prefix": "0.0.0.0/0"
              },
              {
                "action": "allow",
                "description": "",
                "direction": "ingress",
                "ethertype": "IPv4",
                "id": "6b3b5735-fa29-420f-8a4e-3827891bb3ba",
                "port_range_max": 0,
                "port_range_min": 0,
                "ports": "",
                "priority": 1,
                "protocol": "",
                "remote_address_group_id": "",
                "remote_group_id": "",
                "remote_ip_prefix": "192.168.0.0/16"
              },
              {
                "action": "allow",
                "description": "",
                "direction": "ingress",
                "ethertype": "IPv4",
                "id": "82a1f010-d398-451f-8c5e-5f9befbfd1da",
                "port_range_max": 0,
                "port_range_min": 0,
                "ports": "",
                "priority": 1,
                "protocol": "",
                "remote_address_group_id": "",
                "remote_group_id": "",
                "remote_ip_prefix": "0.0.0.0/0"
              },
              {
                "action": "allow",
                "description": "",
                "direction": "ingress",
                "ethertype": "IPv4",
                "id": "b1716558-3044-43da-9dd8-8c549eecdcf8",
                "port_range_max": 8080,
                "port_range_min": 8080,
                "ports": "8080",
                "priority": 1,
                "protocol": "tcp",
                "remote_address_group_id": "",
                "remote_group_id": "",
                "remote_ip_prefix": "0.0.0.0/0"
              },
              {
                "action": "allow",
                "description": "gecici",
                "direction": "ingress",
                "ethertype": "IPv4",
                "id": "b1e9f08f-5c85-4c06-9e9e-2909c2cb0cd5",
                "port_range_max": 5000,
                "port_range_min": 5000,
                "ports": "5000",
                "priority": 1,
                "protocol": "tcp",
                "remote_address_group_id": "",
                "remote_group_id": "",
                "remote_ip_prefix": "0.0.0.0/0"
              },
              {
                "action": "allow",
                "description": "",
                "direction": "egress",
                "ethertype": "IPv6",
                "id": "bedfd0c2-61b1-4e88-baf8-b73b7ee062d7",
                "port_range_max": 0,
                "port_range_min": 0,
                "ports": "",
                "priority": 100,
                "protocol": "",
                "remote_address_group_id": "",
                "remote_group_id": "",
                "remote_ip_prefix": ""
              },
              {
                "action": "allow",
                "description": "",
                "direction": "ingress",
                "ethertype": "IPv4",
                "id": "c33d8e9b-7b4b-439a-9c03-a103255aa563",
                "port_range_max": 3306,
                "port_range_min": 3306,
                "ports": "3306",
                "priority": 1,
                "protocol": "tcp",
                "remote_address_group_id": "",
                "remote_group_id": "",
                "remote_ip_prefix": "0.0.0.0/0"
              },
              {
                "action": "allow",
                "description": "gecici",
                "direction": "ingress",
                "ethertype": "IPv4",
                "id": "cd2e347b-5882-4f72-b672-b88b66f1ccae",
                "port_range_max": 5001,
                "port_range_min": 5001,
                "ports": "5001",
                "priority": 1,
                "protocol": "tcp",
                "remote_address_group_id": "",
                "remote_group_id": "",
                "remote_ip_prefix": "0.0.0.0/0"
              },
              {
                "action": "allow",
                "description": "",
                "direction": "ingress",
                "ethertype": "IPv4",
                "id": "d3d13031-b42c-493b-b096-5390aba39d6b",
                "port_range_max": 0,
                "port_range_min": 0,
                "ports": "",
                "priority": 1,
                "protocol": "tcp",
                "remote_address_group_id": "",
                "remote_group_id": "230a1d26-47a6-4b0b-9c70-9b04d4e5b132",
                "remote_ip_prefix": ""
              },
              {
                "action": "allow",
                "description": "",
                "direction": "ingress",
                "ethertype": "IPv6",
                "id": "e1bb0470-cea9-49f6-92fd-3319b03dbabc",
                "port_range_max": 0,
                "port_range_min": 0,
                "ports": "",
                "priority": 100,
                "protocol": "",
                "remote_address_group_id": "",
                "remote_group_id": "230a1d26-47a6-4b0b-9c70-9b04d4e5b132",
                "remote_ip_prefix": ""
              },
              {
                "action": "allow",
                "description": "",
                "direction": "ingress",
                "ethertype": "IPv4",
                "id": "e5dbeca6-e10a-4bd5-9f20-49cc0b9fd2b2",
                "port_range_max": 8080,
                "port_range_min": 8080,
                "ports": "8080",
                "priority": 1,
                "protocol": "tcp",
                "remote_address_group_id": "",
                "remote_group_id": "230a1d26-47a6-4b0b-9c70-9b04d4e5b132",
                "remote_ip_prefix": ""
              },
              {
                "action": "allow",
                "description": "Permit default Windows remote desktop port.",
                "direction": "ingress",
                "ethertype": "IPv4",
                "id": "e99dc27c-94da-40b0-bfc5-2fb79482ba01",
                "port_range_max": 3389,
                "port_range_min": 3389,
                "ports": "3389",
                "priority": 1,
                "protocol": "tcp",
                "remote_address_group_id": "",
                "remote_group_id": "",
                "remote_ip_prefix": "0.0.0.0/0"
              },
              {
                "action": "allow",
                "description": "",
                "direction": "egress",
                "ethertype": "IPv4",
                "id": "f97e5cd6-ca81-44c2-92f6-aec0d6557a8b",
                "port_range_max": 0,
                "port_range_min": 0,
                "ports": "",
                "priority": 100,
                "protocol": "",
                "remote_address_group_id": "",
                "remote_group_id": "",
                "remote_ip_prefix": ""
              }
            ],
            "secgroup_id": null,
            "updated_at": "2023-03-23T12:26:46Z"
          },
          "sensitive_attributes": []
        }
      ]
    },
    {
      "mode": "data",
      "type": "huaweicloud_networking_secgroup_rules",
      "name": "existing_rules",
      "provider": "provider[\"registry.terraform.io/huaweicloud/huaweicloud\"]",
      "instances": [
        {
          "schema_version": 0,
          "attributes": {
            "action": null,
            "description": null,
            "direction": null,
            "id": "927aa8aa-b5df-05fa-9ebb-c2b2113b005e",
            "protocol": null,
            "region": "ap-southeast-3",
            "remote_group_id": null,
            "rule_id": null,
            "rules": [
              {
                "action": "allow",
                "created_at": "2024-10-23T11:20:00Z",
                "description": "",
                "direction": "ingress",
                "ethertype": "IPv4",
                "id": "3a3c18a4-50d1-4c42-af57-69846f11f3ad",
                "ports": "",
                "priority": 1,
                "protocol": "",
                "remote_address_group_id": "",
                "remote_group_id": "",
                "remote_ip_prefix": "172.16.0.0/12",
                "security_group_id": "230a1d26-47a6-4b0b-9c70-9b04d4e5b132",
                "updated_at": "2024-10-23T11:20:00Z"
              },
              {
                "action": "allow",
                "created_at": "2024-11-16T15:28:22Z",
                "description": "",
                "direction": "ingress",
                "ethertype": "IPv4",
                "id": "505807b8-cec1-4802-83c2-1c595f7e97fc",
                "ports": "5432",
                "priority": 1,
                "protocol": "tcp",
                "remote_address_group_id": "",
                "remote_group_id": "",
                "remote_ip_prefix": "192.168.10.0/24",
                "security_group_id": "230a1d26-47a6-4b0b-9c70-9b04d4e5b132",
                "updated_at": "2024-11-16T15:28:22Z"
              },
              {
                "action": "allow",
                "created_at": "2024-10-23T13:46:01Z",
                "description": "",
                "direction": "ingress",
                "ethertype": "IPv4",
                "id": "509e7323-36de-41e8-b1cd-0d19b94aa4c5",
                "ports": "",
                "priority": 1,
                "protocol": "",
                "remote_address_group_id": "",
                "remote_group_id": "",
                "remote_ip_prefix": "172.17.0.0/24",
                "security_group_id": "230a1d26-47a6-4b0b-9c70-9b04d4e5b132",
                "updated_at": "2024-10-23T13:46:01Z"
              },
              {
                "action": "allow",
                "created_at": "2023-05-22T21:39:11Z",
                "description": "",
                "direction": "ingress",
                "ethertype": "IPv4",
                "id": "56063075-f9f8-45c2-808f-c72b2165e30e",
                "ports": "80",
                "priority": 1,
                "protocol": "tcp",
                "remote_address_group_id": "",
                "remote_group_id": "",
                "remote_ip_prefix": "0.0.0.0/0",
                "security_group_id": "230a1d26-47a6-4b0b-9c70-9b04d4e5b132",
                "updated_at": "2023-05-22T21:39:11Z"
              },
              {
                "action": "allow",
                "created_at": "2023-05-09T05:30:22Z",
                "description": "Permit default Linux SSH port.",
                "direction": "ingress",
                "ethertype": "IPv4",
                "id": "5b32e8f4-873d-41e7-917e-22d25d6c37e4",
                "ports": "22",
                "priority": 1,
                "protocol": "tcp",
                "remote_address_group_id": "",
                "remote_group_id": "",
                "remote_ip_prefix": "0.0.0.0/0",
                "security_group_id": "230a1d26-47a6-4b0b-9c70-9b04d4e5b132",
                "updated_at": "2023-05-09T05:30:22Z"
              },
              {
                "action": "allow",
                "created_at": "2024-10-23T11:09:55Z",
                "description": "",
                "direction": "ingress",
                "ethertype": "IPv4",
                "id": "6b3b5735-fa29-420f-8a4e-3827891bb3ba",
                "ports": "",
                "priority": 1,
                "protocol": "",
                "remote_address_group_id": "",
                "remote_group_id": "",
                "remote_ip_prefix": "192.168.0.0/16",
                "security_group_id": "230a1d26-47a6-4b0b-9c70-9b04d4e5b132",
                "updated_at": "2024-10-23T11:09:55Z"
              },
              {
                "action": "allow",
                "created_at": "2023-08-02T12:56:28Z",
                "description": "",
                "direction": "ingress",
                "ethertype": "IPv4",
                "id": "82a1f010-d398-451f-8c5e-5f9befbfd1da",
                "ports": "",
                "priority": 1,
                "protocol": "",
                "remote_address_group_id": "",
                "remote_group_id": "",
                "remote_ip_prefix": "0.0.0.0/0",
                "security_group_id": "230a1d26-47a6-4b0b-9c70-9b04d4e5b132",
                "updated_at": "2023-08-02T12:56:28Z"
              },
              {
                "action": "allow",
                "created_at": "2024-06-27T13:28:05Z",
                "description": "",
                "direction": "ingress",
                "ethertype": "IPv4",
                "id": "b1716558-3044-43da-9dd8-8c549eecdcf8",
                "ports": "8080",
                "priority": 1,
                "protocol": "tcp",
                "remote_address_group_id": "",
                "remote_group_id": "",
                "remote_ip_prefix": "0.0.0.0/0",
                "security_group_id": "230a1d26-47a6-4b0b-9c70-9b04d4e5b132",
                "updated_at": "2024-06-27T13:28:05Z"
              },
              {
                "action": "allow",
                "created_at": "2024-06-27T18:59:18Z",
                "description": "gecici",
                "direction": "ingress",
                "ethertype": "IPv4",
                "id": "b1e9f08f-5c85-4c06-9e9e-2909c2cb0cd5",
                "ports": "5000",
                "priority": 1,
                "protocol": "tcp",
                "remote_address_group_id": "",
                "remote_group_id": "",
                "remote_ip_prefix": "0.0.0.0/0",
                "security_group_id": "230a1d26-47a6-4b0b-9c70-9b04d4e5b132",
                "updated_at": "2024-06-27T18:59:18Z"
              },
              {
                "action": "allow",
                "created_at": "2023-03-23T12:26:46Z",
                "description": "",
                "direction": "egress",
                "ethertype": "IPv6",
                "id": "bedfd0c2-61b1-4e88-baf8-b73b7ee062d7",
                "ports": "",
                "priority": 100,
                "protocol": "",
                "remote_address_group_id": "",
                "remote_group_id": "",
                "remote_ip_prefix": "",
                "security_group_id": "230a1d26-47a6-4b0b-9c70-9b04d4e5b132",
                "updated_at": "2023-03-23T12:26:46Z"
              },
              {
                "action": "allow",
                "created_at": "2023-07-20T12:12:31Z",
                "description": "",
                "direction": "ingress",
                "ethertype": "IPv4",
                "id": "c33d8e9b-7b4b-439a-9c03-a103255aa563",
                "ports": "3306",
                "priority": 1,
                "protocol": "tcp",
                "remote_address_group_id": "",
                "remote_group_id": "",
                "remote_ip_prefix": "0.0.0.0/0",
                "security_group_id": "230a1d26-47a6-4b0b-9c70-9b04d4e5b132",
                "updated_at": "2023-07-20T12:12:31Z"
              },
              {
                "action": "allow",
                "created_at": "2024-06-27T18:59:18Z",
                "description": "gecici",
                "direction": "ingress",
                "ethertype": "IPv4",
                "id": "cd2e347b-5882-4f72-b672-b88b66f1ccae",
                "ports": "5001",
                "priority": 1,
                "protocol": "tcp",
                "remote_address_group_id": "",
                "remote_group_id": "",
                "remote_ip_prefix": "0.0.0.0/0",
                "security_group_id": "230a1d26-47a6-4b0b-9c70-9b04d4e5b132",
                "updated_at": "2024-06-27T18:59:18Z"
              },
              {
                "action": "allow",
                "created_at": "2023-05-05T12:24:35Z",
                "description": "",
                "direction": "ingress",
                "ethertype": "IPv4",
                "id": "d3d13031-b42c-493b-b096-5390aba39d6b",
                "ports": "",
                "priority": 1,
                "protocol": "tcp",
                "remote_address_group_id": "",
                "remote_group_id": "230a1d26-47a6-4b0b-9c70-9b04d4e5b132",
                "remote_ip_prefix": "",
                "security_group_id": "230a1d26-47a6-4b0b-9c70-9b04d4e5b132",
                "updated_at": "2023-05-05T12:24:35Z"
              },
              {
                "action": "allow",
                "created_at": "2023-03-23T12:26:46Z",
                "description": "",
                "direction": "ingress",
                "ethertype": "IPv6",
                "id": "e1bb0470-cea9-49f6-92fd-3319b03dbabc",
                "ports": "",
                "priority": 100,
                "protocol": "",
                "remote_address_group_id": "",
                "remote_group_id": "230a1d26-47a6-4b0b-9c70-9b04d4e5b132",
                "remote_ip_prefix": "",
                "security_group_id": "230a1d26-47a6-4b0b-9c70-9b04d4e5b132",
                "updated_at": "2023-03-23T12:26:46Z"
              },
              {
                "action": "allow",
                "created_at": "2024-07-01T07:52:12Z",
                "description": "",
                "direction": "ingress",
                "ethertype": "IPv4",
                "id": "e5dbeca6-e10a-4bd5-9f20-49cc0b9fd2b2",
                "ports": "8080",
                "priority": 1,
                "protocol": "tcp",
                "remote_address_group_id": "",
                "remote_group_id": "230a1d26-47a6-4b0b-9c70-9b04d4e5b132",
                "remote_ip_prefix": "",
                "security_group_id": "230a1d26-47a6-4b0b-9c70-9b04d4e5b132",
                "updated_at": "2024-07-01T07:52:12Z"
              },
              {
                "action": "allow",
                "created_at": "2023-03-23T12:26:47Z",
                "description": "Permit default Windows remote desktop port.",
                "direction": "ingress",
                "ethertype": "IPv4",
                "id": "e99dc27c-94da-40b0-bfc5-2fb79482ba01",
                "ports": "3389",
                "priority": 1,
                "protocol": "tcp",
                "remote_address_group_id": "",
                "remote_group_id": "",
                "remote_ip_prefix": "0.0.0.0/0",
                "security_group_id": "230a1d26-47a6-4b0b-9c70-9b04d4e5b132",
                "updated_at": "2023-03-23T12:26:47Z"
              },
              {
                "action": "allow",
                "created_at": "2023-03-23T12:26:46Z",
                "description": "",
                "direction": "egress",
                "ethertype": "IPv4",
                "id": "f97e5cd6-ca81-44c2-92f6-aec0d6557a8b",
                "ports": "",
                "priority": 100,
                "protocol": "",
                "remote_address_group_id": "",
                "remote_group_id": "",
                "remote_ip_prefix": "",
                "security_group_id": "230a1d26-47a6-4b0b-9c70-9b04d4e5b132",
                "updated_at": "2023-03-23T12:26:46Z"
              }
            ],
            "security_group_id": "230a1d26-47a6-4b0b-9c70-9b04d4e5b132"
          },
          "sensitive_attributes": []
        }
      ]
    },
    {
      "mode": "managed",
      "type": "huaweicloud_as_configuration",
      "name": "my_as_config",
      "provider": "provider[\"registry.terraform.io/huaweicloud/huaweicloud\"]",
      "instances": [
        {
          "schema_version": 0,
          "attributes": {
            "id": "6b3126cf-0fbe-425a-9ba6-007a7183c0ee",
            "instance_config": [
              {
                "admin_pass": "",
                "charging_mode": "postPaid",
                "dedicated_host_id": "",
                "disk": [
                  {
                    "data_disk_image_id": "",
                    "dedicated_storage_id": "",
                    "disk_type": "SYS",
                    "iops": 0,
                    "kms_id": "",
                    "size": 40,
                    "snapshot_id": "",
                    "throughput": 0,
                    "volume_type": "SSD"
                  }
                ],
                "ecs_group_id": "",
                "flavor": "s3.large.2",
                "flavor_priority_policy": "PICK_FIRST",
                "image": "b0c2b3e0-6a1f-499b-9df0-4d1b2e374a54",
                "instance_id": "",
                "key_name": "",
                "metadata": {},
                "personality": [],
                "public_ip": [],
                "security_group_ids": [],
                "tenancy": "",
                "user_data": "I2Nsb3VkLWNvbmZpZwpydW5jbWQ6CiAgLSBlY2hvIEhlbGxvIFdvcmxkID4gL2V0Yy9tb3Rk"
              }
            ],
            "region": "ap-southeast-3",
            "scaling_configuration_name": "my_as_config",
            "status": "Bound"
          },
          "sensitive_attributes": [
            [
              {
                "type": "get_attr",
                "value": "instance_config"
              },
              {
                "type": "index",
                "value": {
                  "value": 0,
                  "type": "number"
                }
              },
              {
                "type": "get_attr",
                "value": "admin_pass"
              }
            ]
          ],
          "private": "bnVsbA==",
          "dependencies": [
            "data.huaweicloud_availability_zones.myaz",
            "data.huaweicloud_compute_flavors.myflavor",
            "data.huaweicloud_images_image.myimage"
          ]
        }
      ]
    },
    {
      "mode": "managed",
      "type": "huaweicloud_as_group",
      "name": "my_as_group",
      "provider": "provider[\"registry.terraform.io/huaweicloud/huaweicloud\"]",
      "instances": [
        {
          "schema_version": 0,
          "attributes": {
            "agency_name": "",
            "availability_zones": [
              "ap-southeast-3e",
              "ap-southeast-3b",
              "ap-southeast-3a",
              "ap-southeast-3c"
            ],
            "available_zones": null,
            "cool_down_time": 300,
            "current_instance_number": 0,
            "delete_instances": "yes",
            "delete_publicip": true,
            "delete_volume": true,
            "description": "",
            "desire_instance_number": 2,
            "enable": true,
            "enterprise_project_id": "0",
            "force_delete": null,
            "health_periodic_audit_grace_period": 600,
            "health_periodic_audit_method": "NOVA_AUDIT",
            "health_periodic_audit_time": 5,
            "id": "3249c23f-78d4-42db-a74f-043c8b69de36",
            "instance_terminate_policy": "OLD_CONFIG_OLD_INSTANCE",
            "instances": [],
            "lb_listener_id": "",
            "lbaas_listeners": [],
            "max_instance_number": 10,
            "min_instance_number": 0,
            "multi_az_scaling_policy": "EQUILIBRIUM_DISTRIBUTE",
            "networks": [
              {
                "id": "ba20153e-2238-4b8a-9945-dc528d77a41b",
                "ipv6_bandwidth_id": "",
                "ipv6_enable": false,
                "source_dest_check": true
              }
            ],
            "notifications": [],
            "region": "ap-southeast-3",
            "scaling_configuration_id": "6b3126cf-0fbe-425a-9ba6-007a7183c0ee",
            "scaling_group_name": "my_as_group",
            "security_groups": [
              {
                "id": "230a1d26-47a6-4b0b-9c70-9b04d4e5b132"
              }
            ],
            "status": "INSERVICE",
            "tags": {
              "owner": "AutoScaling"
            },
            "timeouts": null,
            "vpc_id": "01a307b0-d8fa-4888-8082-d899abf03d1c"
          },
          "sensitive_attributes": [],
          "private": "eyJlMmJmYjczMC1lY2FhLTExZTYtOGY4OC0zNDM2M2JjN2M0YzAiOnsiY3JlYXRlIjo2MDAwMDAwMDAwMDAsImRlbGV0ZSI6NjAwMDAwMDAwMDAwfX0=",
          "dependencies": [
            "data.huaweicloud_availability_zones.myaz",
            "data.huaweicloud_compute_flavors.myflavor",
            "data.huaweicloud_images_image.myimage",
            "data.huaweicloud_networking_secgroup.mysecgroup",
            "huaweicloud_as_configuration.my_as_config"
          ]
        }
      ]
    },
    {
      "mode": "managed",
      "type": "huaweicloud_as_policy",
      "name": "scaling_down_policy",
      "provider": "provider[\"registry.terraform.io/huaweicloud/huaweicloud\"]",
      "instances": [
        {
          "schema_version": 0,
          "attributes": {
            "action": "resume",
            "alarm_id": "al17318230262296NLw8dw6j",
            "cool_down_time": 300,
            "id": "6e00af89-5bed-47b8-a68e-58af2e607d64",
            "region": "ap-southeast-3",
            "scaling_group_id": "3249c23f-78d4-42db-a74f-043c8b69de36",
            "scaling_policy_action": [
              {
                "instance_number": 1,
                "instance_percentage": 0,
                "operation": "REMOVE"
              }
            ],
            "scaling_policy_name": "scaling_down_policy",
            "scaling_policy_type": "ALARM",
            "scheduled_policy": [],
            "status": "INSERVICE"
          },
          "sensitive_attributes": [],
          "private": "bnVsbA==",
          "dependencies": [
            "data.huaweicloud_availability_zones.myaz",
            "data.huaweicloud_compute_flavors.myflavor",
            "data.huaweicloud_images_image.myimage",
            "data.huaweicloud_networking_secgroup.mysecgroup",
            "huaweicloud_as_configuration.my_as_config",
            "huaweicloud_as_group.my_as_group",
            "huaweicloud_ces_alarmrule.scaling_down_rule"
          ]
        }
      ]
    },
    {
      "mode": "managed",
      "type": "huaweicloud_as_policy",
      "name": "scaling_up_policy",
      "provider": "provider[\"registry.terraform.io/huaweicloud/huaweicloud\"]",
      "instances": [
        {
          "schema_version": 0,
          "attributes": {
            "action": "resume",
            "alarm_id": "al1731823026351pePk4zaEq",
            "cool_down_time": 300,
            "id": "b4107e26-9e9a-4b52-93fc-b2de95ada11f",
            "region": "ap-southeast-3",
            "scaling_group_id": "3249c23f-78d4-42db-a74f-043c8b69de36",
            "scaling_policy_action": [
              {
                "instance_number": 1,
                "instance_percentage": 0,
                "operation": "ADD"
              }
            ],
            "scaling_policy_name": "scaling_up_policy",
            "scaling_policy_type": "ALARM",
            "scheduled_policy": [],
            "status": "INSERVICE"
          },
          "sensitive_attributes": [],
          "private": "bnVsbA==",
          "dependencies": [
            "data.huaweicloud_availability_zones.myaz",
            "data.huaweicloud_compute_flavors.myflavor",
            "data.huaweicloud_images_image.myimage",
            "data.huaweicloud_networking_secgroup.mysecgroup",
            "huaweicloud_as_configuration.my_as_config",
            "huaweicloud_as_group.my_as_group",
            "huaweicloud_ces_alarmrule.scaling_up_rule"
          ]
        }
      ]
    },
    {
      "mode": "managed",
      "type": "huaweicloud_ces_alarmrule",
      "name": "scaling_down_rule",
      "provider": "provider[\"registry.terraform.io/huaweicloud/huaweicloud\"]",
      "instances": [
        {
          "schema_version": 0,
          "attributes": {
            "alarm_action_enabled": true,
            "alarm_actions": [
              {
                "notification_list": [],
                "type": "autoscaling"
              }
            ],
            "alarm_description": "",
            "alarm_enabled": true,
            "alarm_level": 2,
            "alarm_name": "scaling_down_rule",
            "alarm_state": "ok",
            "alarm_type": "MULTI_INSTANCE",
            "condition": [
              {
                "alarm_level": 2,
                "comparison_operator": "\u003c=",
                "count": 1,
                "filter": "average",
                "metric_name": "cpu_util",
                "period": 300,
                "suppress_duration": 0,
                "unit": "%",
                "value": 20
              }
            ],
            "enterprise_project_id": "0",
            "id": "al17318230262296NLw8dw6j",
            "insufficientdata_actions": [],
            "metric": [
              {
                "dimensions": [
                  {
                    "name": "AutoScalingGroup",
                    "value": "3249c23f-78d4-42db-a74f-043c8b69de36"
                  }
                ],
                "metric_name": "cpu_util",
                "namespace": "SYS.AS"
              }
            ],
            "notification_begin_time": "",
            "notification_end_time": "",
            "ok_actions": [],
            "region": null,
            "resource_group_id": "",
            "resources": [
              {
                "dimensions": [
                  {
                    "name": "AutoScalingGroup",
                    "value": "3249c23f-78d4-42db-a74f-043c8b69de36"
                  }
                ]
              }
            ],
            "timeouts": null,
            "update_time": 1731823026000
          },
          "sensitive_attributes": [],
          "private": "eyJlMmJmYjczMC1lY2FhLTExZTYtOGY4OC0zNDM2M2JjN2M0YzAiOnsiY3JlYXRlIjo2MDAwMDAwMDAwMDAsImRlbGV0ZSI6MzAwMDAwMDAwMDAwLCJ1cGRhdGUiOjYwMDAwMDAwMDAwMH19",
          "dependencies": [
            "data.huaweicloud_availability_zones.myaz",
            "data.huaweicloud_compute_flavors.myflavor",
            "data.huaweicloud_images_image.myimage",
            "data.huaweicloud_networking_secgroup.mysecgroup",
            "huaweicloud_as_configuration.my_as_config",
            "huaweicloud_as_group.my_as_group"
          ]
        }
      ]
    },
    {
      "mode": "managed",
      "type": "huaweicloud_ces_alarmrule",
      "name": "scaling_up_rule",
      "provider": "provider[\"registry.terraform.io/huaweicloud/huaweicloud\"]",
      "instances": [
        {
          "schema_version": 0,
          "attributes": {
            "alarm_action_enabled": true,
            "alarm_actions": [
              {
                "notification_list": [],
                "type": "autoscaling"
              }
            ],
            "alarm_description": "",
            "alarm_enabled": true,
            "alarm_level": 2,
            "alarm_name": "scaling_up_rule",
            "alarm_state": "ok",
            "alarm_type": "MULTI_INSTANCE",
            "condition": [
              {
                "alarm_level": 2,
                "comparison_operator": "\u003e=",
                "count": 1,
                "filter": "average",
                "metric_name": "cpu_util",
                "period": 300,
                "suppress_duration": 0,
                "unit": "%",
                "value": 80
              }
            ],
            "enterprise_project_id": "0",
            "id": "al1731823026351pePk4zaEq",
            "insufficientdata_actions": [],
            "metric": [
              {
                "dimensions": [
                  {
                    "name": "AutoScalingGroup",
                    "value": "3249c23f-78d4-42db-a74f-043c8b69de36"
                  }
                ],
                "metric_name": "cpu_util",
                "namespace": "SYS.AS"
              }
            ],
            "notification_begin_time": "",
            "notification_end_time": "",
            "ok_actions": [],
            "region": null,
            "resource_group_id": "",
            "resources": [
              {
                "dimensions": [
                  {
                    "name": "AutoScalingGroup",
                    "value": "3249c23f-78d4-42db-a74f-043c8b69de36"
                  }
                ]
              }
            ],
            "timeouts": null,
            "update_time": 1731823026000
          },
          "sensitive_attributes": [],
          "private": "eyJlMmJmYjczMC1lY2FhLTExZTYtOGY4OC0zNDM2M2JjN2M0YzAiOnsiY3JlYXRlIjo2MDAwMDAwMDAwMDAsImRlbGV0ZSI6MzAwMDAwMDAwMDAwLCJ1cGRhdGUiOjYwMDAwMDAwMDAwMH19",
          "dependencies": [
            "data.huaweicloud_availability_zones.myaz",
            "data.huaweicloud_compute_flavors.myflavor",
            "data.huaweicloud_images_image.myimage",
            "data.huaweicloud_networking_secgroup.mysecgroup",
            "huaweicloud_as_configuration.my_as_config",
            "huaweicloud_as_group.my_as_group"
          ]
        }
      ]
    },
    {
      "mode": "managed",
      "type": "huaweicloud_compute_instance",
      "name": "mycompute",
      "provider": "provider[\"registry.terraform.io/huaweicloud/huaweicloud\"]",
      "instances": [
        {
          "schema_version": 0,
          "attributes": {
            "access_ip_v4": "192.168.10.95",
            "access_ip_v6": "",
            "admin_pass": null,
            "agency_name": "",
            "agent_list": "",
            "auto_pay": null,
            "auto_renew": null,
            "auto_terminate_time": "",
            "availability_zone": "ap-southeast-3a",
            "bandwidth": [],
            "charging_mode": "postPaid",
            "created_at": "2024-11-16T15:28:27Z",
            "data_disks": [],
            "delete_disks_on_termination": null,
            "delete_eip_on_termination": true,
            "description": "",
            "eip_id": null,
            "eip_type": null,
            "enterprise_project_id": "0",
            "expired_time": null,
            "flavor_id": "s3.large.2",
            "flavor_name": "s3.large.2",
            "hostname": "high-perf-low-cost",
            "id": "420b517a-3ebd-47cb-9633-720a77275a76",
            "image_id": "b0c2b3e0-6a1f-499b-9df0-4d1b2e374a54",
            "image_name": "Ubuntu 18.04 server 64bit",
            "key_pair": null,
            "metadata": null,
            "name": "high_perf_low_cost",
            "network": [
              {
                "access_network": false,
                "fixed_ip_v4": "192.168.10.95",
                "fixed_ip_v6": "",
                "ipv6_enable": false,
                "mac": "fa:16:3e:c4:26:7b",
                "port": "fca1799a-0e65-48d0-852d-6e914b71f236",
                "source_dest_check": true,
                "uuid": "ba20153e-2238-4b8a-9945-dc528d77a41b"
              }
            ],
            "period": null,
            "period_unit": null,
            "power_action": null,
            "private_key": null,
            "public_ip": null,
            "region": "ap-southeast-3",
            "scheduler_hints": [],
            "security_group_ids": [
              "230a1d26-47a6-4b0b-9c70-9b04d4e5b132"
            ],
            "security_groups": [
              "default"
            ],
            "spot_duration": null,
            "spot_duration_count": null,
            "spot_maximum_price": null,
            "status": "ACTIVE",
            "stop_before_destroy": false,
            "system_disk_dss_pool_id": null,
            "system_disk_id": "758237bb-e2dc-4bd6-bd5e-7477e42a44dd",
            "system_disk_iops": 0,
            "system_disk_kms_key_id": "",
            "system_disk_size": 40,
            "system_disk_throughput": 0,
            "system_disk_type": "GPSSD",
            "tags": {},
            "timeouts": null,
            "updated_at": "2024-11-16T15:29:19Z",
            "user_data": null,
            "user_id": null,
            "volume_attached": [
              {
                "boot_index": 0,
                "kms_key_id": "",
                "pci_address": "0000:02:01.0",
                "size": 40,
                "type": "GPSSD",
                "volume_id": "758237bb-e2dc-4bd6-bd5e-7477e42a44dd"
              }
            ]
          },
          "sensitive_attributes": [
            [
              {
                "type": "get_attr",
                "value": "admin_pass"
              }
            ],
            [
              {
                "type": "get_attr",
                "value": "private_key"
              }
            ]
          ],
          "private": "eyJlMmJmYjczMC1lY2FhLTExZTYtOGY4OC0zNDM2M2JjN2M0YzAiOnsiY3JlYXRlIjoxODAwMDAwMDAwMDAwLCJkZWxldGUiOjE4MDAwMDAwMDAwMDAsInVwZGF0ZSI6MTgwMDAwMDAwMDAwMH19",
          "dependencies": [
            "data.huaweicloud_availability_zones.myaz",
            "data.huaweicloud_compute_flavors.myflavor",
            "data.huaweicloud_images_image.myimage",
            "data.huaweicloud_networking_secgroup.mysecgroup",
            "huaweicloud_vpc.vpc_1",
            "huaweicloud_vpc_subnet.subnet1"
          ]
        }
      ]
    },
    {
      "mode": "managed",
      "type": "huaweicloud_networking_secgroup_rule",
      "name": "ecs_to_rds",
      "provider": "provider[\"registry.terraform.io/huaweicloud/huaweicloud\"]",
      "instances": [
        {
          "schema_version": 0,
          "attributes": {
            "action": "allow",
            "description": "",
            "direction": "ingress",
            "ethertype": "IPv4",
            "id": "505807b8-cec1-4802-83c2-1c595f7e97fc",
            "port_range_max": 5432,
            "port_range_min": 5432,
            "ports": "5432",
            "priority": 1,
            "protocol": "tcp",
            "region": "ap-southeast-3",
            "remote_address_group_id": "",
            "remote_group_id": "",
            "remote_ip_prefix": "192.168.10.0/24",
            "security_group_id": "230a1d26-47a6-4b0b-9c70-9b04d4e5b132",
            "timeouts": null
          },
          "sensitive_attributes": [],
          "private": "eyJlMmJmYjczMC1lY2FhLTExZTYtOGY4OC0zNDM2M2JjN2M0YzAiOnsiZGVsZXRlIjo2MDAwMDAwMDAwMDB9fQ==",
          "dependencies": [
            "data.huaweicloud_networking_secgroup.mysecgroup",
            "huaweicloud_vpc.vpc_1",
            "huaweicloud_vpc_subnet.subnet1"
          ]
        }
      ]
    },
    {
      "mode": "managed",
      "type": "huaweicloud_rds_instance",
      "name": "instance",
      "provider": "provider[\"registry.terraform.io/huaweicloud/huaweicloud\"]",
      "instances": [
        {
          "schema_version": 0,
          "attributes": {
            "auto_pay": null,
            "auto_renew": null,
            "availability_zone": [
              "ap-southeast-3a"
            ],
            "backup_strategy": [
              {
                "keep_days": 1,
                "period": "1,2,3,4,5,6,7",
                "start_time": "08:00-09:00"
              }
            ],
            "binlog_retention_hours": null,
            "charging_mode": "postPaid",
            "collation": "",
            "created": "2024-11-15T18:37:31+0000",
            "db": [
              {
                "password": "SecureP@ssw0rd!",
                "port": 5432,
                "type": "PostgreSQL",
                "user_name": "root",
                "version": "16"
              }
            ],
            "description": "",
            "dss_pool_id": null,
            "enterprise_project_id": "0",
            "fixed_ip": "192.168.10.168",
            "flavor": "rds.pg.n1.medium.2",
            "ha_replication_mode": "",
            "id": "75e7fae593cd40d2a341227983308f70in03",
            "lower_case_table_names": null,
            "maintain_begin": "18:00",
            "maintain_end": "22:00",
            "msdtc_hosts": [],
            "name": "low_perf_low_cost_rds",
            "nodes": [
              {
                "availability_zone": "ap-southeast-3a",
                "id": "64f538da2c4e4cc79006762b62f2832ano03",
                "name": "low_perf_low_cost_rds_node0",
                "role": "master",
                "status": "ACTIVE"
              }
            ],
            "param_group_id": null,
            "parameters": [],
            "period": null,
            "period_unit": null,
            "power_action": null,
            "private_dns_name_prefix": "75e7fae593cd40d2a341227983308f70in03",
            "private_dns_names": [
              "75e7fae593cd40d2a341227983308f70in03.internal.ap-southeast-3.postgresql.rds.myhuaweicloud.com"
            ],
            "private_ips": [
              "192.168.10.168"
            ],
            "public_ips": [],
            "read_write_permissions": null,
            "region": "ap-southeast-3",
            "restore": [],
            "rotate_day": null,
            "seconds_level_monitoring_enabled": null,
            "seconds_level_monitoring_interval": null,
            "secret_id": null,
            "secret_name": null,
            "secret_version": null,
            "security_group_id": "230a1d26-47a6-4b0b-9c70-9b04d4e5b132",
            "slow_log_show_original_status": null,
            "ssl_enable": true,
            "status": "ACTIVE",
            "subnet_id": "ba20153e-2238-4b8a-9945-dc528d77a41b",
            "switch_strategy": "",
            "tags": {},
            "tde_enabled": null,
            "time_zone": "UTC",
            "timeouts": null,
            "volume": [
              {
                "disk_encryption_id": "",
                "limit_size": 0,
                "size": 200,
                "trigger_threshold": 0,
                "type": "CLOUDSSD"
              }
            ],
            "vpc_id": "01a307b0-d8fa-4888-8082-d899abf03d1c"
          },
          "sensitive_attributes": [
            [
              {
                "type": "get_attr",
                "value": "db"
              },
              {
                "type": "index",
                "value": {
                  "value": 0,
                  "type": "number"
                }
              },
              {
                "type": "get_attr",
                "value": "password"
              }
            ]
          ],
          "private": "eyJlMmJmYjczMC1lY2FhLTExZTYtOGY4OC0zNDM2M2JjN2M0YzAiOnsiY3JlYXRlIjoxODAwMDAwMDAwMDAwLCJkZWZhdWx0Ijo5MDAwMDAwMDAwMDAsImRlbGV0ZSI6MTgwMDAwMDAwMDAwMCwicmVhZCI6OTAwMDAwMDAwMDAwLCJ1cGRhdGUiOjE4MDAwMDAwMDAwMDB9fQ==",
          "dependencies": [
            "data.huaweicloud_availability_zones.myaz",
            "data.huaweicloud_networking_secgroup.mysecgroup"
          ]
        }
      ]
    },
    {
      "mode": "managed",
      "type": "huaweicloud_vpc",
      "name": "vpc_1",
      "provider": "provider[\"registry.terraform.io/huaweicloud/huaweicloud\"]",
      "instances": [
        {
          "schema_version": 0,
          "attributes": {
            "cidr": "192.168.0.0/16",
            "description": "",
            "enterprise_project_id": "0",
            "id": "01a307b0-d8fa-4888-8082-d899abf03d1c",
            "name": "sefa_vpc",
            "region": "ap-southeast-3",
            "routes": [
              {
                "destination": "0.0.0.0/0",
                "nexthop": "192.168.10.186"
              }
            ],
            "secondary_cidr": null,
            "secondary_cidrs": [],
            "status": "OK",
            "tags": {},
            "timeouts": null
          },
          "sensitive_attributes": [],
          "private": "eyJlMmJmYjczMC1lY2FhLTExZTYtOGY4OC0zNDM2M2JjN2M0YzAiOnsiY3JlYXRlIjo2MDAwMDAwMDAwMDAsImRlbGV0ZSI6MTgwMDAwMDAwMDAwfX0="
        }
      ]
    },
    {
      "mode": "managed",
      "type": "huaweicloud_vpc_subnet",
      "name": "subnet1",
      "provider": "provider[\"registry.terraform.io/huaweicloud/huaweicloud\"]",
      "instances": [
        {
          "schema_version": 0,
          "attributes": {
            "availability_zone": "",
            "cidr": "192.168.10.0/24",
            "description": "",
            "dhcp_enable": true,
            "dhcp_lease_time": "87600h",
            "dns_list": [
              "100.125.1.250",
              "100.125.128.250"
            ],
            "gateway_ip": "192.168.10.1",
            "id": "ba20153e-2238-4b8a-9945-dc528d77a41b",
            "ipv4_subnet_id": "ab05c3a3-1576-43ae-8462-79bf800ae339",
            "ipv6_cidr": "",
            "ipv6_enable": false,
            "ipv6_gateway": "",
            "ipv6_subnet_id": "",
            "name": "subnet-web",
            "ntp_server_address": null,
            "primary_dns": "100.125.1.250",
            "region": "ap-southeast-3",
            "secondary_dns": "100.125.128.250",
            "subnet_id": "ab05c3a3-1576-43ae-8462-79bf800ae339",
            "tags": {},
            "timeouts": null,
            "vpc_id": "01a307b0-d8fa-4888-8082-d899abf03d1c"
          },
          "sensitive_attributes": [],
          "private": "eyJlMmJmYjczMC1lY2FhLTExZTYtOGY4OC0zNDM2M2JjN2M0YzAiOnsiY3JlYXRlIjozMDAwMDAwMDAwMDAsImRlbGV0ZSI6NjAwMDAwMDAwMDAwfX0=",
          "dependencies": [
            "huaweicloud_vpc.vpc_1"
          ]
        }
      ]
    }
  ],
  "check_results": null
}
