{
  "version": 4,
  "terraform_version": "1.9.8",
  "serial": 42,
  "lineage": "ad10f5eb-d272-90c5-8437-a28d3698814b",
  "outputs": {},
  "resources": [
    {
      "mode": "data",
      "type": "huaweicloud_availability_zones",
      "name": "low_az",
      "provider": "provider[\"registry.terraform.io/huaweicloud/huaweicloud\"]",
      "instances": [
        {
          "schema_version": 0,
          "attributes": {
            "id": "221423761",
            "names": [
              "ap-southeast-3a",
              "ap-southeast-3b",
              "ap-southeast-3c",
              "ap-southeast-3e"
            ],
            "region": "ap-southeast-3",
            "state": "available"
          },
          "sensitive_attributes": []
        }
      ]
    },
    {
      "mode": "data",
      "type": "huaweicloud_compute_flavors",
      "name": "low_flavor",
      "provider": "provider[\"registry.terraform.io/huaweicloud/huaweicloud\"]",
      "instances": [
        {
          "schema_version": 0,
          "attributes": {
            "availability_zone": "ap-southeast-3a",
            "cpu_core_count": 2,
            "flavors": [
              {
                "cpu_core_count": 2,
                "generation": "s3",
                "id": "s3.large.2",
                "memory_size": 4,
                "performance_type": "normal",
                "storage_type": ""
              }
            ],
            "generation": null,
            "id": "2487842041",
            "ids": [
              "s3.large.2"
            ],
            "memory_size": 4,
            "performance_type": "normal",
            "region": "ap-southeast-3",
            "storage_type": null
          },
          "sensitive_attributes": []
        }
      ]
    },
    {
      "mode": "data",
      "type": "huaweicloud_images_image",
      "name": "low_image",
      "provider": "provider[\"registry.terraform.io/huaweicloud/huaweicloud\"]",
      "instances": [
        {
          "schema_version": 0,
          "attributes": {
            "active_at": "",
            "architecture": "x86",
            "backup_id": "",
            "checksum": null,
            "container_format": "bare",
            "created_at": "2019-01-27T07:37:26Z",
            "data_origin": "",
            "description": "",
            "disk_format": "zvhd2",
            "enterprise_project_id": "",
            "file": "/v2/images/b0c2b3e0-6a1f-499b-9df0-4d1b2e374a54/file",
            "flavor_id": null,
            "id": "b0c2b3e0-6a1f-499b-9df0-4d1b2e374a54",
            "image_id": "b0c2b3e0-6a1f-499b-9df0-4d1b2e374a54",
            "image_type": "FusionCompute",
            "is_whole_image": null,
            "max_ram_mb": 4194304,
            "metadata": null,
            "min_disk_gb": 40,
            "min_ram_mb": 1024,
            "most_recent": true,
            "name": "Ubuntu 18.04 server 64bit",
            "name_regex": null,
            "os": "Ubuntu",
            "os_version": "Ubuntu 18.04 server 64bit",
            "owner": "c9fd059ecac04ceb89e708a2d61fd966",
            "protected": true,
            "region": "ap-southeast-3",
            "schema": "/v2/schemas/image",
            "size_bytes": 2365378560,
            "size_max": null,
            "size_min": null,
            "sort_direction": "asc",
            "sort_key": "name",
            "status": "active",
            "tag": null,
            "updated_at": "2024-03-18T08:12:25Z",
            "visibility": "public"
          },
          "sensitive_attributes": []
        }
      ]
    },
    {
      "mode": "data",
      "type": "huaweicloud_networking_secgroup",
      "name": "low_secgroup",
      "provider": "provider[\"registry.terraform.io/huaweicloud/huaweicloud\"]",
      "instances": [
        {
          "schema_version": 0,
          "attributes": {
            "created_at": "2023-03-23T12:26:46Z",
            "description": "Default security group",
            "enterprise_project_id": null,
            "id": "230a1d26-47a6-4b0b-9c70-9b04d4e5b132",
            "name": "default",
            "region": "ap-southeast-3",
            "rules": [
              {
                "action": "allow",
                "description": "",
                "direction": "ingress",
                "ethertype": "IPv4",
                "id": "3a3c18a4-50d1-4c42-af57-69846f11f3ad",
                "port_range_max": 0,
                "port_range_min": 0,
                "ports": "",
                "priority": 1,
                "protocol": "",
                "remote_address_group_id": "",
                "remote_group_id": "",
                "remote_ip_prefix": "172.16.0.0/12"
              },
              {
                "action": "allow",
                "description": "",
                "direction": "ingress",
                "ethertype": "IPv4",
                "id": "505807b8-cec1-4802-83c2-1c595f7e97fc",
                "port_range_max": 5432,
                "port_range_min": 5432,
                "ports": "5432",
                "priority": 1,
                "protocol": "tcp",
                "remote_address_group_id": "",
                "remote_group_id": "",
                "remote_ip_prefix": "192.168.10.0/24"
              },
              {
                "action": "allow",
                "description": "",
                "direction": "ingress",
                "ethertype": "IPv4",
                "id": "509e7323-36de-41e8-b1cd-0d19b94aa4c5",
                "port_range_max": 0,
                "port_range_min": 0,
                "ports": "",
                "priority": 1,
                "protocol": "",
                "remote_address_group_id": "",
                "remote_group_id": "",
                "remote_ip_prefix": "172.17.0.0/24"
              },
              {
                "action": "allow",
                "description": "",
                "direction": "ingress",
                "ethertype": "IPv4",
                "id": "56063075-f9f8-45c2-808f-c72b2165e30e",
                "port_range_max": 80,
                "port_range_min": 80,
                "ports": "80",
                "priority": 1,
                "protocol": "tcp",
                "remote_address_group_id": "",
                "remote_group_id": "",
                "remote_ip_prefix": "0.0.0.0/0"
              },
              {
                "action": "allow",
                "description": "Permit default Linux SSH port.",
                "direction": "ingress",
                "ethertype": "IPv4",
                "id": "5b32e8f4-873d-41e7-917e-22d25d6c37e4",
                "port_range_max": 22,
                "port_range_min": 22,
                "ports": "22",
                "priority": 1,
                "protocol": "tcp",
                "remote_address_group_id": "",
                "remote_group_id": "",
                "remote_ip_prefix": "0.0.0.0/0"
              },
              {
                "action": "allow",
                "description": "",
                "direction": "ingress",
                "ethertype": "IPv4",
                "id": "6b3b5735-fa29-420f-8a4e-3827891bb3ba",
                "port_range_max": 0,
                "port_range_min": 0,
                "ports": "",
                "priority": 1,
                "protocol": "",
                "remote_address_group_id": "",
                "remote_group_id": "",
                "remote_ip_prefix": "192.168.0.0/16"
              },
              {
                "action": "allow",
                "description": "",
                "direction": "ingress",
                "ethertype": "IPv4",
                "id": "82a1f010-d398-451f-8c5e-5f9befbfd1da",
                "port_range_max": 0,
                "port_range_min": 0,
                "ports": "",
                "priority": 1,
                "protocol": "",
                "remote_address_group_id": "",
                "remote_group_id": "",
                "remote_ip_prefix": "0.0.0.0/0"
              },
              {
                "action": "allow",
                "description": "",
                "direction": "ingress",
                "ethertype": "IPv4",
                "id": "b1716558-3044-43da-9dd8-8c549eecdcf8",
                "port_range_max": 8080,
                "port_range_min": 8080,
                "ports": "8080",
                "priority": 1,
                "protocol": "tcp",
                "remote_address_group_id": "",
                "remote_group_id": "",
                "remote_ip_prefix": "0.0.0.0/0"
              },
              {
                "action": "allow",
                "description": "gecici",
                "direction": "ingress",
                "ethertype": "IPv4",
                "id": "b1e9f08f-5c85-4c06-9e9e-2909c2cb0cd5",
                "port_range_max": 5000,
                "port_range_min": 5000,
                "ports": "5000",
                "priority": 1,
                "protocol": "tcp",
                "remote_address_group_id": "",
                "remote_group_id": "",
                "remote_ip_prefix": "0.0.0.0/0"
              },
              {
                "action": "allow",
                "description": "",
                "direction": "egress",
                "ethertype": "IPv6",
                "id": "bedfd0c2-61b1-4e88-baf8-b73b7ee062d7",
                "port_range_max": 0,
                "port_range_min": 0,
                "ports": "",
                "priority": 100,
                "protocol": "",
                "remote_address_group_id": "",
                "remote_group_id": "",
                "remote_ip_prefix": ""
              },
              {
                "action": "allow",
                "description": "",
                "direction": "ingress",
                "ethertype": "IPv4",
                "id": "c33d8e9b-7b4b-439a-9c03-a103255aa563",
                "port_range_max": 3306,
                "port_range_min": 3306,
                "ports": "3306",
                "priority": 1,
                "protocol": "tcp",
                "remote_address_group_id": "",
                "remote_group_id": "",
                "remote_ip_prefix": "0.0.0.0/0"
              },
              {
                "action": "allow",
                "description": "gecici",
                "direction": "ingress",
                "ethertype": "IPv4",
                "id": "cd2e347b-5882-4f72-b672-b88b66f1ccae",
                "port_range_max": 5001,
                "port_range_min": 5001,
                "ports": "5001",
                "priority": 1,
                "protocol": "tcp",
                "remote_address_group_id": "",
                "remote_group_id": "",
                "remote_ip_prefix": "0.0.0.0/0"
              },
              {
                "action": "allow",
                "description": "",
                "direction": "ingress",
                "ethertype": "IPv4",
                "id": "d3d13031-b42c-493b-b096-5390aba39d6b",
                "port_range_max": 0,
                "port_range_min": 0,
                "ports": "",
                "priority": 1,
                "protocol": "tcp",
                "remote_address_group_id": "",
                "remote_group_id": "230a1d26-47a6-4b0b-9c70-9b04d4e5b132",
                "remote_ip_prefix": ""
              },
              {
                "action": "allow",
                "description": "",
                "direction": "ingress",
                "ethertype": "IPv6",
                "id": "e1bb0470-cea9-49f6-92fd-3319b03dbabc",
                "port_range_max": 0,
                "port_range_min": 0,
                "ports": "",
                "priority": 100,
                "protocol": "",
                "remote_address_group_id": "",
                "remote_group_id": "230a1d26-47a6-4b0b-9c70-9b04d4e5b132",
                "remote_ip_prefix": ""
              },
              {
                "action": "allow",
                "description": "",
                "direction": "ingress",
                "ethertype": "IPv4",
                "id": "e5dbeca6-e10a-4bd5-9f20-49cc0b9fd2b2",
                "port_range_max": 8080,
                "port_range_min": 8080,
                "ports": "8080",
                "priority": 1,
                "protocol": "tcp",
                "remote_address_group_id": "",
                "remote_group_id": "230a1d26-47a6-4b0b-9c70-9b04d4e5b132",
                "remote_ip_prefix": ""
              },
              {
                "action": "allow",
                "description": "Permit default Windows remote desktop port.",
                "direction": "ingress",
                "ethertype": "IPv4",
                "id": "e99dc27c-94da-40b0-bfc5-2fb79482ba01",
                "port_range_max": 3389,
                "port_range_min": 3389,
                "ports": "3389",
                "priority": 1,
                "protocol": "tcp",
                "remote_address_group_id": "",
                "remote_group_id": "",
                "remote_ip_prefix": "0.0.0.0/0"
              },
              {
                "action": "allow",
                "description": "",
                "direction": "egress",
                "ethertype": "IPv4",
                "id": "f97e5cd6-ca81-44c2-92f6-aec0d6557a8b",
                "port_range_max": 0,
                "port_range_min": 0,
                "ports": "",
                "priority": 100,
                "protocol": "",
                "remote_address_group_id": "",
                "remote_group_id": "",
                "remote_ip_prefix": ""
              }
            ],
            "secgroup_id": null,
            "updated_at": "2023-03-23T12:26:46Z"
          },
          "sensitive_attributes": []
        }
      ]
    },
    {
      "mode": "managed",
      "type": "huaweicloud_compute_instance",
      "name": "low_instance",
      "provider": "provider[\"registry.terraform.io/huaweicloud/huaweicloud\"]",
      "instances": [
        {
          "index_key": 0,
          "schema_version": 0,
          "attributes": {
            "access_ip_v4": "172.16.10.223",
            "access_ip_v6": "",
            "admin_pass": null,
            "agency_name": "",
            "agent_list": "",
            "auto_pay": null,
            "auto_renew": null,
            "auto_terminate_time": "",
            "availability_zone": "ap-southeast-3a",
            "bandwidth": [],
            "charging_mode": "postPaid",
            "created_at": "2024-11-21T06:52:43Z",
            "data_disks": [],
            "delete_disks_on_termination": null,
            "delete_eip_on_termination": true,
            "description": "",
            "eip_id": null,
            "eip_type": null,
            "enterprise_project_id": "0",
            "expired_time": null,
            "flavor_id": "s3.large.2",
            "flavor_name": "s3.large.2",
            "hostname": "low-instance-0",
            "id": "2c60a518-5522-445b-b735-d99f92d90d99",
            "image_id": "b0c2b3e0-6a1f-499b-9df0-4d1b2e374a54",
            "image_name": "Ubuntu 18.04 server 64bit",
            "key_pair": null,
            "metadata": null,
            "name": "low-instance-0",
            "network": [
              {
                "access_network": false,
                "fixed_ip_v4": "172.16.10.223",
                "fixed_ip_v6": "",
                "ipv6_enable": false,
                "mac": "fa:16:3e:84:7e:53",
                "port": "10898bad-61b4-4ba9-b30e-fecf2034d0f1",
                "source_dest_check": true,
                "uuid": "4d994671-6a72-4c98-be3e-cb67ca6f9f18"
              }
            ],
            "period": null,
            "period_unit": null,
            "power_action": null,
            "private_key": null,
            "public_ip": null,
            "region": "ap-southeast-3",
            "scheduler_hints": [],
            "security_group_ids": [
              "230a1d26-47a6-4b0b-9c70-9b04d4e5b132"
            ],
            "security_groups": [
              "default"
            ],
            "spot_duration": null,
            "spot_duration_count": null,
            "spot_maximum_price": null,
            "status": "ACTIVE",
            "stop_before_destroy": false,
            "system_disk_dss_pool_id": null,
            "system_disk_id": "677b8c0c-c11b-4e48-8d65-7e21c6b75aa3",
            "system_disk_iops": 0,
            "system_disk_kms_key_id": "",
            "system_disk_size": 40,
            "system_disk_throughput": 0,
            "system_disk_type": "GPSSD",
            "tags": {},
            "timeouts": null,
            "updated_at": "2024-11-21T06:53:46Z",
            "user_data": null,
            "user_id": null,
            "volume_attached": [
              {
                "boot_index": 0,
                "kms_key_id": "",
                "pci_address": "0000:02:01.0",
                "size": 40,
                "type": "GPSSD",
                "volume_id": "677b8c0c-c11b-4e48-8d65-7e21c6b75aa3"
              }
            ]
          },
          "sensitive_attributes": [
            [
              {
                "type": "get_attr",
                "value": "admin_pass"
              }
            ],
            [
              {
                "type": "get_attr",
                "value": "private_key"
              }
            ]
          ],
          "private": "eyJlMmJmYjczMC1lY2FhLTExZTYtOGY4OC0zNDM2M2JjN2M0YzAiOnsiY3JlYXRlIjoxODAwMDAwMDAwMDAwLCJkZWxldGUiOjE4MDAwMDAwMDAwMDAsInVwZGF0ZSI6MTgwMDAwMDAwMDAwMH19",
          "dependencies": [
            "data.huaweicloud_availability_zones.low_az",
            "data.huaweicloud_compute_flavors.low_flavor",
            "data.huaweicloud_images_image.low_image",
            "data.huaweicloud_networking_secgroup.low_secgroup",
            "huaweicloud_vpc.low_vpc",
            "huaweicloud_vpc_subnet.low_subnet"
          ]
        },
        {
          "index_key": 1,
          "schema_version": 0,
          "attributes": {
            "access_ip_v4": "172.16.10.49",
            "access_ip_v6": "",
            "admin_pass": null,
            "agency_name": "",
            "agent_list": "",
            "auto_pay": null,
            "auto_renew": null,
            "auto_terminate_time": "",
            "availability_zone": "ap-southeast-3a",
            "bandwidth": [],
            "charging_mode": "postPaid",
            "created_at": "2024-11-21T06:52:42Z",
            "data_disks": [],
            "delete_disks_on_termination": null,
            "delete_eip_on_termination": true,
            "description": "",
            "eip_id": null,
            "eip_type": null,
            "enterprise_project_id": "0",
            "expired_time": null,
            "flavor_id": "s3.large.2",
            "flavor_name": "s3.large.2",
            "hostname": "low-instance-1",
            "id": "8c4e3505-f5e5-4fc8-9bce-5fb48df2f2f2",
            "image_id": "b0c2b3e0-6a1f-499b-9df0-4d1b2e374a54",
            "image_name": "Ubuntu 18.04 server 64bit",
            "key_pair": null,
            "metadata": null,
            "name": "low-instance-1",
            "network": [
              {
                "access_network": false,
                "fixed_ip_v4": "172.16.10.49",
                "fixed_ip_v6": "",
                "ipv6_enable": false,
                "mac": "fa:16:3e:84:7e:a5",
                "port": "38766513-981f-4f53-a4fe-d578c6ccca88",
                "source_dest_check": true,
                "uuid": "4d994671-6a72-4c98-be3e-cb67ca6f9f18"
              }
            ],
            "period": null,
            "period_unit": null,
            "power_action": null,
            "private_key": null,
            "public_ip": null,
            "region": "ap-southeast-3",
            "scheduler_hints": [],
            "security_group_ids": [
              "230a1d26-47a6-4b0b-9c70-9b04d4e5b132"
            ],
            "security_groups": [
              "default"
            ],
            "spot_duration": null,
            "spot_duration_count": null,
            "spot_maximum_price": null,
            "status": "ACTIVE",
            "stop_before_destroy": false,
            "system_disk_dss_pool_id": null,
            "system_disk_id": "2f265431-cf31-4518-b4d7-601ac346613e",
            "system_disk_iops": 0,
            "system_disk_kms_key_id": "",
            "system_disk_size": 40,
            "system_disk_throughput": 0,
            "system_disk_type": "GPSSD",
            "tags": {},
            "timeouts": null,
            "updated_at": "2024-11-21T06:53:40Z",
            "user_data": null,
            "user_id": null,
            "volume_attached": [
              {
                "boot_index": 0,
                "kms_key_id": "",
                "pci_address": "0000:02:01.0",
                "size": 40,
                "type": "GPSSD",
                "volume_id": "2f265431-cf31-4518-b4d7-601ac346613e"
              }
            ]
          },
          "sensitive_attributes": [
            [
              {
                "type": "get_attr",
                "value": "private_key"
              }
            ],
            [
              {
                "type": "get_attr",
                "value": "admin_pass"
              }
            ]
          ],
          "private": "eyJlMmJmYjczMC1lY2FhLTExZTYtOGY4OC0zNDM2M2JjN2M0YzAiOnsiY3JlYXRlIjoxODAwMDAwMDAwMDAwLCJkZWxldGUiOjE4MDAwMDAwMDAwMDAsInVwZGF0ZSI6MTgwMDAwMDAwMDAwMH19",
          "dependencies": [
            "data.huaweicloud_availability_zones.low_az",
            "data.huaweicloud_compute_flavors.low_flavor",
            "data.huaweicloud_images_image.low_image",
            "data.huaweicloud_networking_secgroup.low_secgroup",
            "huaweicloud_vpc.low_vpc",
            "huaweicloud_vpc_subnet.low_subnet"
          ]
        }
      ]
    },
    {
      "mode": "managed",
      "type": "huaweicloud_compute_volume_attach",
      "name": "low_attached",
      "provider": "provider[\"registry.terraform.io/huaweicloud/huaweicloud\"]",
      "instances": [
        {
          "index_key": 0,
          "schema_version": 0,
          "attributes": {
            "device": "/dev/vdb",
            "id": "2c60a518-5522-445b-b735-d99f92d90d99/42f1d053-0db1-4e9f-af2b-9fe19cd3d4e1",
            "instance_id": "2c60a518-5522-445b-b735-d99f92d90d99",
            "pci_address": "0000:02:02.0",
            "region": "ap-southeast-3",
            "timeouts": null,
            "volume_id": "42f1d053-0db1-4e9f-af2b-9fe19cd3d4e1"
          },
          "sensitive_attributes": [],
          "private": "eyJlMmJmYjczMC1lY2FhLTExZTYtOGY4OC0zNDM2M2JjN2M0YzAiOnsiY3JlYXRlIjo2MDAwMDAwMDAwMDAsImRlbGV0ZSI6NjAwMDAwMDAwMDAwfX0=",
          "dependencies": [
            "data.huaweicloud_availability_zones.low_az",
            "data.huaweicloud_compute_flavors.low_flavor",
            "data.huaweicloud_images_image.low_image",
            "data.huaweicloud_networking_secgroup.low_secgroup",
            "huaweicloud_compute_instance.low_instance",
            "huaweicloud_evs_volume.low_volume",
            "huaweicloud_vpc.low_vpc",
            "huaweicloud_vpc_subnet.low_subnet"
          ]
        },
        {
          "index_key": 1,
          "schema_version": 0,
          "attributes": {
            "device": "/dev/vdb",
            "id": "8c4e3505-f5e5-4fc8-9bce-5fb48df2f2f2/b115fb0d-e58a-4e47-a00d-b36c34933e45",
            "instance_id": "8c4e3505-f5e5-4fc8-9bce-5fb48df2f2f2",
            "pci_address": "0000:02:02.0",
            "region": "ap-southeast-3",
            "timeouts": null,
            "volume_id": "b115fb0d-e58a-4e47-a00d-b36c34933e45"
          },
          "sensitive_attributes": [],
          "private": "eyJlMmJmYjczMC1lY2FhLTExZTYtOGY4OC0zNDM2M2JjN2M0YzAiOnsiY3JlYXRlIjo2MDAwMDAwMDAwMDAsImRlbGV0ZSI6NjAwMDAwMDAwMDAwfX0=",
          "dependencies": [
            "data.huaweicloud_availability_zones.low_az",
            "data.huaweicloud_compute_flavors.low_flavor",
            "data.huaweicloud_images_image.low_image",
            "data.huaweicloud_networking_secgroup.low_secgroup",
            "huaweicloud_compute_instance.low_instance",
            "huaweicloud_evs_volume.low_volume",
            "huaweicloud_vpc.low_vpc",
            "huaweicloud_vpc_subnet.low_subnet"
          ]
        }
      ]
    },
    {
      "mode": "managed",
      "type": "huaweicloud_evs_volume",
      "name": "low_volume",
      "provider": "provider[\"registry.terraform.io/huaweicloud/huaweicloud\"]",
      "instances": [
        {
          "index_key": 0,
          "schema_version": 0,
          "attributes": {
            "attachment": [],
            "auto_pay": null,
            "auto_renew": null,
            "availability_zone": "ap-southeast-3a",
            "backup_id": null,
            "cascade": false,
            "charging_mode": null,
            "dedicated_storage_id": "",
            "dedicated_storage_name": "",
            "description": "",
            "device_type": "VBD",
            "enterprise_project_id": "0",
            "id": "42f1d053-0db1-4e9f-af2b-9fe19cd3d4e1",
            "image_id": null,
            "iops": 0,
            "kms_id": null,
            "multiattach": false,
            "name": "low-volume-0",
            "period": null,
            "period_unit": null,
            "region": "ap-southeast-3",
            "server_id": null,
            "size": 10,
            "snapshot_id": "",
            "tags": null,
            "throughput": 0,
            "timeouts": null,
            "volume_type": "SSD",
            "wwn": "688860300002454ffa16d52047010719"
          },
          "sensitive_attributes": [],
          "private": "eyJlMmJmYjczMC1lY2FhLTExZTYtOGY4OC0zNDM2M2JjN2M0YzAiOnsiY3JlYXRlIjo2MDAwMDAwMDAwMDAsImRlbGV0ZSI6MTgwMDAwMDAwMDAwLCJ1cGRhdGUiOjE4MDAwMDAwMDAwMH19",
          "dependencies": [
            "data.huaweicloud_availability_zones.low_az",
            "data.huaweicloud_compute_flavors.low_flavor",
            "data.huaweicloud_images_image.low_image",
            "data.huaweicloud_networking_secgroup.low_secgroup",
            "huaweicloud_compute_instance.low_instance",
            "huaweicloud_vpc.low_vpc",
            "huaweicloud_vpc_subnet.low_subnet"
          ]
        },
        {
          "index_key": 1,
          "schema_version": 0,
          "attributes": {
            "attachment": [],
            "auto_pay": null,
            "auto_renew": null,
            "availability_zone": "ap-southeast-3a",
            "backup_id": null,
            "cascade": false,
            "charging_mode": null,
            "dedicated_storage_id": "",
            "dedicated_storage_name": "",
            "description": "",
            "device_type": "VBD",
            "enterprise_project_id": "0",
            "id": "b115fb0d-e58a-4e47-a00d-b36c34933e45",
            "image_id": null,
            "iops": 0,
            "kms_id": null,
            "multiattach": false,
            "name": "low-volume-1",
            "period": null,
            "period_unit": null,
            "region": "ap-southeast-3",
            "server_id": null,
            "size": 10,
            "snapshot_id": "",
            "tags": null,
            "throughput": 0,
            "timeouts": null,
            "volume_type": "SSD",
            "wwn": "688860300002454efa16d52047010719"
          },
          "sensitive_attributes": [],
          "private": "eyJlMmJmYjczMC1lY2FhLTExZTYtOGY4OC0zNDM2M2JjN2M0YzAiOnsiY3JlYXRlIjo2MDAwMDAwMDAwMDAsImRlbGV0ZSI6MTgwMDAwMDAwMDAwLCJ1cGRhdGUiOjE4MDAwMDAwMDAwMH19",
          "dependencies": [
            "data.huaweicloud_availability_zones.low_az",
            "data.huaweicloud_compute_flavors.low_flavor",
            "data.huaweicloud_images_image.low_image",
            "data.huaweicloud_networking_secgroup.low_secgroup",
            "huaweicloud_compute_instance.low_instance",
            "huaweicloud_vpc.low_vpc",
            "huaweicloud_vpc_subnet.low_subnet"
          ]
        }
      ]
    },
    {
      "mode": "managed",
      "type": "huaweicloud_networking_secgroup",
      "name": "basic_secgroup",
      "provider": "provider[\"registry.terraform.io/huaweicloud/huaweicloud\"]",
      "instances": [
        {
          "schema_version": 0,
          "attributes": {
            "created_at": "2024-11-21T06:52:21Z",
            "delete_default_rules": null,
            "description": "",
            "enterprise_project_id": "0",
            "id": "7e760576-6c35-413f-ad8f-8335ee9db7b4",
            "name": "basic-security-group",
            "region": "ap-southeast-3",
            "rules": [
              {
                "action": "allow",
                "description": "",
                "direction": "ingress",
                "ethertype": "IPv4",
                "id": "3662a451-4fad-43a6-b80d-0986ac46ca0e",
                "port_range_max": 443,
                "port_range_min": 443,
                "ports": "443",
                "priority": 1,
                "protocol": "tcp",
                "remote_address_group_id": "",
                "remote_group_id": "",
                "remote_ip_prefix": "0.0.0.0/0"
              },
              {
                "action": "allow",
                "description": "",
                "direction": "ingress",
                "ethertype": "IPv4",
                "id": "982760d7-1ce4-40d8-a1db-3d8225683f37",
                "port_range_max": 80,
                "port_range_min": 80,
                "ports": "80",
                "priority": 1,
                "protocol": "tcp",
                "remote_address_group_id": "",
                "remote_group_id": "",
                "remote_ip_prefix": "0.0.0.0/0"
              },
              {
                "action": "allow",
                "description": "",
                "direction": "egress",
                "ethertype": "IPv4",
                "id": "009c249e-ac91-4a3b-bdff-0e58194320c3",
                "port_range_max": 0,
                "port_range_min": 0,
                "ports": "",
                "priority": 100,
                "protocol": "",
                "remote_address_group_id": "",
                "remote_group_id": "",
                "remote_ip_prefix": ""
              },
              {
                "action": "allow",
                "description": "",
                "direction": "egress",
                "ethertype": "IPv6",
                "id": "2538d88e-27ce-4bd1-92c1-81a725a6a454",
                "port_range_max": 0,
                "port_range_min": 0,
                "ports": "",
                "priority": 100,
                "protocol": "",
                "remote_address_group_id": "",
                "remote_group_id": "",
                "remote_ip_prefix": ""
              },
              {
                "action": "allow",
                "description": "",
                "direction": "ingress",
                "ethertype": "IPv4",
                "id": "91a4e872-afe5-43bc-8d52-443ad574796f",
                "port_range_max": 0,
                "port_range_min": 0,
                "ports": "",
                "priority": 100,
                "protocol": "",
                "remote_address_group_id": "",
                "remote_group_id": "7e760576-6c35-413f-ad8f-8335ee9db7b4",
                "remote_ip_prefix": ""
              },
              {
                "action": "allow",
                "description": "",
                "direction": "ingress",
                "ethertype": "IPv6",
                "id": "b7776701-9bc3-48cb-b8bf-805e74b1a43a",
                "port_range_max": 0,
                "port_range_min": 0,
                "ports": "",
                "priority": 100,
                "protocol": "",
                "remote_address_group_id": "",
                "remote_group_id": "7e760576-6c35-413f-ad8f-8335ee9db7b4",
                "remote_ip_prefix": ""
              }
            ],
            "tags": {},
            "timeouts": null,
            "updated_at": "2024-11-21T06:52:21Z"
          },
          "sensitive_attributes": [],
          "private": "eyJlMmJmYjczMC1lY2FhLTExZTYtOGY4OC0zNDM2M2JjN2M0YzAiOnsiZGVsZXRlIjo2MDAwMDAwMDAwMDB9fQ=="
        }
      ]
    },
    {
      "mode": "managed",
      "type": "huaweicloud_networking_secgroup_rule",
      "name": "allow_http",
      "provider": "provider[\"registry.terraform.io/huaweicloud/huaweicloud\"]",
      "instances": [
        {
          "schema_version": 0,
          "attributes": {
            "action": "allow",
            "description": "",
            "direction": "ingress",
            "ethertype": "IPv4",
            "id": "982760d7-1ce4-40d8-a1db-3d8225683f37",
            "port_range_max": 80,
            "port_range_min": 80,
            "ports": "80",
            "priority": 1,
            "protocol": "tcp",
            "region": "ap-southeast-3",
            "remote_address_group_id": "",
            "remote_group_id": "",
            "remote_ip_prefix": "0.0.0.0/0",
            "security_group_id": "7e760576-6c35-413f-ad8f-8335ee9db7b4",
            "timeouts": null
          },
          "sensitive_attributes": [],
          "private": "eyJlMmJmYjczMC1lY2FhLTExZTYtOGY4OC0zNDM2M2JjN2M0YzAiOnsiZGVsZXRlIjo2MDAwMDAwMDAwMDB9fQ==",
          "dependencies": [
            "huaweicloud_networking_secgroup.basic_secgroup"
          ]
        }
      ]
    },
    {
      "mode": "managed",
      "type": "huaweicloud_networking_secgroup_rule",
      "name": "allow_https",
      "provider": "provider[\"registry.terraform.io/huaweicloud/huaweicloud\"]",
      "instances": [
        {
          "schema_version": 0,
          "attributes": {
            "action": "allow",
            "description": "",
            "direction": "ingress",
            "ethertype": "IPv4",
            "id": "3662a451-4fad-43a6-b80d-0986ac46ca0e",
            "port_range_max": 443,
            "port_range_min": 443,
            "ports": "443",
            "priority": 1,
            "protocol": "tcp",
            "region": "ap-southeast-3",
            "remote_address_group_id": "",
            "remote_group_id": "",
            "remote_ip_prefix": "0.0.0.0/0",
            "security_group_id": "7e760576-6c35-413f-ad8f-8335ee9db7b4",
            "timeouts": null
          },
          "sensitive_attributes": [],
          "private": "eyJlMmJmYjczMC1lY2FhLTExZTYtOGY4OC0zNDM2M2JjN2M0YzAiOnsiZGVsZXRlIjo2MDAwMDAwMDAwMDB9fQ==",
          "dependencies": [
            "huaweicloud_networking_secgroup.basic_secgroup"
          ]
        }
      ]
    },
    {
      "mode": "managed",
      "type": "huaweicloud_obs_bucket",
      "name": "example_bucket",
      "provider": "provider[\"registry.terraform.io/huaweicloud/huaweicloud\"]",
      "instances": [
        {
          "schema_version": 0,
          "attributes": {
            "acl": "private",
            "bucket": "dusuk-maliyet-depo1",
            "bucket_domain_name": "dusuk-maliyet-depo1.obs.ap-southeast-3.myhuaweicloud.com",
            "bucket_version": "3.0",
            "cors_rule": [],
            "encryption": false,
            "enterprise_project_id": "0",
            "force_destroy": false,
            "id": "dusuk-maliyet-depo1",
            "kms_key_id": "",
            "kms_key_project_id": "",
            "lifecycle_rule": [],
            "logging": [],
            "multi_az": false,
            "parallel_fs": false,
            "policy": "",
            "policy_format": "obs",
            "quota": 0,
            "region": "ap-southeast-3",
            "sse_algorithm": "",
            "storage_class": "DEEP_ARCHIVE",
            "storage_info": [
              {
                "object_number": 0,
                "size": 0
              }
            ],
            "tags": {},
            "user_domain_names": [],
            "versioning": false,
            "website": []
          },
          "sensitive_attributes": [],
          "private": "bnVsbA=="
        }
      ]
    },
    {
      "mode": "managed",
      "type": "huaweicloud_vpc",
      "name": "low_vpc",
      "provider": "provider[\"registry.terraform.io/huaweicloud/huaweicloud\"]",
      "instances": [
        {
          "schema_version": 0,
          "attributes": {
            "cidr": "172.16.0.0/12",
            "description": "",
            "enterprise_project_id": "0",
            "id": "1377bf63-6ed5-4987-98ed-0366d91aae74",
            "name": "low-vpc",
            "region": "ap-southeast-3",
            "routes": [],
            "secondary_cidr": null,
            "secondary_cidrs": [],
            "status": "OK",
            "tags": {},
            "timeouts": null
          },
          "sensitive_attributes": [],
          "private": "eyJlMmJmYjczMC1lY2FhLTExZTYtOGY4OC0zNDM2M2JjN2M0YzAiOnsiY3JlYXRlIjo2MDAwMDAwMDAwMDAsImRlbGV0ZSI6MTgwMDAwMDAwMDAwfX0="
        }
      ]
    },
    {
      "mode": "managed",
      "type": "huaweicloud_vpc_subnet",
      "name": "low_subnet",
      "provider": "provider[\"registry.terraform.io/huaweicloud/huaweicloud\"]",
      "instances": [
        {
          "schema_version": 0,
          "attributes": {
            "availability_zone": "ap-southeast-3a",
            "cidr": "172.16.10.0/24",
            "description": "",
            "dhcp_enable": true,
            "dhcp_lease_time": "87600h",
            "dns_list": [
              "100.125.1.250",
              "100.125.128.250"
            ],
            "gateway_ip": "172.16.10.1",
            "id": "4d994671-6a72-4c98-be3e-cb67ca6f9f18",
            "ipv4_subnet_id": "ab40e5ca-b685-4a18-b4bd-1d2211e85504",
            "ipv6_cidr": "",
            "ipv6_enable": false,
            "ipv6_gateway": "",
            "ipv6_subnet_id": "",
            "name": "low-subnet",
            "ntp_server_address": null,
            "primary_dns": "100.125.1.250",
            "region": "ap-southeast-3",
            "secondary_dns": "100.125.128.250",
            "subnet_id": "ab40e5ca-b685-4a18-b4bd-1d2211e85504",
            "tags": {},
            "timeouts": null,
            "vpc_id": "1377bf63-6ed5-4987-98ed-0366d91aae74"
          },
          "sensitive_attributes": [],
          "private": "eyJlMmJmYjczMC1lY2FhLTExZTYtOGY4OC0zNDM2M2JjN2M0YzAiOnsiY3JlYXRlIjozMDAwMDAwMDAwMDAsImRlbGV0ZSI6NjAwMDAwMDAwMDAwfX0=",
          "dependencies": [
            "data.huaweicloud_availability_zones.low_az",
            "huaweicloud_vpc.low_vpc"
          ]
        }
      ]
    }
  ],
  "check_results": null
}
