{
  "version": 4,
  "terraform_version": "1.9.8",
  "serial": 14,
  "lineage": "fa564668-e2c0-897c-4081-9a6d92a4a550",
  "outputs": {},
  "resources": [
    {
      "mode": "data",
      "type": "huaweicloud_availability_zones",
      "name": "az_info",
      "provider": "provider[\"registry.terraform.io/huaweicloud/huaweicloud\"]",
      "instances": [
        {
          "schema_version": 0,
          "attributes": {
            "id": "221423761",
            "names": [
              "ap-southeast-3a",
              "ap-southeast-3b",
              "ap-southeast-3c",
              "ap-southeast-3e"
            ],
            "region": "ap-southeast-3",
            "state": "available"
          },
          "sensitive_attributes": []
        }
      ]
    },
    {
      "mode": "data",
      "type": "huaweicloud_compute_flavors",
      "name": "instance_flavor",
      "provider": "provider[\"registry.terraform.io/huaweicloud/huaweicloud\"]",
      "instances": [
        {
          "schema_version": 0,
          "attributes": {
            "availability_zone": "ap-southeast-3a",
            "cpu_core_count": 4,
            "flavors": [
              {
                "cpu_core_count": 4,
                "generation": "s3",
                "id": "s3.xlarge.2",
                "memory_size": 8,
                "performance_type": "normal",
                "storage_type": ""
              }
            ],
            "generation": null,
            "id": "3533667125",
            "ids": [
              "s3.xlarge.2"
            ],
            "memory_size": 8,
            "performance_type": "normal",
            "region": "ap-southeast-3",
            "storage_type": null
          },
          "sensitive_attributes": []
        }
      ]
    },
    {
      "mode": "data",
      "type": "huaweicloud_images_image",
      "name": "ubuntu_image",
      "provider": "provider[\"registry.terraform.io/huaweicloud/huaweicloud\"]",
      "instances": [
        {
          "schema_version": 0,
          "attributes": {
            "active_at": "",
            "architecture": "x86",
            "backup_id": "",
            "checksum": null,
            "container_format": "bare",
            "created_at": "2019-01-27T07:37:26Z",
            "data_origin": "",
            "description": "",
            "disk_format": "zvhd2",
            "enterprise_project_id": "",
            "file": "/v2/images/b0c2b3e0-6a1f-499b-9df0-4d1b2e374a54/file",
            "flavor_id": null,
            "id": "b0c2b3e0-6a1f-499b-9df0-4d1b2e374a54",
            "image_id": "b0c2b3e0-6a1f-499b-9df0-4d1b2e374a54",
            "image_type": "FusionCompute",
            "is_whole_image": null,
            "max_ram_mb": 4194304,
            "metadata": null,
            "min_disk_gb": 40,
            "min_ram_mb": 1024,
            "most_recent": true,
            "name": "Ubuntu 18.04 server 64bit",
            "name_regex": null,
            "os": "Ubuntu",
            "os_version": "Ubuntu 18.04 server 64bit",
            "owner": "c9fd059ecac04ceb89e708a2d61fd966",
            "protected": true,
            "region": "ap-southeast-3",
            "schema": "/v2/schemas/image",
            "size_bytes": 2365378560,
            "size_max": null,
            "size_min": null,
            "sort_direction": "asc",
            "sort_key": "name",
            "status": "active",
            "tag": null,
            "updated_at": "2024-03-18T08:12:25Z",
            "visibility": "public"
          },
          "sensitive_attributes": []
        }
      ]
    },
    {
      "mode": "data",
      "type": "huaweicloud_networking_secgroup",
      "name": "default_secgroup",
      "provider": "provider[\"registry.terraform.io/huaweicloud/huaweicloud\"]",
      "instances": [
        {
          "schema_version": 0,
          "attributes": {
            "created_at": "2023-03-23T12:26:46Z",
            "description": "Default security group",
            "enterprise_project_id": null,
            "id": "230a1d26-47a6-4b0b-9c70-9b04d4e5b132",
            "name": "default",
            "region": "ap-southeast-3",
            "rules": [
              {
                "action": "allow",
                "description": "",
                "direction": "ingress",
                "ethertype": "IPv4",
                "id": "3a3c18a4-50d1-4c42-af57-69846f11f3ad",
                "port_range_max": 0,
                "port_range_min": 0,
                "ports": "",
                "priority": 1,
                "protocol": "",
                "remote_address_group_id": "",
                "remote_group_id": "",
                "remote_ip_prefix": "172.16.0.0/12"
              },
              {
                "action": "allow",
                "description": "",
                "direction": "ingress",
                "ethertype": "IPv4",
                "id": "505807b8-cec1-4802-83c2-1c595f7e97fc",
                "port_range_max": 5432,
                "port_range_min": 5432,
                "ports": "5432",
                "priority": 1,
                "protocol": "tcp",
                "remote_address_group_id": "",
                "remote_group_id": "",
                "remote_ip_prefix": "192.168.10.0/24"
              },
              {
                "action": "allow",
                "description": "",
                "direction": "ingress",
                "ethertype": "IPv4",
                "id": "509e7323-36de-41e8-b1cd-0d19b94aa4c5",
                "port_range_max": 0,
                "port_range_min": 0,
                "ports": "",
                "priority": 1,
                "protocol": "",
                "remote_address_group_id": "",
                "remote_group_id": "",
                "remote_ip_prefix": "172.17.0.0/24"
              },
              {
                "action": "allow",
                "description": "",
                "direction": "ingress",
                "ethertype": "IPv4",
                "id": "56063075-f9f8-45c2-808f-c72b2165e30e",
                "port_range_max": 80,
                "port_range_min": 80,
                "ports": "80",
                "priority": 1,
                "protocol": "tcp",
                "remote_address_group_id": "",
                "remote_group_id": "",
                "remote_ip_prefix": "0.0.0.0/0"
              },
              {
                "action": "allow",
                "description": "Permit default Linux SSH port.",
                "direction": "ingress",
                "ethertype": "IPv4",
                "id": "5b32e8f4-873d-41e7-917e-22d25d6c37e4",
                "port_range_max": 22,
                "port_range_min": 22,
                "ports": "22",
                "priority": 1,
                "protocol": "tcp",
                "remote_address_group_id": "",
                "remote_group_id": "",
                "remote_ip_prefix": "0.0.0.0/0"
              },
              {
                "action": "allow",
                "description": "",
                "direction": "ingress",
                "ethertype": "IPv4",
                "id": "6b3b5735-fa29-420f-8a4e-3827891bb3ba",
                "port_range_max": 0,
                "port_range_min": 0,
                "ports": "",
                "priority": 1,
                "protocol": "",
                "remote_address_group_id": "",
                "remote_group_id": "",
                "remote_ip_prefix": "192.168.0.0/16"
              },
              {
                "action": "allow",
                "description": "",
                "direction": "ingress",
                "ethertype": "IPv4",
                "id": "82a1f010-d398-451f-8c5e-5f9befbfd1da",
                "port_range_max": 0,
                "port_range_min": 0,
                "ports": "",
                "priority": 1,
                "protocol": "",
                "remote_address_group_id": "",
                "remote_group_id": "",
                "remote_ip_prefix": "0.0.0.0/0"
              },
              {
                "action": "allow",
                "description": "",
                "direction": "ingress",
                "ethertype": "IPv4",
                "id": "b1716558-3044-43da-9dd8-8c549eecdcf8",
                "port_range_max": 8080,
                "port_range_min": 8080,
                "ports": "8080",
                "priority": 1,
                "protocol": "tcp",
                "remote_address_group_id": "",
                "remote_group_id": "",
                "remote_ip_prefix": "0.0.0.0/0"
              },
              {
                "action": "allow",
                "description": "gecici",
                "direction": "ingress",
                "ethertype": "IPv4",
                "id": "b1e9f08f-5c85-4c06-9e9e-2909c2cb0cd5",
                "port_range_max": 5000,
                "port_range_min": 5000,
                "ports": "5000",
                "priority": 1,
                "protocol": "tcp",
                "remote_address_group_id": "",
                "remote_group_id": "",
                "remote_ip_prefix": "0.0.0.0/0"
              },
              {
                "action": "allow",
                "description": "",
                "direction": "egress",
                "ethertype": "IPv6",
                "id": "bedfd0c2-61b1-4e88-baf8-b73b7ee062d7",
                "port_range_max": 0,
                "port_range_min": 0,
                "ports": "",
                "priority": 100,
                "protocol": "",
                "remote_address_group_id": "",
                "remote_group_id": "",
                "remote_ip_prefix": ""
              },
              {
                "action": "allow",
                "description": "",
                "direction": "ingress",
                "ethertype": "IPv4",
                "id": "c33d8e9b-7b4b-439a-9c03-a103255aa563",
                "port_range_max": 3306,
                "port_range_min": 3306,
                "ports": "3306",
                "priority": 1,
                "protocol": "tcp",
                "remote_address_group_id": "",
                "remote_group_id": "",
                "remote_ip_prefix": "0.0.0.0/0"
              },
              {
                "action": "allow",
                "description": "gecici",
                "direction": "ingress",
                "ethertype": "IPv4",
                "id": "cd2e347b-5882-4f72-b672-b88b66f1ccae",
                "port_range_max": 5001,
                "port_range_min": 5001,
                "ports": "5001",
                "priority": 1,
                "protocol": "tcp",
                "remote_address_group_id": "",
                "remote_group_id": "",
                "remote_ip_prefix": "0.0.0.0/0"
              },
              {
                "action": "allow",
                "description": "",
                "direction": "ingress",
                "ethertype": "IPv4",
                "id": "d3d13031-b42c-493b-b096-5390aba39d6b",
                "port_range_max": 0,
                "port_range_min": 0,
                "ports": "",
                "priority": 1,
                "protocol": "tcp",
                "remote_address_group_id": "",
                "remote_group_id": "230a1d26-47a6-4b0b-9c70-9b04d4e5b132",
                "remote_ip_prefix": ""
              },
              {
                "action": "allow",
                "description": "",
                "direction": "ingress",
                "ethertype": "IPv6",
                "id": "e1bb0470-cea9-49f6-92fd-3319b03dbabc",
                "port_range_max": 0,
                "port_range_min": 0,
                "ports": "",
                "priority": 100,
                "protocol": "",
                "remote_address_group_id": "",
                "remote_group_id": "230a1d26-47a6-4b0b-9c70-9b04d4e5b132",
                "remote_ip_prefix": ""
              },
              {
                "action": "allow",
                "description": "",
                "direction": "ingress",
                "ethertype": "IPv4",
                "id": "e5dbeca6-e10a-4bd5-9f20-49cc0b9fd2b2",
                "port_range_max": 8080,
                "port_range_min": 8080,
                "ports": "8080",
                "priority": 1,
                "protocol": "tcp",
                "remote_address_group_id": "",
                "remote_group_id": "230a1d26-47a6-4b0b-9c70-9b04d4e5b132",
                "remote_ip_prefix": ""
              },
              {
                "action": "allow",
                "description": "Permit default Windows remote desktop port.",
                "direction": "ingress",
                "ethertype": "IPv4",
                "id": "e99dc27c-94da-40b0-bfc5-2fb79482ba01",
                "port_range_max": 3389,
                "port_range_min": 3389,
                "ports": "3389",
                "priority": 1,
                "protocol": "tcp",
                "remote_address_group_id": "",
                "remote_group_id": "",
                "remote_ip_prefix": "0.0.0.0/0"
              },
              {
                "action": "allow",
                "description": "",
                "direction": "egress",
                "ethertype": "IPv4",
                "id": "f97e5cd6-ca81-44c2-92f6-aec0d6557a8b",
                "port_range_max": 0,
                "port_range_min": 0,
                "ports": "",
                "priority": 100,
                "protocol": "",
                "remote_address_group_id": "",
                "remote_group_id": "",
                "remote_ip_prefix": ""
              }
            ],
            "secgroup_id": null,
            "updated_at": "2023-03-23T12:26:46Z"
          },
          "sensitive_attributes": []
        }
      ]
    },
    {
      "mode": "managed",
      "type": "huaweicloud_compute_instance",
      "name": "app_instance",
      "provider": "provider[\"registry.terraform.io/huaweicloud/huaweicloud\"]",
      "instances": [
        {
          "index_key": 0,
          "schema_version": 0,
          "attributes": {
            "access_ip_v4": "172.16.1.172",
            "access_ip_v6": "",
            "admin_pass": null,
            "agency_name": "",
            "agent_list": "",
            "auto_pay": null,
            "auto_renew": null,
            "auto_terminate_time": "",
            "availability_zone": "ap-southeast-3a",
            "bandwidth": [],
            "charging_mode": "postPaid",
            "created_at": "2024-11-21T07:37:36Z",
            "data_disks": [],
            "delete_disks_on_termination": null,
            "delete_eip_on_termination": true,
            "description": "",
            "eip_id": null,
            "eip_type": null,
            "enterprise_project_id": "0",
            "expired_time": null,
            "flavor_id": "s3.xlarge.2",
            "flavor_name": "s3.xlarge.2",
            "hostname": "app-instance-0",
            "id": "bd8c2d8e-0a8f-435e-a78f-cad21d2f484b",
            "image_id": "b0c2b3e0-6a1f-499b-9df0-4d1b2e374a54",
            "image_name": "Ubuntu 18.04 server 64bit",
            "key_pair": null,
            "metadata": null,
            "name": "app_instance_0",
            "network": [
              {
                "access_network": false,
                "fixed_ip_v4": "172.16.1.172",
                "fixed_ip_v6": "",
                "ipv6_enable": false,
                "mac": "fa:16:3e:1a:0b:b6",
                "port": "f5c7c57d-36fa-4254-a3e8-c29536784661",
                "source_dest_check": true,
                "uuid": "8d96283b-235d-47b2-85f6-27075105fc27"
              }
            ],
            "period": null,
            "period_unit": null,
            "power_action": null,
            "private_key": null,
            "public_ip": null,
            "region": "ap-southeast-3",
            "scheduler_hints": [],
            "security_group_ids": [
              "230a1d26-47a6-4b0b-9c70-9b04d4e5b132"
            ],
            "security_groups": [
              "default"
            ],
            "spot_duration": null,
            "spot_duration_count": null,
            "spot_maximum_price": null,
            "status": "ACTIVE",
            "stop_before_destroy": false,
            "system_disk_dss_pool_id": null,
            "system_disk_id": "d67c7b48-9890-4419-8053-9923d11df17e",
            "system_disk_iops": 0,
            "system_disk_kms_key_id": "",
            "system_disk_size": 40,
            "system_disk_throughput": 0,
            "system_disk_type": "GPSSD",
            "tags": null,
            "timeouts": null,
            "updated_at": "2024-11-21T07:37:52Z",
            "user_data": null,
            "user_id": null,
            "volume_attached": [
              {
                "boot_index": 0,
                "kms_key_id": "",
                "pci_address": "0000:02:01.0",
                "size": 40,
                "type": "GPSSD",
                "volume_id": "d67c7b48-9890-4419-8053-9923d11df17e"
              }
            ]
          },
          "sensitive_attributes": [
            [
              {
                "type": "get_attr",
                "value": "private_key"
              }
            ],
            [
              {
                "type": "get_attr",
                "value": "admin_pass"
              }
            ]
          ],
          "private": "eyJlMmJmYjczMC1lY2FhLTExZTYtOGY4OC0zNDM2M2JjN2M0YzAiOnsiY3JlYXRlIjoxODAwMDAwMDAwMDAwLCJkZWxldGUiOjE4MDAwMDAwMDAwMDAsInVwZGF0ZSI6MTgwMDAwMDAwMDAwMH19",
          "dependencies": [
            "data.huaweicloud_availability_zones.az_info",
            "data.huaweicloud_compute_flavors.instance_flavor",
            "data.huaweicloud_images_image.ubuntu_image",
            "data.huaweicloud_networking_secgroup.default_secgroup",
            "huaweicloud_vpc.main_vpc",
            "huaweicloud_vpc_subnet.main_subnet"
          ]
        },
        {
          "index_key": 1,
          "schema_version": 0,
          "attributes": {
            "access_ip_v4": "172.16.1.209",
            "access_ip_v6": "",
            "admin_pass": null,
            "agency_name": "",
            "agent_list": "",
            "auto_pay": null,
            "auto_renew": null,
            "auto_terminate_time": "",
            "availability_zone": "ap-southeast-3a",
            "bandwidth": [],
            "charging_mode": "postPaid",
            "created_at": "2024-11-21T07:37:36Z",
            "data_disks": [],
            "delete_disks_on_termination": null,
            "delete_eip_on_termination": true,
            "description": "",
            "eip_id": null,
            "eip_type": null,
            "enterprise_project_id": "0",
            "expired_time": null,
            "flavor_id": "s3.xlarge.2",
            "flavor_name": "s3.xlarge.2",
            "hostname": "app-instance-1",
            "id": "4fd18ef9-c420-4ba6-afe6-ada552ef2cfa",
            "image_id": "b0c2b3e0-6a1f-499b-9df0-4d1b2e374a54",
            "image_name": "Ubuntu 18.04 server 64bit",
            "key_pair": null,
            "metadata": null,
            "name": "app_instance_1",
            "network": [
              {
                "access_network": false,
                "fixed_ip_v4": "172.16.1.209",
                "fixed_ip_v6": "",
                "ipv6_enable": false,
                "mac": "fa:16:3e:1a:0b:db",
                "port": "e5f9d09b-2c11-4050-8996-875e11349cdd",
                "source_dest_check": true,
                "uuid": "8d96283b-235d-47b2-85f6-27075105fc27"
              }
            ],
            "period": null,
            "period_unit": null,
            "power_action": null,
            "private_key": null,
            "public_ip": null,
            "region": "ap-southeast-3",
            "scheduler_hints": [],
            "security_group_ids": [
              "230a1d26-47a6-4b0b-9c70-9b04d4e5b132"
            ],
            "security_groups": [
              "default"
            ],
            "spot_duration": null,
            "spot_duration_count": null,
            "spot_maximum_price": null,
            "status": "ACTIVE",
            "stop_before_destroy": false,
            "system_disk_dss_pool_id": null,
            "system_disk_id": "f96306c4-c47a-43c5-90e0-59aafdbd8a12",
            "system_disk_iops": 0,
            "system_disk_kms_key_id": "",
            "system_disk_size": 40,
            "system_disk_throughput": 0,
            "system_disk_type": "GPSSD",
            "tags": null,
            "timeouts": null,
            "updated_at": "2024-11-21T07:37:47Z",
            "user_data": null,
            "user_id": null,
            "volume_attached": [
              {
                "boot_index": 0,
                "kms_key_id": "",
                "pci_address": "0000:02:01.0",
                "size": 40,
                "type": "GPSSD",
                "volume_id": "f96306c4-c47a-43c5-90e0-59aafdbd8a12"
              }
            ]
          },
          "sensitive_attributes": [
            [
              {
                "type": "get_attr",
                "value": "private_key"
              }
            ],
            [
              {
                "type": "get_attr",
                "value": "admin_pass"
              }
            ]
          ],
          "private": "eyJlMmJmYjczMC1lY2FhLTExZTYtOGY4OC0zNDM2M2JjN2M0YzAiOnsiY3JlYXRlIjoxODAwMDAwMDAwMDAwLCJkZWxldGUiOjE4MDAwMDAwMDAwMDAsInVwZGF0ZSI6MTgwMDAwMDAwMDAwMH19",
          "dependencies": [
            "data.huaweicloud_availability_zones.az_info",
            "data.huaweicloud_compute_flavors.instance_flavor",
            "data.huaweicloud_images_image.ubuntu_image",
            "data.huaweicloud_networking_secgroup.default_secgroup",
            "huaweicloud_vpc.main_vpc",
            "huaweicloud_vpc_subnet.main_subnet"
          ]
        }
      ]
    },
    {
      "mode": "managed",
      "type": "huaweicloud_networking_secgroup",
      "name": "medium_secgroup",
      "provider": "provider[\"registry.terraform.io/huaweicloud/huaweicloud\"]",
      "instances": [
        {
          "schema_version": 0,
          "attributes": {
            "created_at": "2024-11-21T07:32:42Z",
            "delete_default_rules": null,
            "description": "",
            "enterprise_project_id": "0",
            "id": "cbfc05df-c666-47a1-b5dd-38a01efca28d",
            "name": "medium-security-group",
            "region": "ap-southeast-3",
            "rules": [
              {
                "action": "allow",
                "description": "",
                "direction": "ingress",
                "ethertype": "IPv4",
                "id": "af45f702-71ad-49b4-add3-e5fbb8dca4c1",
                "port_range_max": 22,
                "port_range_min": 22,
                "ports": "22",
                "priority": 1,
                "protocol": "tcp",
                "remote_address_group_id": "",
                "remote_group_id": "",
                "remote_ip_prefix": "192.168.1.0/24"
              },
              {
                "action": "allow",
                "description": "",
                "direction": "ingress",
                "ethertype": "IPv4",
                "id": "b3bf26f6-4668-4a84-96b6-7f3b85e2772b",
                "port_range_max": 3306,
                "port_range_min": 3306,
                "ports": "3306",
                "priority": 1,
                "protocol": "tcp",
                "remote_address_group_id": "",
                "remote_group_id": "",
                "remote_ip_prefix": "192.168.1.0/24"
              },
              {
                "action": "allow",
                "description": "",
                "direction": "ingress",
                "ethertype": "IPv4",
                "id": "595d6710-cd25-45ce-b67f-34f7c2b0f13f",
                "port_range_max": 0,
                "port_range_min": 0,
                "ports": "",
                "priority": 100,
                "protocol": "",
                "remote_address_group_id": "",
                "remote_group_id": "cbfc05df-c666-47a1-b5dd-38a01efca28d",
                "remote_ip_prefix": ""
              },
              {
                "action": "allow",
                "description": "",
                "direction": "egress",
                "ethertype": "IPv6",
                "id": "68446f03-2f7f-4fdf-8e01-68f4c98fccf1",
                "port_range_max": 0,
                "port_range_min": 0,
                "ports": "",
                "priority": 100,
                "protocol": "",
                "remote_address_group_id": "",
                "remote_group_id": "",
                "remote_ip_prefix": ""
              },
              {
                "action": "allow",
                "description": "",
                "direction": "ingress",
                "ethertype": "IPv6",
                "id": "cfba0ffe-5725-4a89-a71c-9a0aac92ee3b",
                "port_range_max": 0,
                "port_range_min": 0,
                "ports": "",
                "priority": 100,
                "protocol": "",
                "remote_address_group_id": "",
                "remote_group_id": "cbfc05df-c666-47a1-b5dd-38a01efca28d",
                "remote_ip_prefix": ""
              },
              {
                "action": "allow",
                "description": "",
                "direction": "egress",
                "ethertype": "IPv4",
                "id": "e0182367-a477-48d8-ad13-7a90519e3ea1",
                "port_range_max": 0,
                "port_range_min": 0,
                "ports": "",
                "priority": 100,
                "protocol": "",
                "remote_address_group_id": "",
                "remote_group_id": "",
                "remote_ip_prefix": ""
              }
            ],
            "tags": {},
            "timeouts": null,
            "updated_at": "2024-11-21T07:32:42Z"
          },
          "sensitive_attributes": [],
          "private": "eyJlMmJmYjczMC1lY2FhLTExZTYtOGY4OC0zNDM2M2JjN2M0YzAiOnsiZGVsZXRlIjo2MDAwMDAwMDAwMDB9fQ=="
        }
      ]
    },
    {
      "mode": "managed",
      "type": "huaweicloud_networking_secgroup_rule",
      "name": "allow_rds",
      "provider": "provider[\"registry.terraform.io/huaweicloud/huaweicloud\"]",
      "instances": [
        {
          "schema_version": 0,
          "attributes": {
            "action": "allow",
            "description": "",
            "direction": "ingress",
            "ethertype": "IPv4",
            "id": "b3bf26f6-4668-4a84-96b6-7f3b85e2772b",
            "port_range_max": 3306,
            "port_range_min": 3306,
            "ports": "3306",
            "priority": 1,
            "protocol": "tcp",
            "region": "ap-southeast-3",
            "remote_address_group_id": "",
            "remote_group_id": "",
            "remote_ip_prefix": "192.168.1.0/24",
            "security_group_id": "cbfc05df-c666-47a1-b5dd-38a01efca28d",
            "timeouts": null
          },
          "sensitive_attributes": [],
          "private": "eyJlMmJmYjczMC1lY2FhLTExZTYtOGY4OC0zNDM2M2JjN2M0YzAiOnsiZGVsZXRlIjo2MDAwMDAwMDAwMDB9fQ==",
          "dependencies": [
            "huaweicloud_networking_secgroup.medium_secgroup"
          ]
        }
      ]
    },
    {
      "mode": "managed",
      "type": "huaweicloud_networking_secgroup_rule",
      "name": "allow_ssh",
      "provider": "provider[\"registry.terraform.io/huaweicloud/huaweicloud\"]",
      "instances": [
        {
          "schema_version": 0,
          "attributes": {
            "action": "allow",
            "description": "",
            "direction": "ingress",
            "ethertype": "IPv4",
            "id": "af45f702-71ad-49b4-add3-e5fbb8dca4c1",
            "port_range_max": 22,
            "port_range_min": 22,
            "ports": "22",
            "priority": 1,
            "protocol": "tcp",
            "region": "ap-southeast-3",
            "remote_address_group_id": "",
            "remote_group_id": "",
            "remote_ip_prefix": "192.168.1.0/24",
            "security_group_id": "cbfc05df-c666-47a1-b5dd-38a01efca28d",
            "timeouts": null
          },
          "sensitive_attributes": [],
          "private": "eyJlMmJmYjczMC1lY2FhLTExZTYtOGY4OC0zNDM2M2JjN2M0YzAiOnsiZGVsZXRlIjo2MDAwMDAwMDAwMDB9fQ==",
          "dependencies": [
            "huaweicloud_networking_secgroup.medium_secgroup"
          ]
        }
      ]
    },
    {
      "mode": "managed",
      "type": "huaweicloud_obs_bucket",
      "name": "medium_cost_bucket",
      "provider": "provider[\"registry.terraform.io/huaweicloud/huaweicloud\"]",
      "instances": [
        {
          "schema_version": 0,
          "attributes": {
            "acl": "private",
            "bucket": "orta-maliyet-depo1",
            "bucket_domain_name": "orta-maliyet-depo1.obs.ap-southeast-3.myhuaweicloud.com",
            "bucket_version": "3.0",
            "cors_rule": [],
            "encryption": false,
            "enterprise_project_id": "0",
            "force_destroy": false,
            "id": "orta-maliyet-depo1",
            "kms_key_id": "",
            "kms_key_project_id": "",
            "lifecycle_rule": [],
            "logging": [],
            "multi_az": false,
            "parallel_fs": false,
            "policy": "",
            "policy_format": "obs",
            "quota": 0,
            "region": "ap-southeast-3",
            "sse_algorithm": "",
            "storage_class": "WARM",
            "storage_info": [
              {
                "object_number": 0,
                "size": 0
              }
            ],
            "tags": {},
            "user_domain_names": [],
            "versioning": false,
            "website": []
          },
          "sensitive_attributes": [],
          "private": "bnVsbA=="
        }
      ]
    },
    {
      "mode": "managed",
      "type": "huaweicloud_vpc",
      "name": "main_vpc",
      "provider": "provider[\"registry.terraform.io/huaweicloud/huaweicloud\"]",
      "instances": [
        {
          "schema_version": 0,
          "attributes": {
            "cidr": "172.16.0.0/12",
            "description": "",
            "enterprise_project_id": "0",
            "id": "8119691d-bea4-4d6f-8efb-850e1aaccc0a",
            "name": "main_vpc",
            "region": "ap-southeast-3",
            "routes": [],
            "secondary_cidr": null,
            "secondary_cidrs": [],
            "status": "OK",
            "tags": {},
            "timeouts": null
          },
          "sensitive_attributes": [],
          "private": "eyJlMmJmYjczMC1lY2FhLTExZTYtOGY4OC0zNDM2M2JjN2M0YzAiOnsiY3JlYXRlIjo2MDAwMDAwMDAwMDAsImRlbGV0ZSI6MTgwMDAwMDAwMDAwfX0="
        }
      ]
    },
    {
      "mode": "managed",
      "type": "huaweicloud_vpc_subnet",
      "name": "main_subnet",
      "provider": "provider[\"registry.terraform.io/huaweicloud/huaweicloud\"]",
      "instances": [
        {
          "schema_version": 0,
          "attributes": {
            "availability_zone": "",
            "cidr": "172.16.1.0/24",
            "description": "",
            "dhcp_enable": true,
            "dhcp_lease_time": "87600h",
            "dns_list": [
              "100.125.1.250",
              "100.125.128.250"
            ],
            "gateway_ip": "172.16.1.1",
            "id": "8d96283b-235d-47b2-85f6-27075105fc27",
            "ipv4_subnet_id": "fbb16e73-a781-4877-ba93-64ac0b81bf39",
            "ipv6_cidr": "",
            "ipv6_enable": false,
            "ipv6_gateway": "",
            "ipv6_subnet_id": "",
            "name": "main_subnet",
            "ntp_server_address": null,
            "primary_dns": "100.125.1.250",
            "region": "ap-southeast-3",
            "secondary_dns": "100.125.128.250",
            "subnet_id": "fbb16e73-a781-4877-ba93-64ac0b81bf39",
            "tags": null,
            "timeouts": null,
            "vpc_id": "8119691d-bea4-4d6f-8efb-850e1aaccc0a"
          },
          "sensitive_attributes": [],
          "private": "eyJlMmJmYjczMC1lY2FhLTExZTYtOGY4OC0zNDM2M2JjN2M0YzAiOnsiY3JlYXRlIjozMDAwMDAwMDAwMDAsImRlbGV0ZSI6NjAwMDAwMDAwMDAwfX0=",
          "dependencies": [
            "huaweicloud_vpc.main_vpc"
          ]
        }
      ]
    }
  ],
  "check_results": null
}
