{
  "version": 4,
  "terraform_version": "1.9.8",
  "serial": 43,
  "lineage": "f225b85c-c55e-aeeb-509b-447a81b259fa",
  "outputs": {},
  "resources": [
    {
      "mode": "data",
      "type": "huaweicloud_availability_zones",
      "name": "myaz",
      "provider": "provider[\"registry.terraform.io/huaweicloud/huaweicloud\"]",
      "instances": [
        {
          "schema_version": 0,
          "attributes": {
            "id": "1131794490",
            "names": [
              "ap-southeast-1a",
              "ap-southeast-1b",
              "ap-southeast-1c",
              "ap-southeast-1g"
            ],
            "region": "ap-southeast-1",
            "state": "available"
          },
          "sensitive_attributes": []
        }
      ]
    },
    {
      "mode": "data",
      "type": "huaweicloud_compute_flavors",
      "name": "myflavor",
      "provider": "provider[\"registry.terraform.io/huaweicloud/huaweicloud\"]",
      "instances": [
        {
          "schema_version": 0,
          "attributes": {
            "availability_zone": "ap-southeast-1a",
            "cpu_core_count": 16,
            "flavors": [
              {
                "cpu_core_count": 16,
                "generation": "s3",
                "id": "s3.4xlarge.4",
                "memory_size": 64,
                "performance_type": "normal",
                "storage_type": ""
              }
            ],
            "generation": null,
            "id": "2463589129",
            "ids": [
              "s3.4xlarge.4"
            ],
            "memory_size": 64,
            "performance_type": "normal",
            "region": "ap-southeast-1",
            "storage_type": null
          },
          "sensitive_attributes": []
        }
      ]
    },
    {
      "mode": "data",
      "type": "huaweicloud_images_image",
      "name": "myimage",
      "provider": "provider[\"registry.terraform.io/huaweicloud/huaweicloud\"]",
      "instances": [
        {
          "schema_version": 0,
          "attributes": {
            "active_at": "",
            "architecture": "x86",
            "backup_id": "",
            "checksum": null,
            "container_format": "bare",
            "created_at": "2018-09-28T15:16:28Z",
            "data_origin": "",
            "description": "",
            "disk_format": "zvhd2",
            "enterprise_project_id": "",
            "file": "/v2/images/cbe0df31-1150-488a-a9b2-612c745e1be0/file",
            "flavor_id": null,
            "id": "cbe0df31-1150-488a-a9b2-612c745e1be0",
            "image_id": "cbe0df31-1150-488a-a9b2-612c745e1be0",
            "image_type": "FusionCompute",
            "is_whole_image": null,
            "max_ram_mb": 4194304,
            "metadata": null,
            "min_disk_gb": 40,
            "min_ram_mb": 1024,
            "most_recent": true,
            "name": "Ubuntu 18.04 server 64bit",
            "name_regex": null,
            "os": "Ubuntu",
            "os_version": "Ubuntu 18.04 server 64bit",
            "owner": "c16e072bc1334180868fd8ae507c80ad",
            "protected": true,
            "region": "ap-southeast-1",
            "schema": "/v2/schemas/image",
            "size_bytes": 2365378560,
            "size_max": null,
            "size_min": null,
            "sort_direction": "asc",
            "sort_key": "name",
            "status": "active",
            "tag": null,
            "updated_at": "2023-07-24T15:09:05Z",
            "visibility": "public"
          },
          "sensitive_attributes": []
        }
      ]
    },
    {
      "mode": "data",
      "type": "huaweicloud_networking_secgroup",
      "name": "mysecgroup",
      "provider": "provider[\"registry.terraform.io/huaweicloud/huaweicloud\"]",
      "instances": [
        {
          "schema_version": 0,
          "attributes": {
            "created_at": "2023-03-27T09:05:17Z",
            "description": "Default security group",
            "enterprise_project_id": null,
            "id": "47657e74-ec70-462b-acbb-0afd9a665727",
            "name": "default",
            "region": "ap-southeast-1",
            "rules": [
              {
                "action": "allow",
                "description": "",
                "direction": "ingress",
                "ethertype": "IPv4",
                "id": "1268e7e0-d8c2-4bac-8907-732ee9b5cff0",
                "port_range_max": 3790,
                "port_range_min": 3790,
                "ports": "3790",
                "priority": 1,
                "protocol": "tcp",
                "remote_address_group_id": "",
                "remote_group_id": "",
                "remote_ip_prefix": "0.0.0.0/0"
              },
              {
                "action": "allow",
                "description": "Used to upload and download files",
                "direction": "ingress",
                "ethertype": "IPv4",
                "id": "3ac76597-a282-4786-a1f5-8e5df75486d8",
                "port_range_max": 21,
                "port_range_min": 20,
                "ports": "20-21",
                "priority": 1,
                "protocol": "tcp",
                "remote_address_group_id": "",
                "remote_group_id": "",
                "remote_ip_prefix": "0.0.0.0/0"
              },
              {
                "action": "allow",
                "description": "",
                "direction": "egress",
                "ethertype": "IPv6",
                "id": "51b6ff49-9325-4c94-8c6b-bd4aa90ca3c6",
                "port_range_max": 0,
                "port_range_min": 0,
                "ports": "",
                "priority": 100,
                "protocol": "",
                "remote_address_group_id": "",
                "remote_group_id": "",
                "remote_ip_prefix": ""
              },
              {
                "action": "allow",
                "description": "",
                "direction": "ingress",
                "ethertype": "IPv4",
                "id": "55a7acae-59d9-4e78-9854-d67d2eb1cb10",
                "port_range_max": 5000,
                "port_range_min": 5000,
                "ports": "5000",
                "priority": 1,
                "protocol": "tcp",
                "remote_address_group_id": "",
                "remote_group_id": "",
                "remote_ip_prefix": "0.0.0.0/0"
              },
              {
                "action": "allow",
                "description": "",
                "direction": "egress",
                "ethertype": "IPv4",
                "id": "56fcbf84-6c1d-444f-8c62-4d0334e3ac50",
                "port_range_max": 0,
                "port_range_min": 0,
                "ports": "",
                "priority": 100,
                "protocol": "",
                "remote_address_group_id": "",
                "remote_group_id": "",
                "remote_ip_prefix": ""
              },
              {
                "action": "allow",
                "description": "",
                "direction": "ingress",
                "ethertype": "IPv4",
                "id": "67f5fc4f-fbd2-4848-91b4-c8645bcbfcfd",
                "port_range_max": 0,
                "port_range_min": 0,
                "ports": "",
                "priority": 100,
                "protocol": "",
                "remote_address_group_id": "",
                "remote_group_id": "47657e74-ec70-462b-acbb-0afd9a665727",
                "remote_ip_prefix": ""
              },
              {
                "action": "allow",
                "description": "Used to test the ECS connectivity with the ping command",
                "direction": "ingress",
                "ethertype": "IPv4",
                "id": "770ac89e-d809-4540-913e-c5245600eea5",
                "port_range_max": 0,
                "port_range_min": 0,
                "ports": "",
                "priority": 1,
                "protocol": "icmp",
                "remote_address_group_id": "",
                "remote_group_id": "",
                "remote_ip_prefix": "0.0.0.0/0"
              },
              {
                "action": "allow",
                "description": "",
                "direction": "ingress",
                "ethertype": "IPv4",
                "id": "7cdceefb-31e2-46d2-b067-8b303b1733be",
                "port_range_max": 5432,
                "port_range_min": 5432,
                "ports": "5432",
                "priority": 1,
                "protocol": "tcp",
                "remote_address_group_id": "",
                "remote_group_id": "",
                "remote_ip_prefix": "0.0.0.0/0"
              },
              {
                "action": "allow",
                "description": "Permit default Windows remote desktop port.",
                "direction": "ingress",
                "ethertype": "IPv4",
                "id": "9d6d0454-0e68-42e1-8c44-8a87d991ee1e",
                "port_range_max": 3389,
                "port_range_min": 3389,
                "ports": "3389",
                "priority": 1,
                "protocol": "tcp",
                "remote_address_group_id": "",
                "remote_group_id": "",
                "remote_ip_prefix": "0.0.0.0/0"
              },
              {
                "action": "allow",
                "description": "",
                "direction": "ingress",
                "ethertype": "IPv4",
                "id": "ab824581-a6e3-4d73-b7fc-e285046f59b9",
                "port_range_max": 0,
                "port_range_min": 0,
                "ports": "",
                "priority": 1,
                "protocol": "tcp",
                "remote_address_group_id": "",
                "remote_group_id": "",
                "remote_ip_prefix": "0.0.0.0/0"
              },
              {
                "action": "allow",
                "description": "",
                "direction": "ingress",
                "ethertype": "IPv4",
                "id": "b1df1b5a-8791-49be-852d-bc8387e950e4",
                "port_range_max": 8889,
                "port_range_min": 8889,
                "ports": "8889",
                "priority": 1,
                "protocol": "tcp",
                "remote_address_group_id": "",
                "remote_group_id": "",
                "remote_ip_prefix": "0.0.0.0/0"
              },
              {
                "action": "allow",
                "description": "Permit default Linux SSH port.",
                "direction": "ingress",
                "ethertype": "IPv4",
                "id": "c4ec3ed9-21dd-4d2d-a03b-15f3437ae0ab",
                "port_range_max": 22,
                "port_range_min": 22,
                "ports": "22",
                "priority": 1,
                "protocol": "tcp",
                "remote_address_group_id": "",
                "remote_group_id": "",
                "remote_ip_prefix": "0.0.0.0/0"
              },
              {
                "action": "allow",
                "description": "",
                "direction": "ingress",
                "ethertype": "IPv4",
                "id": "ced1197c-9ce3-4c3c-b80b-ff1c2c5bd122",
                "port_range_max": 60000,
                "port_range_min": 1,
                "ports": "1-60000",
                "priority": 1,
                "protocol": "tcp",
                "remote_address_group_id": "",
                "remote_group_id": "",
                "remote_ip_prefix": "0.0.0.0/0"
              },
              {
                "action": "allow",
                "description": "",
                "direction": "ingress",
                "ethertype": "IPv6",
                "id": "cefa76e3-aa8d-4544-85f1-fa004dcaa83b",
                "port_range_max": 0,
                "port_range_min": 0,
                "ports": "",
                "priority": 100,
                "protocol": "",
                "remote_address_group_id": "",
                "remote_group_id": "47657e74-ec70-462b-acbb-0afd9a665727",
                "remote_ip_prefix": ""
              },
              {
                "action": "allow",
                "description": "Used to access websites over HTTPS",
                "direction": "ingress",
                "ethertype": "IPv4",
                "id": "edf3e1c8-4f4b-4cce-af31-7e1ab91fbeef",
                "port_range_max": 443,
                "port_range_min": 443,
                "ports": "443",
                "priority": 1,
                "protocol": "tcp",
                "remote_address_group_id": "",
                "remote_group_id": "",
                "remote_ip_prefix": "0.0.0.0/0"
              },
              {
                "action": "allow",
                "description": "Used to access websites over HTTP",
                "direction": "ingress",
                "ethertype": "IPv4",
                "id": "fc37756b-3d6f-4b3a-8f2f-83b8b542c08f",
                "port_range_max": 80,
                "port_range_min": 80,
                "ports": "80",
                "priority": 1,
                "protocol": "tcp",
                "remote_address_group_id": "",
                "remote_group_id": "",
                "remote_ip_prefix": "0.0.0.0/0"
              }
            ],
            "secgroup_id": null,
            "updated_at": "2023-03-27T09:05:17Z"
          },
          "sensitive_attributes": []
        }
      ]
    },
    {
      "mode": "managed",
      "type": "huaweicloud_compute_instance",
      "name": "mycompute",
      "provider": "provider[\"registry.terraform.io/huaweicloud/huaweicloud\"]",
      "instances": [
        {
          "index_key": 0,
          "schema_version": 0,
          "attributes": {
            "access_ip_v4": "10.0.0.203",
            "access_ip_v6": "",
            "admin_pass": null,
            "agency_name": "",
            "agent_list": "",
            "auto_pay": null,
            "auto_renew": null,
            "auto_terminate_time": "",
            "availability_zone": "ap-southeast-1a",
            "bandwidth": [],
            "charging_mode": "postPaid",
            "created_at": "2024-11-19T11:23:32Z",
            "data_disks": [],
            "delete_disks_on_termination": null,
            "delete_eip_on_termination": true,
            "description": "",
            "eip_id": null,
            "eip_type": null,
            "enterprise_project_id": "0",
            "expired_time": null,
            "flavor_id": "s3.4xlarge.4",
            "flavor_name": "s3.4xlarge.4",
            "hostname": "mycompute-0",
            "id": "81b05e59-6fb6-44e2-a3d4-012cf288a6ef",
            "image_id": "cbe0df31-1150-488a-a9b2-612c745e1be0",
            "image_name": "Ubuntu 18.04 server 64bit",
            "key_pair": null,
            "metadata": null,
            "name": "mycompute_0",
            "network": [
              {
                "access_network": false,
                "fixed_ip_v4": "10.0.0.203",
                "fixed_ip_v6": "",
                "ipv6_enable": false,
                "mac": "fa:16:3e:83:83:4e",
                "port": "1773e200-56f1-4e85-a246-e9fdda4c0cef",
                "source_dest_check": true,
                "uuid": "81c6318c-3a38-4a89-bb48-0a73be5e8182"
              }
            ],
            "period": null,
            "period_unit": null,
            "power_action": null,
            "private_key": null,
            "public_ip": null,
            "region": "ap-southeast-1",
            "scheduler_hints": [],
            "security_group_ids": [
              "47657e74-ec70-462b-acbb-0afd9a665727"
            ],
            "security_groups": [
              "default"
            ],
            "spot_duration": null,
            "spot_duration_count": null,
            "spot_maximum_price": null,
            "status": "ACTIVE",
            "stop_before_destroy": false,
            "system_disk_dss_pool_id": null,
            "system_disk_id": "82958366-7baa-42e5-9497-581d0ff574a9",
            "system_disk_iops": 0,
            "system_disk_kms_key_id": "",
            "system_disk_size": 40,
            "system_disk_throughput": 0,
            "system_disk_type": "GPSSD",
            "tags": null,
            "timeouts": null,
            "updated_at": "2024-11-19T11:23:45Z",
            "user_data": null,
            "user_id": null,
            "volume_attached": [
              {
                "boot_index": 0,
                "kms_key_id": "",
                "pci_address": "0000:02:01.0",
                "size": 40,
                "type": "GPSSD",
                "volume_id": "82958366-7baa-42e5-9497-581d0ff574a9"
              }
            ]
          },
          "sensitive_attributes": [
            [
              {
                "type": "get_attr",
                "value": "admin_pass"
              }
            ],
            [
              {
                "type": "get_attr",
                "value": "private_key"
              }
            ]
          ],
          "private": "eyJlMmJmYjczMC1lY2FhLTExZTYtOGY4OC0zNDM2M2JjN2M0YzAiOnsiY3JlYXRlIjoxODAwMDAwMDAwMDAwLCJkZWxldGUiOjE4MDAwMDAwMDAwMDAsInVwZGF0ZSI6MTgwMDAwMDAwMDAwMH19",
          "dependencies": [
            "data.huaweicloud_availability_zones.myaz",
            "data.huaweicloud_compute_flavors.myflavor",
            "data.huaweicloud_images_image.myimage",
            "data.huaweicloud_networking_secgroup.mysecgroup",
            "huaweicloud_vpc.vpc_1",
            "huaweicloud_vpc_subnet.subnet1"
          ]
        },
        {
          "index_key": 1,
          "schema_version": 0,
          "attributes": {
            "access_ip_v4": "10.0.0.50",
            "access_ip_v6": "",
            "admin_pass": null,
            "agency_name": "",
            "agent_list": "",
            "auto_pay": null,
            "auto_renew": null,
            "auto_terminate_time": "",
            "availability_zone": "ap-southeast-1a",
            "bandwidth": [],
            "charging_mode": "postPaid",
            "created_at": "2024-11-19T11:23:32Z",
            "data_disks": [],
            "delete_disks_on_termination": null,
            "delete_eip_on_termination": true,
            "description": "",
            "eip_id": null,
            "eip_type": null,
            "enterprise_project_id": "0",
            "expired_time": null,
            "flavor_id": "s3.4xlarge.4",
            "flavor_name": "s3.4xlarge.4",
            "hostname": "mycompute-1",
            "id": "5c9b995c-8e06-44b7-bece-67c7bed4792c",
            "image_id": "cbe0df31-1150-488a-a9b2-612c745e1be0",
            "image_name": "Ubuntu 18.04 server 64bit",
            "key_pair": null,
            "metadata": null,
            "name": "mycompute_1",
            "network": [
              {
                "access_network": false,
                "fixed_ip_v4": "10.0.0.50",
                "fixed_ip_v6": "",
                "ipv6_enable": false,
                "mac": "fa:16:3e:83:83:b5",
                "port": "842f9e9b-375d-41c3-b491-7478684ef3d9",
                "source_dest_check": true,
                "uuid": "81c6318c-3a38-4a89-bb48-0a73be5e8182"
              }
            ],
            "period": null,
            "period_unit": null,
            "power_action": null,
            "private_key": null,
            "public_ip": null,
            "region": "ap-southeast-1",
            "scheduler_hints": [],
            "security_group_ids": [
              "47657e74-ec70-462b-acbb-0afd9a665727"
            ],
            "security_groups": [
              "default"
            ],
            "spot_duration": null,
            "spot_duration_count": null,
            "spot_maximum_price": null,
            "status": "ACTIVE",
            "stop_before_destroy": false,
            "system_disk_dss_pool_id": null,
            "system_disk_id": "91a467ab-508e-49cc-b162-0ce77d6669fc",
            "system_disk_iops": 0,
            "system_disk_kms_key_id": "",
            "system_disk_size": 40,
            "system_disk_throughput": 0,
            "system_disk_type": "GPSSD",
            "tags": null,
            "timeouts": null,
            "updated_at": "2024-11-19T11:23:48Z",
            "user_data": null,
            "user_id": null,
            "volume_attached": [
              {
                "boot_index": 0,
                "kms_key_id": "",
                "pci_address": "0000:02:01.0",
                "size": 40,
                "type": "GPSSD",
                "volume_id": "91a467ab-508e-49cc-b162-0ce77d6669fc"
              }
            ]
          },
          "sensitive_attributes": [
            [
              {
                "type": "get_attr",
                "value": "admin_pass"
              }
            ],
            [
              {
                "type": "get_attr",
                "value": "private_key"
              }
            ]
          ],
          "private": "eyJlMmJmYjczMC1lY2FhLTExZTYtOGY4OC0zNDM2M2JjN2M0YzAiOnsiY3JlYXRlIjoxODAwMDAwMDAwMDAwLCJkZWxldGUiOjE4MDAwMDAwMDAwMDAsInVwZGF0ZSI6MTgwMDAwMDAwMDAwMH19",
          "dependencies": [
            "data.huaweicloud_availability_zones.myaz",
            "data.huaweicloud_compute_flavors.myflavor",
            "data.huaweicloud_images_image.myimage",
            "data.huaweicloud_networking_secgroup.mysecgroup",
            "huaweicloud_vpc.vpc_1",
            "huaweicloud_vpc_subnet.subnet1"
          ]
        }
      ]
    },
    {
      "mode": "managed",
      "type": "huaweicloud_lb_listener",
      "name": "http_listener",
      "provider": "provider[\"registry.terraform.io/huaweicloud/huaweicloud\"]",
      "instances": [
        {
          "schema_version": 0,
          "attributes": {
            "admin_state_up": true,
            "connection_limit": -1,
            "default_pool_id": "",
            "default_tls_container_ref": "",
            "description": "",
            "http2_enable": false,
            "id": "c50d9f38-306f-46ce-b088-b67734d4e12f",
            "loadbalancer_id": "5c544aaa-eec8-4d01-89d4-7d61cc14480a",
            "name": "http-listener",
            "protocol": "HTTP",
            "protocol_port": 80,
            "region": "ap-southeast-1",
            "sni_container_refs": null,
            "tags": null,
            "tenant_id": "b7fbd36d4393488a8486a47444df1861",
            "timeouts": null
          },
          "sensitive_attributes": [],
          "private": "eyJlMmJmYjczMC1lY2FhLTExZTYtOGY4OC0zNDM2M2JjN2M0YzAiOnsiY3JlYXRlIjo2MDAwMDAwMDAwMDAsImRlbGV0ZSI6NjAwMDAwMDAwMDAwLCJ1cGRhdGUiOjYwMDAwMDAwMDAwMH19",
          "dependencies": [
            "huaweicloud_lb_loadbalancer.lb_1",
            "huaweicloud_vpc.vpc_1",
            "huaweicloud_vpc_subnet.subnet1"
          ]
        }
      ]
    },
    {
      "mode": "managed",
      "type": "huaweicloud_lb_loadbalancer",
      "name": "lb_1",
      "provider": "provider[\"registry.terraform.io/huaweicloud/huaweicloud\"]",
      "instances": [
        {
          "schema_version": 0,
          "attributes": {
            "admin_state_up": true,
            "auto_renew": null,
            "charge_mode": "flavor",
            "charging_mode": "postPaid",
            "created_at": "2024-11-19T11:23:29",
            "description": "",
            "enterprise_project_id": "0",
            "flavor": "",
            "frozen_scene": "",
            "id": "5c544aaa-eec8-4d01-89d4-7d61cc14480a",
            "loadbalancer_provider": "vlb",
            "name": "my-loadbalancer",
            "period": null,
            "period_unit": null,
            "protection_reason": "",
            "protection_status": "nonProtection",
            "public_ip": "",
            "region": "ap-southeast-1",
            "security_group_ids": [
              "47657e74-ec70-462b-acbb-0afd9a665727"
            ],
            "tags": {
              "key": "value"
            },
            "tenant_id": "b7fbd36d4393488a8486a47444df1861",
            "timeouts": null,
            "updated_at": "2024-11-19T11:23:30",
            "vip_address": "10.0.0.63",
            "vip_port_id": "1a2c9ead-19e7-4e7e-83c2-b4f31530aaeb",
            "vip_subnet_id": "a3f2e302-2abd-4395-8254-1a7fae446fe4"
          },
          "sensitive_attributes": [],
          "private": "eyJlMmJmYjczMC1lY2FhLTExZTYtOGY4OC0zNDM2M2JjN2M0YzAiOnsiY3JlYXRlIjo2MDAwMDAwMDAwMDAsImRlbGV0ZSI6MzAwMDAwMDAwMDAwLCJ1cGRhdGUiOjYwMDAwMDAwMDAwMH19",
          "dependencies": [
            "huaweicloud_vpc.vpc_1",
            "huaweicloud_vpc_subnet.subnet1"
          ]
        }
      ]
    },
    {
      "mode": "managed",
      "type": "huaweicloud_lb_member",
      "name": "backend_members",
      "provider": "provider[\"registry.terraform.io/huaweicloud/huaweicloud\"]",
      "instances": [
        {
          "index_key": 0,
          "schema_version": 0,
          "attributes": {
            "address": "10.0.0.203",
            "admin_state_up": true,
            "backend_server_status": true,
            "id": "7d3658cc-5483-4ef2-b460-ce32f39c5b64",
            "name": "",
            "operating_status": "NO_MONITOR",
            "pool_id": "3ec6577f-8cab-4150-9828-8c04c1a5b413",
            "protocol_port": 80,
            "region": "ap-southeast-1",
            "subnet_id": "a3f2e302-2abd-4395-8254-1a7fae446fe4",
            "tenant_id": "b7fbd36d4393488a8486a47444df1861",
            "timeouts": null,
            "weight": 1
          },
          "sensitive_attributes": [],
          "private": "eyJlMmJmYjczMC1lY2FhLTExZTYtOGY4OC0zNDM2M2JjN2M0YzAiOnsiY3JlYXRlIjo2MDAwMDAwMDAwMDAsImRlbGV0ZSI6NjAwMDAwMDAwMDAwLCJ1cGRhdGUiOjYwMDAwMDAwMDAwMH19",
          "dependencies": [
            "data.huaweicloud_availability_zones.myaz",
            "data.huaweicloud_compute_flavors.myflavor",
            "data.huaweicloud_images_image.myimage",
            "data.huaweicloud_networking_secgroup.mysecgroup",
            "huaweicloud_compute_instance.mycompute",
            "huaweicloud_lb_listener.http_listener",
            "huaweicloud_lb_loadbalancer.lb_1",
            "huaweicloud_lb_pool.backend_pool",
            "huaweicloud_vpc.vpc_1",
            "huaweicloud_vpc_subnet.subnet1"
          ]
        },
        {
          "index_key": 1,
          "schema_version": 0,
          "attributes": {
            "address": "10.0.0.50",
            "admin_state_up": true,
            "backend_server_status": true,
            "id": "f5eb7ea1-6a2f-4ada-ae4c-7bae5321d07a",
            "name": "",
            "operating_status": "NO_MONITOR",
            "pool_id": "3ec6577f-8cab-4150-9828-8c04c1a5b413",
            "protocol_port": 80,
            "region": "ap-southeast-1",
            "subnet_id": "a3f2e302-2abd-4395-8254-1a7fae446fe4",
            "tenant_id": "b7fbd36d4393488a8486a47444df1861",
            "timeouts": null,
            "weight": 1
          },
          "sensitive_attributes": [],
          "private": "eyJlMmJmYjczMC1lY2FhLTExZTYtOGY4OC0zNDM2M2JjN2M0YzAiOnsiY3JlYXRlIjo2MDAwMDAwMDAwMDAsImRlbGV0ZSI6NjAwMDAwMDAwMDAwLCJ1cGRhdGUiOjYwMDAwMDAwMDAwMH19",
          "dependencies": [
            "data.huaweicloud_availability_zones.myaz",
            "data.huaweicloud_compute_flavors.myflavor",
            "data.huaweicloud_images_image.myimage",
            "data.huaweicloud_networking_secgroup.mysecgroup",
            "huaweicloud_compute_instance.mycompute",
            "huaweicloud_lb_listener.http_listener",
            "huaweicloud_lb_loadbalancer.lb_1",
            "huaweicloud_lb_pool.backend_pool",
            "huaweicloud_vpc.vpc_1",
            "huaweicloud_vpc_subnet.subnet1"
          ]
        }
      ]
    },
    {
      "mode": "managed",
      "type": "huaweicloud_lb_pool",
      "name": "backend_pool",
      "provider": "provider[\"registry.terraform.io/huaweicloud/huaweicloud\"]",
      "instances": [
        {
          "schema_version": 0,
          "attributes": {
            "admin_state_up": true,
            "description": "",
            "id": "3ec6577f-8cab-4150-9828-8c04c1a5b413",
            "lb_method": "ROUND_ROBIN",
            "listener_id": "c50d9f38-306f-46ce-b088-b67734d4e12f",
            "loadbalancer_id": "5c544aaa-eec8-4d01-89d4-7d61cc14480a",
            "monitor_id": "",
            "name": "backend-pool",
            "persistence": [],
            "protection_reason": "",
            "protection_status": "nonProtection",
            "protocol": "HTTP",
            "region": "ap-southeast-1",
            "tenant_id": "b7fbd36d4393488a8486a47444df1861",
            "timeouts": null
          },
          "sensitive_attributes": [],
          "private": "eyJlMmJmYjczMC1lY2FhLTExZTYtOGY4OC0zNDM2M2JjN2M0YzAiOnsiY3JlYXRlIjo2MDAwMDAwMDAwMDAsImRlbGV0ZSI6NjAwMDAwMDAwMDAwLCJ1cGRhdGUiOjYwMDAwMDAwMDAwMH19",
          "dependencies": [
            "huaweicloud_lb_listener.http_listener",
            "huaweicloud_lb_loadbalancer.lb_1",
            "huaweicloud_vpc.vpc_1",
            "huaweicloud_vpc_subnet.subnet1"
          ]
        }
      ]
    },
    {
      "mode": "managed",
      "type": "huaweicloud_nat_gateway",
      "name": "nat_gateway",
      "provider": "provider[\"registry.terraform.io/huaweicloud/huaweicloud\"]",
      "instances": [
        {
          "schema_version": 0,
          "attributes": {
            "auto_renew": null,
            "charging_mode": null,
            "description": "",
            "enterprise_project_id": "0",
            "id": "3b45e51b-ee7a-4e2b-b788-13b0b1db9c7e",
            "name": "default-nat-gateway",
            "ngport_ip_address": "10.0.0.70",
            "period": null,
            "period_unit": null,
            "region": "ap-southeast-1",
            "spec": "3",
            "status": "ACTIVE",
            "subnet_id": "81c6318c-3a38-4a89-bb48-0a73be5e8182",
            "tags": null,
            "timeouts": null,
            "vpc_id": "d541ad09-ca39-4c2d-9495-f4418c318983"
          },
          "sensitive_attributes": [],
          "private": "eyJlMmJmYjczMC1lY2FhLTExZTYtOGY4OC0zNDM2M2JjN2M0YzAiOnsiY3JlYXRlIjozMDAwMDAwMDAwMDAsImRlbGV0ZSI6MzAwMDAwMDAwMDAwLCJ1cGRhdGUiOjMwMDAwMDAwMDAwMH19",
          "dependencies": [
            "huaweicloud_vpc.vpc_1",
            "huaweicloud_vpc_subnet.subnet1"
          ]
        }
      ]
    },
    {
      "mode": "managed",
      "type": "huaweicloud_networking_secgroup",
      "name": "web_sg",
      "provider": "provider[\"registry.terraform.io/huaweicloud/huaweicloud\"]",
      "instances": [
        {
          "schema_version": 0,
          "attributes": {
            "created_at": "2024-11-19T11:23:12Z",
            "delete_default_rules": null,
            "description": "",
            "enterprise_project_id": "0",
            "id": "14265739-68a2-46ea-8e3b-51fb6d7996c1",
            "name": "web-sg",
            "region": "ap-southeast-1",
            "rules": [
              {
                "action": "allow",
                "description": "",
                "direction": "ingress",
                "ethertype": "IPv4",
                "id": "00bbd01a-a34d-44eb-bfcf-393375f0a49d",
                "port_range_max": 0,
                "port_range_min": 0,
                "ports": "",
                "priority": 100,
                "protocol": "",
                "remote_address_group_id": "",
                "remote_group_id": "14265739-68a2-46ea-8e3b-51fb6d7996c1",
                "remote_ip_prefix": ""
              },
              {
                "action": "allow",
                "description": "",
                "direction": "egress",
                "ethertype": "IPv6",
                "id": "0f0f19d5-955c-4c44-a624-d831d3b9fcc6",
                "port_range_max": 0,
                "port_range_min": 0,
                "ports": "",
                "priority": 100,
                "protocol": "",
                "remote_address_group_id": "",
                "remote_group_id": "",
                "remote_ip_prefix": ""
              },
              {
                "action": "allow",
                "description": "",
                "direction": "ingress",
                "ethertype": "IPv6",
                "id": "5a3975bb-3798-4573-926f-cf0617668428",
                "port_range_max": 0,
                "port_range_min": 0,
                "ports": "",
                "priority": 100,
                "protocol": "",
                "remote_address_group_id": "",
                "remote_group_id": "14265739-68a2-46ea-8e3b-51fb6d7996c1",
                "remote_ip_prefix": ""
              },
              {
                "action": "allow",
                "description": "",
                "direction": "egress",
                "ethertype": "IPv4",
                "id": "8ae18e77-6056-4b58-bbad-94263461a80b",
                "port_range_max": 0,
                "port_range_min": 0,
                "ports": "",
                "priority": 100,
                "protocol": "",
                "remote_address_group_id": "",
                "remote_group_id": "",
                "remote_ip_prefix": ""
              }
            ],
            "tags": null,
            "timeouts": null,
            "updated_at": "2024-11-19T11:23:12Z"
          },
          "sensitive_attributes": [],
          "private": "eyJlMmJmYjczMC1lY2FhLTExZTYtOGY4OC0zNDM2M2JjN2M0YzAiOnsiZGVsZXRlIjo2MDAwMDAwMDAwMDB9fQ=="
        }
      ]
    },
    {
      "mode": "managed",
      "type": "huaweicloud_networking_secgroup_rule",
      "name": "allow_http",
      "provider": "provider[\"registry.terraform.io/huaweicloud/huaweicloud\"]",
      "instances": [
        {
          "schema_version": 0,
          "attributes": {
            "action": "allow",
            "description": "",
            "direction": "ingress",
            "ethertype": "IPv4",
            "id": "136d2ef2-16ef-4bab-be5c-993697000fbb",
            "port_range_max": 80,
            "port_range_min": 80,
            "ports": "80",
            "priority": 1,
            "protocol": "tcp",
            "region": "ap-southeast-1",
            "remote_address_group_id": "",
            "remote_group_id": "",
            "remote_ip_prefix": "0.0.0.0/0",
            "security_group_id": "14265739-68a2-46ea-8e3b-51fb6d7996c1",
            "timeouts": null
          },
          "sensitive_attributes": [],
          "private": "eyJlMmJmYjczMC1lY2FhLTExZTYtOGY4OC0zNDM2M2JjN2M0YzAiOnsiZGVsZXRlIjo2MDAwMDAwMDAwMDB9fQ==",
          "dependencies": [
            "huaweicloud_networking_secgroup.web_sg"
          ]
        }
      ]
    },
    {
      "mode": "managed",
      "type": "huaweicloud_vpc",
      "name": "vpc_1",
      "provider": "provider[\"registry.terraform.io/huaweicloud/huaweicloud\"]",
      "instances": [
        {
          "schema_version": 0,
          "attributes": {
            "cidr": "10.0.0.0/16",
            "description": "",
            "enterprise_project_id": "0",
            "id": "d541ad09-ca39-4c2d-9495-f4418c318983",
            "name": "elif_vpc",
            "region": "ap-southeast-1",
            "routes": [],
            "secondary_cidr": null,
            "secondary_cidrs": [],
            "status": "OK",
            "tags": null,
            "timeouts": null
          },
          "sensitive_attributes": [],
          "private": "eyJlMmJmYjczMC1lY2FhLTExZTYtOGY4OC0zNDM2M2JjN2M0YzAiOnsiY3JlYXRlIjo2MDAwMDAwMDAwMDAsImRlbGV0ZSI6MTgwMDAwMDAwMDAwfX0="
        }
      ]
    },
    {
      "mode": "managed",
      "type": "huaweicloud_vpc_subnet",
      "name": "subnet1",
      "provider": "provider[\"registry.terraform.io/huaweicloud/huaweicloud\"]",
      "instances": [
        {
          "schema_version": 0,
          "attributes": {
            "availability_zone": "",
            "cidr": "10.0.0.0/24",
            "description": "",
            "dhcp_enable": true,
            "dhcp_lease_time": "87600h",
            "dns_list": [
              "100.125.1.250",
              "100.125.3.250"
            ],
            "gateway_ip": "10.0.0.1",
            "id": "81c6318c-3a38-4a89-bb48-0a73be5e8182",
            "ipv4_subnet_id": "a3f2e302-2abd-4395-8254-1a7fae446fe4",
            "ipv6_cidr": "",
            "ipv6_enable": false,
            "ipv6_gateway": "",
            "ipv6_subnet_id": "",
            "name": "subnet-web",
            "ntp_server_address": null,
            "primary_dns": "100.125.1.250",
            "region": "ap-southeast-1",
            "secondary_dns": "100.125.3.250",
            "subnet_id": "a3f2e302-2abd-4395-8254-1a7fae446fe4",
            "tags": null,
            "timeouts": null,
            "vpc_id": "d541ad09-ca39-4c2d-9495-f4418c318983"
          },
          "sensitive_attributes": [],
          "private": "eyJlMmJmYjczMC1lY2FhLTExZTYtOGY4OC0zNDM2M2JjN2M0YzAiOnsiY3JlYXRlIjozMDAwMDAwMDAwMDAsImRlbGV0ZSI6NjAwMDAwMDAwMDAwfX0=",
          "dependencies": [
            "huaweicloud_vpc.vpc_1"
          ]
        }
      ]
    }
  ],
  "check_results": null
}
