{
  "version": 4,
  "terraform_version": "1.9.8",
  "serial": 8,
  "lineage": "fbca549b-cf53-b093-8c35-ad1af09f769a",
  "outputs": {},
  "resources": [
    {
      "mode": "data",
      "type": "huaweicloud_availability_zones",
      "name": "myaz",
      "provider": "provider[\"registry.terraform.io/huaweicloud/huaweicloud\"]",
      "instances": [
        {
          "schema_version": 0,
          "attributes": {
            "id": "221423761",
            "names": [
              "ap-southeast-3a",
              "ap-southeast-3b",
              "ap-southeast-3c",
              "ap-southeast-3e"
            ],
            "region": "ap-southeast-3",
            "state": "available"
          },
          "sensitive_attributes": []
        }
      ]
    },
    {
      "mode": "data",
      "type": "huaweicloud_compute_flavors",
      "name": "myflavor",
      "provider": "provider[\"registry.terraform.io/huaweicloud/huaweicloud\"]",
      "instances": [
        {
          "schema_version": 0,
          "attributes": {
            "availability_zone": "ap-southeast-3a",
            "cpu_core_count": 2,
            "flavors": [
              {
                "cpu_core_count": 2,
                "generation": "s3",
                "id": "s3.large.2",
                "memory_size": 4,
                "performance_type": "normal",
                "storage_type": ""
              },
              {
                "cpu_core_count": 2,
                "generation": "s6",
                "id": "s6.large.2",
                "memory_size": 4,
                "performance_type": "normal",
                "storage_type": ""
              }
            ],
            "generation": null,
            "id": "2797063393",
            "ids": [
              "s3.large.2",
              "s6.large.2"
            ],
            "memory_size": 4,
            "performance_type": "normal",
            "region": "ap-southeast-3",
            "storage_type": null
          },
          "sensitive_attributes": []
        }
      ]
    },
    {
      "mode": "data",
      "type": "huaweicloud_images_image",
      "name": "myimage",
      "provider": "provider[\"registry.terraform.io/huaweicloud/huaweicloud\"]",
      "instances": [
        {
          "schema_version": 0,
          "attributes": {
            "active_at": "",
            "architecture": "x86",
            "backup_id": "",
            "checksum": null,
            "container_format": "bare",
            "created_at": "2019-01-27T07:37:26Z",
            "data_origin": "",
            "description": "",
            "disk_format": "zvhd2",
            "enterprise_project_id": "",
            "file": "/v2/images/b0c2b3e0-6a1f-499b-9df0-4d1b2e374a54/file",
            "flavor_id": null,
            "id": "b0c2b3e0-6a1f-499b-9df0-4d1b2e374a54",
            "image_id": "b0c2b3e0-6a1f-499b-9df0-4d1b2e374a54",
            "image_type": "FusionCompute",
            "is_whole_image": null,
            "max_ram_mb": 4194304,
            "metadata": null,
            "min_disk_gb": 40,
            "min_ram_mb": 1024,
            "most_recent": true,
            "name": "Ubuntu 18.04 server 64bit",
            "name_regex": null,
            "os": "Ubuntu",
            "os_version": "Ubuntu 18.04 server 64bit",
            "owner": "c9fd059ecac04ceb89e708a2d61fd966",
            "protected": true,
            "region": "ap-southeast-3",
            "schema": "/v2/schemas/image",
            "size_bytes": 2365378560,
            "size_max": null,
            "size_min": null,
            "sort_direction": "asc",
            "sort_key": "name",
            "status": "active",
            "tag": null,
            "updated_at": "2024-03-18T08:12:25Z",
            "visibility": "public"
          },
          "sensitive_attributes": []
        }
      ]
    },
    {
      "mode": "data",
      "type": "huaweicloud_networking_secgroup",
      "name": "secgroup_1",
      "provider": "provider[\"registry.terraform.io/huaweicloud/huaweicloud\"]",
      "instances": [
        {
          "schema_version": 0,
          "attributes": {
            "created_at": "2023-03-23T12:26:46Z",
            "description": "Default security group",
            "enterprise_project_id": null,
            "id": "230a1d26-47a6-4b0b-9c70-9b04d4e5b132",
            "name": "default",
            "region": "ap-southeast-3",
            "rules": [
              {
                "action": "allow",
                "description": "",
                "direction": "ingress",
                "ethertype": "IPv4",
                "id": "3a3c18a4-50d1-4c42-af57-69846f11f3ad",
                "port_range_max": 0,
                "port_range_min": 0,
                "ports": "",
                "priority": 1,
                "protocol": "",
                "remote_address_group_id": "",
                "remote_group_id": "",
                "remote_ip_prefix": "172.16.0.0/12"
              },
              {
                "action": "allow",
                "description": "",
                "direction": "ingress",
                "ethertype": "IPv4",
                "id": "505807b8-cec1-4802-83c2-1c595f7e97fc",
                "port_range_max": 5432,
                "port_range_min": 5432,
                "ports": "5432",
                "priority": 1,
                "protocol": "tcp",
                "remote_address_group_id": "",
                "remote_group_id": "",
                "remote_ip_prefix": "192.168.10.0/24"
              },
              {
                "action": "allow",
                "description": "",
                "direction": "ingress",
                "ethertype": "IPv4",
                "id": "509e7323-36de-41e8-b1cd-0d19b94aa4c5",
                "port_range_max": 0,
                "port_range_min": 0,
                "ports": "",
                "priority": 1,
                "protocol": "",
                "remote_address_group_id": "",
                "remote_group_id": "",
                "remote_ip_prefix": "172.17.0.0/24"
              },
              {
                "action": "allow",
                "description": "",
                "direction": "ingress",
                "ethertype": "IPv4",
                "id": "56063075-f9f8-45c2-808f-c72b2165e30e",
                "port_range_max": 80,
                "port_range_min": 80,
                "ports": "80",
                "priority": 1,
                "protocol": "tcp",
                "remote_address_group_id": "",
                "remote_group_id": "",
                "remote_ip_prefix": "0.0.0.0/0"
              },
              {
                "action": "allow",
                "description": "Permit default Linux SSH port.",
                "direction": "ingress",
                "ethertype": "IPv4",
                "id": "5b32e8f4-873d-41e7-917e-22d25d6c37e4",
                "port_range_max": 22,
                "port_range_min": 22,
                "ports": "22",
                "priority": 1,
                "protocol": "tcp",
                "remote_address_group_id": "",
                "remote_group_id": "",
                "remote_ip_prefix": "0.0.0.0/0"
              },
              {
                "action": "allow",
                "description": "",
                "direction": "ingress",
                "ethertype": "IPv4",
                "id": "6b3b5735-fa29-420f-8a4e-3827891bb3ba",
                "port_range_max": 0,
                "port_range_min": 0,
                "ports": "",
                "priority": 1,
                "protocol": "",
                "remote_address_group_id": "",
                "remote_group_id": "",
                "remote_ip_prefix": "192.168.0.0/16"
              },
              {
                "action": "allow",
                "description": "",
                "direction": "ingress",
                "ethertype": "IPv4",
                "id": "82a1f010-d398-451f-8c5e-5f9befbfd1da",
                "port_range_max": 0,
                "port_range_min": 0,
                "ports": "",
                "priority": 1,
                "protocol": "",
                "remote_address_group_id": "",
                "remote_group_id": "",
                "remote_ip_prefix": "0.0.0.0/0"
              },
              {
                "action": "allow",
                "description": "",
                "direction": "ingress",
                "ethertype": "IPv4",
                "id": "b1716558-3044-43da-9dd8-8c549eecdcf8",
                "port_range_max": 8080,
                "port_range_min": 8080,
                "ports": "8080",
                "priority": 1,
                "protocol": "tcp",
                "remote_address_group_id": "",
                "remote_group_id": "",
                "remote_ip_prefix": "0.0.0.0/0"
              },
              {
                "action": "allow",
                "description": "gecici",
                "direction": "ingress",
                "ethertype": "IPv4",
                "id": "b1e9f08f-5c85-4c06-9e9e-2909c2cb0cd5",
                "port_range_max": 5000,
                "port_range_min": 5000,
                "ports": "5000",
                "priority": 1,
                "protocol": "tcp",
                "remote_address_group_id": "",
                "remote_group_id": "",
                "remote_ip_prefix": "0.0.0.0/0"
              },
              {
                "action": "allow",
                "description": "",
                "direction": "egress",
                "ethertype": "IPv6",
                "id": "bedfd0c2-61b1-4e88-baf8-b73b7ee062d7",
                "port_range_max": 0,
                "port_range_min": 0,
                "ports": "",
                "priority": 100,
                "protocol": "",
                "remote_address_group_id": "",
                "remote_group_id": "",
                "remote_ip_prefix": ""
              },
              {
                "action": "allow",
                "description": "",
                "direction": "ingress",
                "ethertype": "IPv4",
                "id": "c33d8e9b-7b4b-439a-9c03-a103255aa563",
                "port_range_max": 3306,
                "port_range_min": 3306,
                "ports": "3306",
                "priority": 1,
                "protocol": "tcp",
                "remote_address_group_id": "",
                "remote_group_id": "",
                "remote_ip_prefix": "0.0.0.0/0"
              },
              {
                "action": "allow",
                "description": "gecici",
                "direction": "ingress",
                "ethertype": "IPv4",
                "id": "cd2e347b-5882-4f72-b672-b88b66f1ccae",
                "port_range_max": 5001,
                "port_range_min": 5001,
                "ports": "5001",
                "priority": 1,
                "protocol": "tcp",
                "remote_address_group_id": "",
                "remote_group_id": "",
                "remote_ip_prefix": "0.0.0.0/0"
              },
              {
                "action": "allow",
                "description": "",
                "direction": "ingress",
                "ethertype": "IPv4",
                "id": "d3d13031-b42c-493b-b096-5390aba39d6b",
                "port_range_max": 0,
                "port_range_min": 0,
                "ports": "",
                "priority": 1,
                "protocol": "tcp",
                "remote_address_group_id": "",
                "remote_group_id": "230a1d26-47a6-4b0b-9c70-9b04d4e5b132",
                "remote_ip_prefix": ""
              },
              {
                "action": "allow",
                "description": "",
                "direction": "ingress",
                "ethertype": "IPv6",
                "id": "e1bb0470-cea9-49f6-92fd-3319b03dbabc",
                "port_range_max": 0,
                "port_range_min": 0,
                "ports": "",
                "priority": 100,
                "protocol": "",
                "remote_address_group_id": "",
                "remote_group_id": "230a1d26-47a6-4b0b-9c70-9b04d4e5b132",
                "remote_ip_prefix": ""
              },
              {
                "action": "allow",
                "description": "",
                "direction": "ingress",
                "ethertype": "IPv4",
                "id": "e5dbeca6-e10a-4bd5-9f20-49cc0b9fd2b2",
                "port_range_max": 8080,
                "port_range_min": 8080,
                "ports": "8080",
                "priority": 1,
                "protocol": "tcp",
                "remote_address_group_id": "",
                "remote_group_id": "230a1d26-47a6-4b0b-9c70-9b04d4e5b132",
                "remote_ip_prefix": ""
              },
              {
                "action": "allow",
                "description": "Permit default Windows remote desktop port.",
                "direction": "ingress",
                "ethertype": "IPv4",
                "id": "e99dc27c-94da-40b0-bfc5-2fb79482ba01",
                "port_range_max": 3389,
                "port_range_min": 3389,
                "ports": "3389",
                "priority": 1,
                "protocol": "tcp",
                "remote_address_group_id": "",
                "remote_group_id": "",
                "remote_ip_prefix": "0.0.0.0/0"
              },
              {
                "action": "allow",
                "description": "",
                "direction": "egress",
                "ethertype": "IPv4",
                "id": "f97e5cd6-ca81-44c2-92f6-aec0d6557a8b",
                "port_range_max": 0,
                "port_range_min": 0,
                "ports": "",
                "priority": 100,
                "protocol": "",
                "remote_address_group_id": "",
                "remote_group_id": "",
                "remote_ip_prefix": ""
              }
            ],
            "secgroup_id": null,
            "updated_at": "2023-03-23T12:26:46Z"
          },
          "sensitive_attributes": []
        }
      ]
    },
    {
      "mode": "data",
      "type": "huaweicloud_vpc",
      "name": "vpc_1",
      "provider": "provider[\"registry.terraform.io/huaweicloud/huaweicloud\"]",
      "instances": [
        {
          "schema_version": 0,
          "attributes": {
            "cidr": "192.168.0.0/16",
            "description": "",
            "enterprise_project_id": "09639c72-bc90-4609-a4d8-02879796b152",
            "id": "7e71313d-c161-496f-8b59-cd21c382e54e",
            "name": "vpc-default",
            "region": "ap-southeast-3",
            "routes": [],
            "secondary_cidrs": [],
            "status": "OK",
            "tags": {}
          },
          "sensitive_attributes": []
        }
      ]
    },
    {
      "mode": "data",
      "type": "huaweicloud_vpc_subnet",
      "name": "subnet_1",
      "provider": "provider[\"registry.terraform.io/huaweicloud/huaweicloud\"]",
      "instances": [
        {
          "schema_version": 0,
          "attributes": {
            "availability_zone": "ap-southeast-3a",
            "cidr": "192.168.0.0/24",
            "description": "",
            "dhcp_enable": true,
            "dns_list": [
              "100.125.1.250",
              "100.125.128.250"
            ],
            "gateway_ip": "192.168.0.1",
            "id": "ea9cc23e-4b26-4fd9-b1ad-40bd80f199c0",
            "ipv4_subnet_id": "3bd5cc3e-c645-4b09-bf49-85343270fa8a",
            "ipv6_cidr": "",
            "ipv6_enable": false,
            "ipv6_gateway": "",
            "ipv6_subnet_id": "",
            "name": "subnet-default",
            "primary_dns": "100.125.1.250",
            "region": "ap-southeast-3",
            "secondary_dns": "100.125.128.250",
            "status": "ACTIVE",
            "subnet_id": "3bd5cc3e-c645-4b09-bf49-85343270fa8a",
            "vpc_id": "7e71313d-c161-496f-8b59-cd21c382e54e"
          },
          "sensitive_attributes": []
        }
      ]
    },
    {
      "mode": "managed",
      "type": "huaweicloud_as_configuration",
      "name": "my_as_config",
      "provider": "provider[\"registry.terraform.io/huaweicloud/huaweicloud\"]",
      "instances": [
        {
          "schema_version": 0,
          "attributes": {
            "id": "99920f09-cec1-4036-9e22-20c61b8627f2",
            "instance_config": [
              {
                "admin_pass": "",
                "charging_mode": "postPaid",
                "dedicated_host_id": "",
                "disk": [
                  {
                    "data_disk_image_id": "",
                    "dedicated_storage_id": "",
                    "disk_type": "SYS",
                    "iops": 0,
                    "kms_id": "",
                    "size": 40,
                    "snapshot_id": "",
                    "throughput": 0,
                    "volume_type": "SSD"
                  }
                ],
                "ecs_group_id": "",
                "flavor": "s3.large.2",
                "flavor_priority_policy": "PICK_FIRST",
                "image": "b0c2b3e0-6a1f-499b-9df0-4d1b2e374a54",
                "instance_id": "",
                "key_name": "my_keypair",
                "metadata": null,
                "personality": [],
                "public_ip": [],
                "security_group_ids": [],
                "tenancy": "",
                "user_data": ""
              }
            ],
            "region": "ap-southeast-3",
            "scaling_configuration_name": "my_as_config",
            "status": "Unbound"
          },
          "sensitive_attributes": [
            [
              {
                "type": "get_attr",
                "value": "instance_config"
              },
              {
                "type": "index",
                "value": {
                  "value": 0,
                  "type": "number"
                }
              },
              {
                "type": "get_attr",
                "value": "admin_pass"
              }
            ]
          ],
          "private": "bnVsbA==",
          "dependencies": [
            "data.huaweicloud_availability_zones.myaz",
            "data.huaweicloud_compute_flavors.myflavor",
            "data.huaweicloud_images_image.myimage",
            "huaweicloud_compute_keypair.my_keypair"
          ]
        }
      ]
    },
    {
      "mode": "managed",
      "type": "huaweicloud_as_group",
      "name": "my_as_group",
      "provider": "provider[\"registry.terraform.io/huaweicloud/huaweicloud\"]",
      "instances": [
        {
          "schema_version": 0,
          "attributes": {
            "agency_name": "",
            "availability_zones": [
              "ap-southeast-3e",
              "ap-southeast-3b",
              "ap-southeast-3a",
              "ap-southeast-3c"
            ],
            "available_zones": null,
            "cool_down_time": 300,
            "current_instance_number": 2,
            "delete_instances": "yes",
            "delete_publicip": true,
            "delete_volume": true,
            "description": "",
            "desire_instance_number": 2,
            "enable": true,
            "enterprise_project_id": "0",
            "force_delete": null,
            "health_periodic_audit_grace_period": 600,
            "health_periodic_audit_method": "NOVA_AUDIT",
            "health_periodic_audit_time": 5,
            "id": "01c15bf9-9b42-451c-867c-692ed042bf1e",
            "instance_terminate_policy": "OLD_CONFIG_OLD_INSTANCE",
            "instances": [
              "23d66647-bb62-4d17-886f-05e1416630eb",
              "174d91cf-b9e1-4c9f-86a3-561cc6f48e0d"
            ],
            "lb_listener_id": "",
            "lbaas_listeners": [],
            "max_instance_number": 10,
            "min_instance_number": 0,
            "multi_az_scaling_policy": "EQUILIBRIUM_DISTRIBUTE",
            "networks": [
              {
                "id": "ea9cc23e-4b26-4fd9-b1ad-40bd80f199c0",
                "ipv6_bandwidth_id": "",
                "ipv6_enable": false,
                "source_dest_check": true
              }
            ],
            "notifications": null,
            "region": "ap-southeast-3",
            "scaling_configuration_id": "99920f09-cec1-4036-9e22-20c61b8627f2",
            "scaling_group_name": "my_as_group",
            "security_groups": [
              {
                "id": "230a1d26-47a6-4b0b-9c70-9b04d4e5b132"
              }
            ],
            "status": "INSERVICE",
            "tags": {
              "owner": "AutoScaling"
            },
            "timeouts": null,
            "vpc_id": "7e71313d-c161-496f-8b59-cd21c382e54e"
          },
          "sensitive_attributes": [],
          "private": "eyJlMmJmYjczMC1lY2FhLTExZTYtOGY4OC0zNDM2M2JjN2M0YzAiOnsiY3JlYXRlIjo2MDAwMDAwMDAwMDAsImRlbGV0ZSI6NjAwMDAwMDAwMDAwfX0=",
          "dependencies": [
            "data.huaweicloud_availability_zones.myaz",
            "data.huaweicloud_compute_flavors.myflavor",
            "data.huaweicloud_images_image.myimage",
            "data.huaweicloud_networking_secgroup.secgroup_1",
            "data.huaweicloud_vpc.vpc_1",
            "data.huaweicloud_vpc_subnet.subnet_1",
            "huaweicloud_as_configuration.my_as_config",
            "huaweicloud_compute_keypair.my_keypair"
          ]
        }
      ]
    },
    {
      "mode": "managed",
      "type": "huaweicloud_as_policy",
      "name": "scaling_down_policy",
      "provider": "provider[\"registry.terraform.io/huaweicloud/huaweicloud\"]",
      "instances": [
        {
          "schema_version": 0,
          "attributes": {
            "action": "resume",
            "alarm_id": "al1731915369651Q8my7LvLd",
            "cool_down_time": 300,
            "id": "a2948a96-a724-4058-a27c-d265c11c6d2a",
            "region": "ap-southeast-3",
            "scaling_group_id": "01c15bf9-9b42-451c-867c-692ed042bf1e",
            "scaling_policy_action": [
              {
                "instance_number": 1,
                "instance_percentage": 0,
                "operation": "REMOVE"
              }
            ],
            "scaling_policy_name": "scaling_down_policy",
            "scaling_policy_type": "ALARM",
            "scheduled_policy": [],
            "status": "INSERVICE"
          },
          "sensitive_attributes": [],
          "private": "bnVsbA==",
          "dependencies": [
            "data.huaweicloud_availability_zones.myaz",
            "data.huaweicloud_compute_flavors.myflavor",
            "data.huaweicloud_images_image.myimage",
            "data.huaweicloud_networking_secgroup.secgroup_1",
            "data.huaweicloud_vpc.vpc_1",
            "data.huaweicloud_vpc_subnet.subnet_1",
            "huaweicloud_as_configuration.my_as_config",
            "huaweicloud_as_group.my_as_group",
            "huaweicloud_ces_alarmrule.scaling_down_rule",
            "huaweicloud_compute_keypair.my_keypair"
          ]
        }
      ]
    },
    {
      "mode": "managed",
      "type": "huaweicloud_as_policy",
      "name": "scaling_up_policy",
      "provider": "provider[\"registry.terraform.io/huaweicloud/huaweicloud\"]",
      "instances": [
        {
          "schema_version": 0,
          "attributes": {
            "action": "resume",
            "alarm_id": "al1731915369675kMz92Aljx",
            "cool_down_time": 300,
            "id": "bce1bd39-c773-4316-b115-267fda886695",
            "region": "ap-southeast-3",
            "scaling_group_id": "01c15bf9-9b42-451c-867c-692ed042bf1e",
            "scaling_policy_action": [
              {
                "instance_number": 1,
                "instance_percentage": 0,
                "operation": "ADD"
              }
            ],
            "scaling_policy_name": "scaling_up_policy",
            "scaling_policy_type": "ALARM",
            "scheduled_policy": [],
            "status": "INSERVICE"
          },
          "sensitive_attributes": [],
          "private": "bnVsbA==",
          "dependencies": [
            "data.huaweicloud_availability_zones.myaz",
            "data.huaweicloud_compute_flavors.myflavor",
            "data.huaweicloud_images_image.myimage",
            "data.huaweicloud_networking_secgroup.secgroup_1",
            "data.huaweicloud_vpc.vpc_1",
            "data.huaweicloud_vpc_subnet.subnet_1",
            "huaweicloud_as_configuration.my_as_config",
            "huaweicloud_as_group.my_as_group",
            "huaweicloud_ces_alarmrule.scaling_up_rule",
            "huaweicloud_compute_keypair.my_keypair"
          ]
        }
      ]
    },
    {
      "mode": "managed",
      "type": "huaweicloud_ces_alarmrule",
      "name": "scaling_down_rule",
      "provider": "provider[\"registry.terraform.io/huaweicloud/huaweicloud\"]",
      "instances": [
        {
          "schema_version": 0,
          "attributes": {
            "alarm_action_enabled": true,
            "alarm_actions": [
              {
                "notification_list": [],
                "type": "autoscaling"
              }
            ],
            "alarm_description": "",
            "alarm_enabled": true,
            "alarm_level": 2,
            "alarm_name": "scaling_down_rule",
            "alarm_state": "ok",
            "alarm_type": "MULTI_INSTANCE",
            "condition": [
              {
                "alarm_level": 2,
                "comparison_operator": "\u003c=",
                "count": 1,
                "filter": "average",
                "metric_name": "cpu_util",
                "period": 300,
                "suppress_duration": 0,
                "unit": "%",
                "value": 20
              }
            ],
            "enterprise_project_id": "0",
            "id": "al1731915369651Q8my7LvLd",
            "insufficientdata_actions": [],
            "metric": [
              {
                "dimensions": [
                  {
                    "name": "AutoScalingGroup",
                    "value": "01c15bf9-9b42-451c-867c-692ed042bf1e"
                  }
                ],
                "metric_name": "cpu_util",
                "namespace": "SYS.AS"
              }
            ],
            "notification_begin_time": "",
            "notification_end_time": "",
            "ok_actions": [],
            "region": null,
            "resource_group_id": "",
            "resources": [
              {
                "dimensions": [
                  {
                    "name": "AutoScalingGroup",
                    "value": "01c15bf9-9b42-451c-867c-692ed042bf1e"
                  }
                ]
              }
            ],
            "timeouts": null,
            "update_time": 1731915369000
          },
          "sensitive_attributes": [],
          "private": "eyJlMmJmYjczMC1lY2FhLTExZTYtOGY4OC0zNDM2M2JjN2M0YzAiOnsiY3JlYXRlIjo2MDAwMDAwMDAwMDAsImRlbGV0ZSI6MzAwMDAwMDAwMDAwLCJ1cGRhdGUiOjYwMDAwMDAwMDAwMH19",
          "dependencies": [
            "data.huaweicloud_availability_zones.myaz",
            "data.huaweicloud_compute_flavors.myflavor",
            "data.huaweicloud_images_image.myimage",
            "data.huaweicloud_networking_secgroup.secgroup_1",
            "data.huaweicloud_vpc.vpc_1",
            "data.huaweicloud_vpc_subnet.subnet_1",
            "huaweicloud_as_configuration.my_as_config",
            "huaweicloud_as_group.my_as_group",
            "huaweicloud_compute_keypair.my_keypair"
          ]
        }
      ]
    },
    {
      "mode": "managed",
      "type": "huaweicloud_ces_alarmrule",
      "name": "scaling_up_rule",
      "provider": "provider[\"registry.terraform.io/huaweicloud/huaweicloud\"]",
      "instances": [
        {
          "schema_version": 0,
          "attributes": {
            "alarm_action_enabled": true,
            "alarm_actions": [
              {
                "notification_list": [],
                "type": "autoscaling"
              }
            ],
            "alarm_description": "",
            "alarm_enabled": true,
            "alarm_level": 2,
            "alarm_name": "scaling_up_rule",
            "alarm_state": "ok",
            "alarm_type": "MULTI_INSTANCE",
            "condition": [
              {
                "alarm_level": 2,
                "comparison_operator": "\u003e=",
                "count": 1,
                "filter": "average",
                "metric_name": "cpu_util",
                "period": 300,
                "suppress_duration": 0,
                "unit": "%",
                "value": 80
              }
            ],
            "enterprise_project_id": "0",
            "id": "al1731915369675kMz92Aljx",
            "insufficientdata_actions": [],
            "metric": [
              {
                "dimensions": [
                  {
                    "name": "AutoScalingGroup",
                    "value": "01c15bf9-9b42-451c-867c-692ed042bf1e"
                  }
                ],
                "metric_name": "cpu_util",
                "namespace": "SYS.AS"
              }
            ],
            "notification_begin_time": "",
            "notification_end_time": "",
            "ok_actions": [],
            "region": null,
            "resource_group_id": "",
            "resources": [
              {
                "dimensions": [
                  {
                    "name": "AutoScalingGroup",
                    "value": "01c15bf9-9b42-451c-867c-692ed042bf1e"
                  }
                ]
              }
            ],
            "timeouts": null,
            "update_time": 1731915369000
          },
          "sensitive_attributes": [],
          "private": "eyJlMmJmYjczMC1lY2FhLTExZTYtOGY4OC0zNDM2M2JjN2M0YzAiOnsiY3JlYXRlIjo2MDAwMDAwMDAwMDAsImRlbGV0ZSI6MzAwMDAwMDAwMDAwLCJ1cGRhdGUiOjYwMDAwMDAwMDAwMH19",
          "dependencies": [
            "data.huaweicloud_availability_zones.myaz",
            "data.huaweicloud_compute_flavors.myflavor",
            "data.huaweicloud_images_image.myimage",
            "data.huaweicloud_networking_secgroup.secgroup_1",
            "data.huaweicloud_vpc.vpc_1",
            "data.huaweicloud_vpc_subnet.subnet_1",
            "huaweicloud_as_configuration.my_as_config",
            "huaweicloud_as_group.my_as_group",
            "huaweicloud_compute_keypair.my_keypair"
          ]
        }
      ]
    },
    {
      "mode": "managed",
      "type": "huaweicloud_compute_keypair",
      "name": "my_keypair",
      "provider": "provider[\"registry.terraform.io/huaweicloud/huaweicloud\"]",
      "instances": [
        {
          "schema_version": 0,
          "attributes": {
            "id": "my_keypair",
            "key_file": null,
            "name": "my_keypair",
            "public_key": "ssh-rsa AAAAB3NzaC1yc2EAAAADAQABAAABAQDAjpC1hwiOCCmKEWxJ4qzTTsJbKzndLo1BCz5PcwtUnflmU+gHJtWMZKpuEGVi29h0A/+ydKek1O18k10Ff+4tyFjiHDQAT9+OfgWf7+b1yK+qDip3X1C0UPMbwHlTfSGWLGZquwhvEFx9k3h/M+VtMvwR1lJ9LUyTAImnNjWG7TAIPmui30HvM2UiFEmqkr4ijq45MyX2+fLIePLRIFuu1p4whjHAQYufqyno3BS48icQb4p6iVEZPo4AE2o9oIyQvj2mx4dk5Y8CgSETOZTYDOR3rU2fZTRDRgPJDH9FWvQjF5tA0p3d9CoWWd2s6GKKbfoUIi8R/Db1BSPJwkqB",
            "region": "ap-southeast-3"
          },
          "sensitive_attributes": [],
          "private": "bnVsbA=="
        }
      ]
    }
  ],
  "check_results": null
}
